{
  "version": 4,
  "terraform_version": "1.5.6",
  "serial": 39,
  "lineage": "6ac248ce-9eb1-ee21-2072-f2621c236564",
  "outputs": {
    "database_nat_gateway_route_ids": {
      "value": [],
      "type": [
        "tuple",
        []
      ]
    },
    "database_route_table_association_ids": {
      "value": [
        "rtbassoc-002fa7017b14a3a86",
        "rtbassoc-011569dfd91ad4b4d",
        "rtbassoc-0503337477fbc17df"
      ],
      "type": [
        "tuple",
        [
          "string",
          "string",
          "string"
        ]
      ]
    },
    "database_route_table_ids": {
      "value": [
        "rtb-0aad155683c024b3a",
        "rtb-067f43980ba44e160",
        "rtb-0605536959a841ccc"
      ],
      "type": [
        "list",
        "string"
      ]
    },
    "database_subnet_arns": {
      "value": [
        "arn:aws:ec2:sa-east-1:035267315123:subnet/subnet-0490e2168ddbbd5b6",
        "arn:aws:ec2:sa-east-1:035267315123:subnet/subnet-0a4d6069aae06934b",
        "arn:aws:ec2:sa-east-1:035267315123:subnet/subnet-02add2c6754e48ac8"
      ],
      "type": [
        "tuple",
        [
          "string",
          "string",
          "string"
        ]
      ]
    },
    "database_subnet_group": {
      "value": "elven-vpc",
      "type": "string"
    },
    "database_subnet_group_name": {
      "value": "elven-vpc",
      "type": "string"
    },
    "database_subnets": {
      "value": [
        "subnet-0490e2168ddbbd5b6",
        "subnet-0a4d6069aae06934b",
        "subnet-02add2c6754e48ac8"
      ],
      "type": [
        "tuple",
        [
          "string",
          "string",
          "string"
        ]
      ]
    },
    "database_subnets_cidr_blocks": {
      "value": [
        "192.168.16.0/22",
        "192.168.20.0/22",
        "192.168.24.0/22"
      ],
      "type": [
        "list",
        "string"
      ]
    },
    "default_network_acl_id": {
      "value": "acl-0844bc63b724839a7",
      "type": "string"
    },
    "default_route_table_id": {
      "value": "rtb-0c6737f52e9469be3",
      "type": "string"
    },
    "default_security_group_id": {
      "value": "sg-073e8d2617f5e6961",
      "type": "string"
    },
    "igw_arn": {
      "value": "arn:aws:ec2:sa-east-1:035267315123:internet-gateway/igw-0ccaa5b4bfd8df69c",
      "type": "string"
    },
    "igw_id": {
      "value": "igw-0ccaa5b4bfd8df69c",
      "type": "string"
    },
    "intra_route_table_association_ids": {
      "value": [],
      "type": [
        "tuple",
        []
      ]
    },
    "intra_route_table_ids": {
      "value": [],
      "type": [
        "tuple",
        []
      ]
    },
    "intra_subnet_arns": {
      "value": [],
      "type": [
        "tuple",
        []
      ]
    },
    "intra_subnets": {
      "value": [],
      "type": [
        "tuple",
        []
      ]
    },
    "intra_subnets_cidr_blocks": {
      "value": [],
      "type": [
        "list",
        "string"
      ]
    },
    "intra_subnets_ipv6_cidr_blocks": {
      "value": [],
      "type": [
        "list",
        "string"
      ]
    },
    "nat_ids": {
      "value": [
        "eipalloc-0769b6f3b778cdd86",
        "eipalloc-06c01585a36acc858",
        "eipalloc-0298901794ee39e17"
      ],
      "type": [
        "tuple",
        [
          "string",
          "string",
          "string"
        ]
      ]
    },
    "nat_public_ips": {
      "value": [
        "54.232.67.164",
        "52.67.11.83",
        "54.233.85.69"
      ],
      "type": [
        "list",
        "string"
      ]
    },
    "natgw_ids": {
      "value": [
        "nat-0adbeae5f3de48dd7",
        "nat-0e05ae30d2e8eb3c9",
        "nat-0cdf4868a8bc32254"
      ],
      "type": [
        "tuple",
        [
          "string",
          "string",
          "string"
        ]
      ]
    },
    "private_ipv6_egress_route_ids": {
      "value": [],
      "type": [
        "tuple",
        []
      ]
    },
    "private_nat_gateway_route_ids": {
      "value": [
        "r-rtb-0aad155683c024b3a1080289494",
        "r-rtb-067f43980ba44e1601080289494",
        "r-rtb-0605536959a841ccc1080289494"
      ],
      "type": [
        "tuple",
        [
          "string",
          "string",
          "string"
        ]
      ]
    },
    "private_route_table_association_ids": {
      "value": [
        "rtbassoc-0c0f9e5ee70db4837",
        "rtbassoc-0b492e0bd99834460",
        "rtbassoc-0af453d88529425fd"
      ],
      "type": [
        "tuple",
        [
          "string",
          "string",
          "string"
        ]
      ]
    },
    "private_route_table_ids": {
      "value": [
        "rtb-0aad155683c024b3a",
        "rtb-067f43980ba44e160",
        "rtb-0605536959a841ccc"
      ],
      "type": [
        "tuple",
        [
          "string",
          "string",
          "string"
        ]
      ]
    },
    "private_subnet_arns": {
      "value": [
        "arn:aws:ec2:sa-east-1:035267315123:subnet/subnet-09615b01388609df5",
        "arn:aws:ec2:sa-east-1:035267315123:subnet/subnet-07cad8133995f8bbe",
        "arn:aws:ec2:sa-east-1:035267315123:subnet/subnet-07f9e510ee49dd667"
      ],
      "type": [
        "tuple",
        [
          "string",
          "string",
          "string"
        ]
      ]
    },
    "private_subnets": {
      "value": [
        "subnet-09615b01388609df5",
        "subnet-07cad8133995f8bbe",
        "subnet-07f9e510ee49dd667"
      ],
      "type": [
        "tuple",
        [
          "string",
          "string",
          "string"
        ]
      ]
    },
    "private_subnets_cidr_blocks": {
      "value": [
        "192.168.32.0/19",
        "192.168.64.0/19",
        "192.168.96.0/19"
      ],
      "type": [
        "list",
        "string"
      ]
    },
    "public_internet_gateway_route_id": {
      "value": "r-rtb-007e1c22af7c105641080289494",
      "type": "string"
    },
    "public_route_table_association_ids": {
      "value": [
        "rtbassoc-0af7e42791d936ddb",
        "rtbassoc-01155250487ba9237",
        "rtbassoc-0c712f461f3e26753"
      ],
      "type": [
        "tuple",
        [
          "string",
          "string",
          "string"
        ]
      ]
    },
    "public_route_table_ids": {
      "value": [
        "rtb-007e1c22af7c10564"
      ],
      "type": [
        "tuple",
        [
          "string"
        ]
      ]
    },
    "public_subnet_arns": {
      "value": [
        "arn:aws:ec2:sa-east-1:035267315123:subnet/subnet-0db2326b36e6434f0",
        "arn:aws:ec2:sa-east-1:035267315123:subnet/subnet-0c15bcd99a04c61e6",
        "arn:aws:ec2:sa-east-1:035267315123:subnet/subnet-03185316d204b35e0"
      ],
      "type": [
        "tuple",
        [
          "string",
          "string",
          "string"
        ]
      ]
    },
    "public_subnets": {
      "value": [
        "subnet-0db2326b36e6434f0",
        "subnet-0c15bcd99a04c61e6",
        "subnet-03185316d204b35e0"
      ],
      "type": [
        "tuple",
        [
          "string",
          "string",
          "string"
        ]
      ]
    },
    "public_subnets_cidr_blocks": {
      "value": [
        "192.168.0.0/22",
        "192.168.4.0/22",
        "192.168.8.0/22"
      ],
      "type": [
        "list",
        "string"
      ]
    },
    "this_customer_gateway": {
      "value": {},
      "type": [
        "object",
        {}
      ]
    },
    "vpc_arn": {
      "value": "arn:aws:ec2:sa-east-1:035267315123:vpc/vpc-0cc2b6cb1ade1d04c",
      "type": "string"
    },
    "vpc_cidr_block": {
      "value": "192.168.0.0/16",
      "type": "string"
    },
    "vpc_enable_dns_hostnames": {
      "value": true,
      "type": "bool"
    },
    "vpc_enable_dns_support": {
      "value": true,
      "type": "bool"
    },
    "vpc_id": {
      "value": "vpc-0cc2b6cb1ade1d04c",
      "type": "string"
    },
    "vpc_instance_tenancy": {
      "value": "default",
      "type": "string"
    },
    "vpc_main_route_table_id": {
      "value": "rtb-0c6737f52e9469be3",
      "type": "string"
    },
    "vpc_owner_id": {
      "value": "035267315123",
      "type": "string"
    }
  },
  "resources": [
    {
      "module": "module.tags",
      "mode": "data",
      "type": "aws_region",
      "name": "current",
      "provider": "provider[\"registry.terraform.io/hashicorp/aws\"]",
      "instances": [
        {
          "schema_version": 0,
          "attributes": {
            "description": "South America (Sao Paulo)",
            "endpoint": "ec2.sa-east-1.amazonaws.com",
            "id": "sa-east-1",
            "name": "sa-east-1"
          },
          "sensitive_attributes": []
        }
      ]
    },
    {
      "module": "module.vpc",
      "mode": "managed",
      "type": "aws_db_subnet_group",
      "name": "database",
      "provider": "provider[\"registry.terraform.io/hashicorp/aws\"]",
      "instances": [
        {
          "index_key": 0,
          "schema_version": 0,
          "attributes": {
            "arn": "arn:aws:rds:sa-east-1:035267315123:subgrp:elven-vpc",
            "description": "Database subnet group for elven-vpc",
            "id": "elven-vpc",
            "name": "elven-vpc",
            "name_prefix": "",
            "subnet_ids": [
              "subnet-02add2c6754e48ac8",
              "subnet-0490e2168ddbbd5b6",
              "subnet-0a4d6069aae06934b"
            ],
            "supported_network_types": [
              "IPV4"
            ],
            "tags": {
              "Example": "elven-vpc",
              "GithubOrg": "elvenproject-sre",
              "GithubRepo": "github.com/jpedrobf/elvenworks-project",
              "Name": "elven-vpc"
            },
            "tags_all": {
              "Example": "elven-vpc",
              "GithubOrg": "elvenproject-sre",
              "GithubRepo": "github.com/jpedrobf/elvenworks-project",
              "Name": "elven-vpc",
              "bu": "tech_cross",
              "project": "elvenworks-project",
              "squad": "sre",
              "terraform": "true"
            },
            "vpc_id": "vpc-0cc2b6cb1ade1d04c"
          },
          "sensitive_attributes": [],
          "private": "bnVsbA==",
          "dependencies": [
            "module.vpc.aws_subnet.database",
            "module.vpc.aws_vpc.this",
            "module.vpc.aws_vpc_ipv4_cidr_block_association.this"
          ]
        }
      ]
    },
    {
      "module": "module.vpc",
      "mode": "managed",
      "type": "aws_default_network_acl",
      "name": "this",
      "provider": "provider[\"registry.terraform.io/hashicorp/aws\"]",
      "instances": [
        {
          "index_key": 0,
          "schema_version": 0,
          "attributes": {
            "arn": "arn:aws:ec2:sa-east-1:035267315123:network-acl/acl-0844bc63b724839a7",
            "default_network_acl_id": "acl-0844bc63b724839a7",
            "egress": [
              {
                "action": "allow",
                "cidr_block": "",
                "from_port": 0,
                "icmp_code": null,
                "icmp_type": null,
                "ipv6_cidr_block": "::/0",
                "protocol": "-1",
                "rule_no": 101,
                "to_port": 0
              },
              {
                "action": "allow",
                "cidr_block": "0.0.0.0/0",
                "from_port": 0,
                "icmp_code": null,
                "icmp_type": null,
                "ipv6_cidr_block": "",
                "protocol": "-1",
                "rule_no": 100,
                "to_port": 0
              }
            ],
            "id": "acl-0844bc63b724839a7",
            "ingress": [
              {
                "action": "allow",
                "cidr_block": "",
                "from_port": 0,
                "icmp_code": null,
                "icmp_type": null,
                "ipv6_cidr_block": "::/0",
                "protocol": "-1",
                "rule_no": 101,
                "to_port": 0
              },
              {
                "action": "allow",
                "cidr_block": "0.0.0.0/0",
                "from_port": 0,
                "icmp_code": null,
                "icmp_type": null,
                "ipv6_cidr_block": "",
                "protocol": "-1",
                "rule_no": 100,
                "to_port": 0
              }
            ],
            "owner_id": "035267315123",
            "subnet_ids": [
              "subnet-03185316d204b35e0",
              "subnet-0490e2168ddbbd5b6",
              "subnet-07cad8133995f8bbe",
              "subnet-07f9e510ee49dd667",
              "subnet-09615b01388609df5",
              "subnet-0a4d6069aae06934b",
              "subnet-0c15bcd99a04c61e6",
              "subnet-0db2326b36e6434f0"
            ],
            "tags": {
              "Example": "elven-vpc",
              "GithubOrg": "elvenproject-sre",
              "GithubRepo": "github.com/jpedrobf/elvenworks-project",
              "Name": "elven-vpc-default"
            },
            "tags_all": {
              "Example": "elven-vpc",
              "GithubOrg": "elvenproject-sre",
              "GithubRepo": "github.com/jpedrobf/elvenworks-project",
              "Name": "elven-vpc-default",
              "bu": "tech_cross",
              "project": "elvenworks-project",
              "squad": "sre",
              "terraform": "true"
            },
            "vpc_id": "vpc-0cc2b6cb1ade1d04c"
          },
          "sensitive_attributes": [],
          "private": "bnVsbA==",
          "dependencies": [
            "module.vpc.aws_vpc.this"
          ]
        }
      ]
    },
    {
      "module": "module.vpc",
      "mode": "managed",
      "type": "aws_default_route_table",
      "name": "default",
      "provider": "provider[\"registry.terraform.io/hashicorp/aws\"]",
      "instances": [
        {
          "index_key": 0,
          "schema_version": 0,
          "attributes": {
            "arn": "arn:aws:ec2:sa-east-1:035267315123:route-table/rtb-0c6737f52e9469be3",
            "default_route_table_id": "rtb-0c6737f52e9469be3",
            "id": "rtb-0c6737f52e9469be3",
            "owner_id": "035267315123",
            "propagating_vgws": null,
            "route": [],
            "tags": {
              "Example": "elven-vpc",
              "GithubOrg": "elvenproject-sre",
              "GithubRepo": "github.com/jpedrobf/elvenworks-project",
              "Name": "elven-vpc-default"
            },
            "tags_all": {
              "Example": "elven-vpc",
              "GithubOrg": "elvenproject-sre",
              "GithubRepo": "github.com/jpedrobf/elvenworks-project",
              "Name": "elven-vpc-default",
              "bu": "tech_cross",
              "project": "elvenworks-project",
              "squad": "sre",
              "terraform": "true"
            },
            "timeouts": {
              "create": "5m",
              "update": "5m"
            },
            "vpc_id": "vpc-0cc2b6cb1ade1d04c"
          },
          "sensitive_attributes": [],
          "private": "eyJlMmJmYjczMC1lY2FhLTExZTYtOGY4OC0zNDM2M2JjN2M0YzAiOnsiY3JlYXRlIjozMDAwMDAwMDAwMDAsInVwZGF0ZSI6MzAwMDAwMDAwMDAwfX0=",
          "dependencies": [
            "module.vpc.aws_vpc.this"
          ]
        }
      ]
    },
    {
      "module": "module.vpc",
      "mode": "managed",
      "type": "aws_default_security_group",
      "name": "this",
      "provider": "provider[\"registry.terraform.io/hashicorp/aws\"]",
      "instances": [
        {
          "index_key": 0,
          "schema_version": 1,
          "attributes": {
            "arn": "arn:aws:ec2:sa-east-1:035267315123:security-group/sg-073e8d2617f5e6961",
            "description": "default VPC security group",
            "egress": [],
            "id": "sg-073e8d2617f5e6961",
            "ingress": [],
            "name": "default",
            "name_prefix": "",
            "owner_id": "035267315123",
            "revoke_rules_on_delete": false,
            "tags": {
              "Example": "elven-vpc",
              "GithubOrg": "elvenproject-sre",
              "GithubRepo": "github.com/jpedrobf/elvenworks-project",
              "Name": "elven-vpc-default"
            },
            "tags_all": {
              "Example": "elven-vpc",
              "GithubOrg": "elvenproject-sre",
              "GithubRepo": "github.com/jpedrobf/elvenworks-project",
              "Name": "elven-vpc-default",
              "bu": "tech_cross",
              "project": "elvenworks-project",
              "squad": "sre",
              "terraform": "true"
            },
            "vpc_id": "vpc-0cc2b6cb1ade1d04c"
          },
          "sensitive_attributes": [],
          "private": "eyJzY2hlbWFfdmVyc2lvbiI6IjEifQ==",
          "dependencies": [
            "module.vpc.aws_vpc.this"
          ]
        }
      ]
    },
    {
      "module": "module.vpc",
      "mode": "managed",
      "type": "aws_eip",
      "name": "nat",
      "provider": "provider[\"registry.terraform.io/hashicorp/aws\"]",
      "instances": [
        {
          "index_key": 0,
          "schema_version": 0,
          "attributes": {
            "address": null,
            "allocation_id": "eipalloc-0769b6f3b778cdd86",
            "associate_with_private_ip": null,
            "association_id": "",
            "carrier_ip": "",
            "customer_owned_ip": "",
            "customer_owned_ipv4_pool": "",
            "domain": "vpc",
            "id": "eipalloc-0769b6f3b778cdd86",
            "instance": "",
            "network_border_group": "sa-east-1",
            "network_interface": "",
            "private_dns": null,
            "private_ip": "",
            "public_dns": "ec2-54-232-67-164.sa-east-1.compute.amazonaws.com",
            "public_ip": "54.232.67.164",
            "public_ipv4_pool": "amazon",
            "tags": {
              "Example": "elven-vpc",
              "GithubOrg": "elvenproject-sre",
              "GithubRepo": "github.com/jpedrobf/elvenworks-project",
              "Name": "elven-vpc-sa-east-1a"
            },
            "tags_all": {
              "Example": "elven-vpc",
              "GithubOrg": "elvenproject-sre",
              "GithubRepo": "github.com/jpedrobf/elvenworks-project",
              "Name": "elven-vpc-sa-east-1a",
              "bu": "tech_cross",
              "project": "elvenworks-project",
              "squad": "sre",
              "terraform": "true"
            },
            "timeouts": null,
            "vpc": true
          },
          "sensitive_attributes": [],
          "private": "eyJlMmJmYjczMC1lY2FhLTExZTYtOGY4OC0zNDM2M2JjN2M0YzAiOnsiZGVsZXRlIjoxODAwMDAwMDAwMDAsInJlYWQiOjkwMDAwMDAwMDAwMCwidXBkYXRlIjozMDAwMDAwMDAwMDB9fQ==",
          "dependencies": [
            "module.vpc.aws_internet_gateway.this",
            "module.vpc.aws_vpc.this",
            "module.vpc.aws_vpc_ipv4_cidr_block_association.this"
          ]
        },
        {
          "index_key": 1,
          "schema_version": 0,
          "attributes": {
            "address": null,
            "allocation_id": "eipalloc-06c01585a36acc858",
            "associate_with_private_ip": null,
            "association_id": "",
            "carrier_ip": "",
            "customer_owned_ip": "",
            "customer_owned_ipv4_pool": "",
            "domain": "vpc",
            "id": "eipalloc-06c01585a36acc858",
            "instance": "",
            "network_border_group": "sa-east-1",
            "network_interface": "",
            "private_dns": null,
            "private_ip": "",
            "public_dns": "ec2-52-67-11-83.sa-east-1.compute.amazonaws.com",
            "public_ip": "52.67.11.83",
            "public_ipv4_pool": "amazon",
            "tags": {
              "Example": "elven-vpc",
              "GithubOrg": "elvenproject-sre",
              "GithubRepo": "github.com/jpedrobf/elvenworks-project",
              "Name": "elven-vpc-sa-east-1b"
            },
            "tags_all": {
              "Example": "elven-vpc",
              "GithubOrg": "elvenproject-sre",
              "GithubRepo": "github.com/jpedrobf/elvenworks-project",
              "Name": "elven-vpc-sa-east-1b",
              "bu": "tech_cross",
              "project": "elvenworks-project",
              "squad": "sre",
              "terraform": "true"
            },
            "timeouts": null,
            "vpc": true
          },
          "sensitive_attributes": [],
          "private": "eyJlMmJmYjczMC1lY2FhLTExZTYtOGY4OC0zNDM2M2JjN2M0YzAiOnsiZGVsZXRlIjoxODAwMDAwMDAwMDAsInJlYWQiOjkwMDAwMDAwMDAwMCwidXBkYXRlIjozMDAwMDAwMDAwMDB9fQ==",
          "dependencies": [
            "module.vpc.aws_internet_gateway.this",
            "module.vpc.aws_vpc.this",
            "module.vpc.aws_vpc_ipv4_cidr_block_association.this"
          ]
        },
        {
          "index_key": 2,
          "schema_version": 0,
          "attributes": {
            "address": null,
            "allocation_id": "eipalloc-0298901794ee39e17",
            "associate_with_private_ip": null,
            "association_id": "",
            "carrier_ip": "",
            "customer_owned_ip": "",
            "customer_owned_ipv4_pool": "",
            "domain": "vpc",
            "id": "eipalloc-0298901794ee39e17",
            "instance": "",
            "network_border_group": "sa-east-1",
            "network_interface": "",
            "private_dns": null,
            "private_ip": "",
            "public_dns": "ec2-54-233-85-69.sa-east-1.compute.amazonaws.com",
            "public_ip": "54.233.85.69",
            "public_ipv4_pool": "amazon",
            "tags": {
              "Example": "elven-vpc",
              "GithubOrg": "elvenproject-sre",
              "GithubRepo": "github.com/jpedrobf/elvenworks-project",
              "Name": "elven-vpc-sa-east-1c"
            },
            "tags_all": {
              "Example": "elven-vpc",
              "GithubOrg": "elvenproject-sre",
              "GithubRepo": "github.com/jpedrobf/elvenworks-project",
              "Name": "elven-vpc-sa-east-1c",
              "bu": "tech_cross",
              "project": "elvenworks-project",
              "squad": "sre",
              "terraform": "true"
            },
            "timeouts": null,
            "vpc": true
          },
          "sensitive_attributes": [],
          "private": "eyJlMmJmYjczMC1lY2FhLTExZTYtOGY4OC0zNDM2M2JjN2M0YzAiOnsiZGVsZXRlIjoxODAwMDAwMDAwMDAsInJlYWQiOjkwMDAwMDAwMDAwMCwidXBkYXRlIjozMDAwMDAwMDAwMDB9fQ==",
          "dependencies": [
            "module.vpc.aws_internet_gateway.this",
            "module.vpc.aws_vpc.this",
            "module.vpc.aws_vpc_ipv4_cidr_block_association.this"
          ]
        }
      ]
    },
    {
      "module": "module.vpc",
      "mode": "managed",
      "type": "aws_internet_gateway",
      "name": "this",
      "provider": "provider[\"registry.terraform.io/hashicorp/aws\"]",
      "instances": [
        {
          "index_key": 0,
          "schema_version": 0,
          "attributes": {
            "arn": "arn:aws:ec2:sa-east-1:035267315123:internet-gateway/igw-0ccaa5b4bfd8df69c",
            "id": "igw-0ccaa5b4bfd8df69c",
            "owner_id": "035267315123",
            "tags": {
              "Example": "elven-vpc",
              "GithubOrg": "elvenproject-sre",
              "GithubRepo": "github.com/jpedrobf/elvenworks-project",
              "Name": "elven-vpc"
            },
            "tags_all": {
              "Example": "elven-vpc",
              "GithubOrg": "elvenproject-sre",
              "GithubRepo": "github.com/jpedrobf/elvenworks-project",
              "Name": "elven-vpc",
              "bu": "tech_cross",
              "project": "elvenworks-project",
              "squad": "sre",
              "terraform": "true"
            },
            "timeouts": null,
            "vpc_id": "vpc-0cc2b6cb1ade1d04c"
          },
          "sensitive_attributes": [],
          "private": "eyJlMmJmYjczMC1lY2FhLTExZTYtOGY4OC0zNDM2M2JjN2M0YzAiOnsiY3JlYXRlIjoxMjAwMDAwMDAwMDAwLCJkZWxldGUiOjEyMDAwMDAwMDAwMDAsInVwZGF0ZSI6MTIwMDAwMDAwMDAwMH19",
          "dependencies": [
            "module.vpc.aws_vpc.this",
            "module.vpc.aws_vpc_ipv4_cidr_block_association.this"
          ]
        }
      ]
    },
    {
      "module": "module.vpc",
      "mode": "managed",
      "type": "aws_nat_gateway",
      "name": "this",
      "provider": "provider[\"registry.terraform.io/hashicorp/aws\"]",
      "instances": [
        {
          "index_key": 0,
          "schema_version": 0,
          "attributes": {
            "allocation_id": "eipalloc-0769b6f3b778cdd86",
            "association_id": "eipassoc-0963ab4f2944300c5",
            "connectivity_type": "public",
            "id": "nat-0adbeae5f3de48dd7",
            "network_interface_id": "eni-0db47c5da06055b8f",
            "private_ip": "192.168.0.54",
            "public_ip": "54.232.67.164",
            "secondary_allocation_ids": null,
            "secondary_private_ip_address_count": 0,
            "secondary_private_ip_addresses": [],
            "subnet_id": "subnet-0db2326b36e6434f0",
            "tags": {
              "Example": "elven-vpc",
              "GithubOrg": "elvenproject-sre",
              "GithubRepo": "github.com/jpedrobf/elvenworks-project",
              "Name": "elven-vpc-sa-east-1a"
            },
            "tags_all": {
              "Example": "elven-vpc",
              "GithubOrg": "elvenproject-sre",
              "GithubRepo": "github.com/jpedrobf/elvenworks-project",
              "Name": "elven-vpc-sa-east-1a",
              "bu": "tech_cross",
              "project": "elvenworks-project",
              "squad": "sre",
              "terraform": "true"
            },
            "timeouts": null
          },
          "sensitive_attributes": [],
          "private": "eyJlMmJmYjczMC1lY2FhLTExZTYtOGY4OC0zNDM2M2JjN2M0YzAiOnsiY3JlYXRlIjo2MDAwMDAwMDAwMDAsImRlbGV0ZSI6MTgwMDAwMDAwMDAwMCwidXBkYXRlIjo2MDAwMDAwMDAwMDB9fQ==",
          "dependencies": [
            "module.vpc.aws_eip.nat",
            "module.vpc.aws_internet_gateway.this",
            "module.vpc.aws_subnet.public",
            "module.vpc.aws_vpc.this",
            "module.vpc.aws_vpc_ipv4_cidr_block_association.this"
          ]
        },
        {
          "index_key": 1,
          "schema_version": 0,
          "attributes": {
            "allocation_id": "eipalloc-06c01585a36acc858",
            "association_id": "eipassoc-0117bb5648ed1e215",
            "connectivity_type": "public",
            "id": "nat-0e05ae30d2e8eb3c9",
            "network_interface_id": "eni-066b2849b618cea62",
            "private_ip": "192.168.6.85",
            "public_ip": "52.67.11.83",
            "secondary_allocation_ids": null,
            "secondary_private_ip_address_count": 0,
            "secondary_private_ip_addresses": [],
            "subnet_id": "subnet-0c15bcd99a04c61e6",
            "tags": {
              "Example": "elven-vpc",
              "GithubOrg": "elvenproject-sre",
              "GithubRepo": "github.com/jpedrobf/elvenworks-project",
              "Name": "elven-vpc-sa-east-1b"
            },
            "tags_all": {
              "Example": "elven-vpc",
              "GithubOrg": "elvenproject-sre",
              "GithubRepo": "github.com/jpedrobf/elvenworks-project",
              "Name": "elven-vpc-sa-east-1b",
              "bu": "tech_cross",
              "project": "elvenworks-project",
              "squad": "sre",
              "terraform": "true"
            },
            "timeouts": null
          },
          "sensitive_attributes": [],
          "private": "eyJlMmJmYjczMC1lY2FhLTExZTYtOGY4OC0zNDM2M2JjN2M0YzAiOnsiY3JlYXRlIjo2MDAwMDAwMDAwMDAsImRlbGV0ZSI6MTgwMDAwMDAwMDAwMCwidXBkYXRlIjo2MDAwMDAwMDAwMDB9fQ==",
          "dependencies": [
            "module.vpc.aws_eip.nat",
            "module.vpc.aws_internet_gateway.this",
            "module.vpc.aws_subnet.public",
            "module.vpc.aws_vpc.this",
            "module.vpc.aws_vpc_ipv4_cidr_block_association.this"
          ]
        },
        {
          "index_key": 2,
          "schema_version": 0,
          "attributes": {
            "allocation_id": "eipalloc-0298901794ee39e17",
            "association_id": "eipassoc-0a8abab10111e75f3",
            "connectivity_type": "public",
            "id": "nat-0cdf4868a8bc32254",
            "network_interface_id": "eni-08c650685c0cef133",
            "private_ip": "192.168.8.13",
            "public_ip": "54.233.85.69",
            "secondary_allocation_ids": null,
            "secondary_private_ip_address_count": 0,
            "secondary_private_ip_addresses": [],
            "subnet_id": "subnet-03185316d204b35e0",
            "tags": {
              "Example": "elven-vpc",
              "GithubOrg": "elvenproject-sre",
              "GithubRepo": "github.com/jpedrobf/elvenworks-project",
              "Name": "elven-vpc-sa-east-1c"
            },
            "tags_all": {
              "Example": "elven-vpc",
              "GithubOrg": "elvenproject-sre",
              "GithubRepo": "github.com/jpedrobf/elvenworks-project",
              "Name": "elven-vpc-sa-east-1c",
              "bu": "tech_cross",
              "project": "elvenworks-project",
              "squad": "sre",
              "terraform": "true"
            },
            "timeouts": null
          },
          "sensitive_attributes": [],
          "private": "eyJlMmJmYjczMC1lY2FhLTExZTYtOGY4OC0zNDM2M2JjN2M0YzAiOnsiY3JlYXRlIjo2MDAwMDAwMDAwMDAsImRlbGV0ZSI6MTgwMDAwMDAwMDAwMCwidXBkYXRlIjo2MDAwMDAwMDAwMDB9fQ==",
          "dependencies": [
            "module.vpc.aws_eip.nat",
            "module.vpc.aws_internet_gateway.this",
            "module.vpc.aws_subnet.public",
            "module.vpc.aws_vpc.this",
            "module.vpc.aws_vpc_ipv4_cidr_block_association.this"
          ]
        }
      ]
    },
    {
      "module": "module.vpc",
      "mode": "managed",
      "type": "aws_route",
      "name": "private_nat_gateway",
      "provider": "provider[\"registry.terraform.io/hashicorp/aws\"]",
      "instances": [
        {
          "index_key": 0,
          "schema_version": 0,
          "attributes": {
            "carrier_gateway_id": "",
            "core_network_arn": "",
            "destination_cidr_block": "0.0.0.0/0",
            "destination_ipv6_cidr_block": "",
            "destination_prefix_list_id": "",
            "egress_only_gateway_id": "",
            "gateway_id": "",
            "id": "r-rtb-0aad155683c024b3a1080289494",
            "instance_id": "",
            "instance_owner_id": "",
            "local_gateway_id": "",
            "nat_gateway_id": "nat-0adbeae5f3de48dd7",
            "network_interface_id": "",
            "origin": "CreateRoute",
            "route_table_id": "rtb-0aad155683c024b3a",
            "state": "active",
            "timeouts": {
              "create": "5m",
              "delete": null,
              "update": null
            },
            "transit_gateway_id": "",
            "vpc_endpoint_id": "",
            "vpc_peering_connection_id": ""
          },
          "sensitive_attributes": [],
          "private": "eyJlMmJmYjczMC1lY2FhLTExZTYtOGY4OC0zNDM2M2JjN2M0YzAiOnsiY3JlYXRlIjozMDAwMDAwMDAwMDAsImRlbGV0ZSI6MzAwMDAwMDAwMDAwLCJ1cGRhdGUiOjEyMDAwMDAwMDAwMH19",
          "dependencies": [
            "module.vpc.aws_eip.nat",
            "module.vpc.aws_internet_gateway.this",
            "module.vpc.aws_nat_gateway.this",
            "module.vpc.aws_route_table.private",
            "module.vpc.aws_subnet.public",
            "module.vpc.aws_vpc.this",
            "module.vpc.aws_vpc_ipv4_cidr_block_association.this"
          ]
        },
        {
          "index_key": 1,
          "schema_version": 0,
          "attributes": {
            "carrier_gateway_id": "",
            "core_network_arn": "",
            "destination_cidr_block": "0.0.0.0/0",
            "destination_ipv6_cidr_block": "",
            "destination_prefix_list_id": "",
            "egress_only_gateway_id": "",
            "gateway_id": "",
            "id": "r-rtb-067f43980ba44e1601080289494",
            "instance_id": "",
            "instance_owner_id": "",
            "local_gateway_id": "",
            "nat_gateway_id": "nat-0e05ae30d2e8eb3c9",
            "network_interface_id": "",
            "origin": "CreateRoute",
            "route_table_id": "rtb-067f43980ba44e160",
            "state": "active",
            "timeouts": {
              "create": "5m",
              "delete": null,
              "update": null
            },
            "transit_gateway_id": "",
            "vpc_endpoint_id": "",
            "vpc_peering_connection_id": ""
          },
          "sensitive_attributes": [],
          "private": "eyJlMmJmYjczMC1lY2FhLTExZTYtOGY4OC0zNDM2M2JjN2M0YzAiOnsiY3JlYXRlIjozMDAwMDAwMDAwMDAsImRlbGV0ZSI6MzAwMDAwMDAwMDAwLCJ1cGRhdGUiOjEyMDAwMDAwMDAwMH19",
          "dependencies": [
            "module.vpc.aws_eip.nat",
            "module.vpc.aws_internet_gateway.this",
            "module.vpc.aws_nat_gateway.this",
            "module.vpc.aws_route_table.private",
            "module.vpc.aws_subnet.public",
            "module.vpc.aws_vpc.this",
            "module.vpc.aws_vpc_ipv4_cidr_block_association.this"
          ]
        },
        {
          "index_key": 2,
          "schema_version": 0,
          "attributes": {
            "carrier_gateway_id": "",
            "core_network_arn": "",
            "destination_cidr_block": "0.0.0.0/0",
            "destination_ipv6_cidr_block": "",
            "destination_prefix_list_id": "",
            "egress_only_gateway_id": "",
            "gateway_id": "",
            "id": "r-rtb-0605536959a841ccc1080289494",
            "instance_id": "",
            "instance_owner_id": "",
            "local_gateway_id": "",
            "nat_gateway_id": "nat-0cdf4868a8bc32254",
            "network_interface_id": "",
            "origin": "CreateRoute",
            "route_table_id": "rtb-0605536959a841ccc",
            "state": "active",
            "timeouts": {
              "create": "5m",
              "delete": null,
              "update": null
            },
            "transit_gateway_id": "",
            "vpc_endpoint_id": "",
            "vpc_peering_connection_id": ""
          },
          "sensitive_attributes": [],
          "private": "eyJlMmJmYjczMC1lY2FhLTExZTYtOGY4OC0zNDM2M2JjN2M0YzAiOnsiY3JlYXRlIjozMDAwMDAwMDAwMDAsImRlbGV0ZSI6MzAwMDAwMDAwMDAwLCJ1cGRhdGUiOjEyMDAwMDAwMDAwMH19",
          "dependencies": [
            "module.vpc.aws_eip.nat",
            "module.vpc.aws_internet_gateway.this",
            "module.vpc.aws_nat_gateway.this",
            "module.vpc.aws_route_table.private",
            "module.vpc.aws_subnet.public",
            "module.vpc.aws_vpc.this",
            "module.vpc.aws_vpc_ipv4_cidr_block_association.this"
          ]
        }
      ]
    },
    {
      "module": "module.vpc",
      "mode": "managed",
      "type": "aws_route",
      "name": "public_internet_gateway",
      "provider": "provider[\"registry.terraform.io/hashicorp/aws\"]",
      "instances": [
        {
          "index_key": 0,
          "schema_version": 0,
          "attributes": {
            "carrier_gateway_id": "",
            "core_network_arn": "",
            "destination_cidr_block": "0.0.0.0/0",
            "destination_ipv6_cidr_block": "",
            "destination_prefix_list_id": "",
            "egress_only_gateway_id": "",
            "gateway_id": "igw-0ccaa5b4bfd8df69c",
            "id": "r-rtb-007e1c22af7c105641080289494",
            "instance_id": "",
            "instance_owner_id": "",
            "local_gateway_id": "",
            "nat_gateway_id": "",
            "network_interface_id": "",
            "origin": "CreateRoute",
            "route_table_id": "rtb-007e1c22af7c10564",
            "state": "active",
            "timeouts": {
              "create": "5m",
              "delete": null,
              "update": null
            },
            "transit_gateway_id": "",
            "vpc_endpoint_id": "",
            "vpc_peering_connection_id": ""
          },
          "sensitive_attributes": [],
          "private": "eyJlMmJmYjczMC1lY2FhLTExZTYtOGY4OC0zNDM2M2JjN2M0YzAiOnsiY3JlYXRlIjozMDAwMDAwMDAwMDAsImRlbGV0ZSI6MzAwMDAwMDAwMDAwLCJ1cGRhdGUiOjEyMDAwMDAwMDAwMH19",
          "dependencies": [
            "module.vpc.aws_internet_gateway.this",
            "module.vpc.aws_route_table.public",
            "module.vpc.aws_vpc.this",
            "module.vpc.aws_vpc_ipv4_cidr_block_association.this"
          ]
        }
      ]
    },
    {
      "module": "module.vpc",
      "mode": "managed",
      "type": "aws_route_table",
      "name": "private",
      "provider": "provider[\"registry.terraform.io/hashicorp/aws\"]",
      "instances": [
        {
          "index_key": 0,
          "schema_version": 0,
          "attributes": {
            "arn": "arn:aws:ec2:sa-east-1:035267315123:route-table/rtb-0aad155683c024b3a",
            "id": "rtb-0aad155683c024b3a",
            "owner_id": "035267315123",
            "propagating_vgws": [],
            "route": [],
            "tags": {
              "Example": "elven-vpc",
              "GithubOrg": "elvenproject-sre",
              "GithubRepo": "github.com/jpedrobf/elvenworks-project",
              "Name": "elven-vpc-private-sa-east-1a"
            },
            "tags_all": {
              "Example": "elven-vpc",
              "GithubOrg": "elvenproject-sre",
              "GithubRepo": "github.com/jpedrobf/elvenworks-project",
              "Name": "elven-vpc-private-sa-east-1a",
              "bu": "tech_cross",
              "project": "elvenworks-project",
              "squad": "sre",
              "terraform": "true"
            },
            "timeouts": null,
            "vpc_id": "vpc-0cc2b6cb1ade1d04c"
          },
          "sensitive_attributes": [],
          "private": "eyJlMmJmYjczMC1lY2FhLTExZTYtOGY4OC0zNDM2M2JjN2M0YzAiOnsiY3JlYXRlIjozMDAwMDAwMDAwMDAsImRlbGV0ZSI6MzAwMDAwMDAwMDAwLCJ1cGRhdGUiOjEyMDAwMDAwMDAwMH19",
          "dependencies": [
            "module.vpc.aws_vpc.this",
            "module.vpc.aws_vpc_ipv4_cidr_block_association.this"
          ]
        },
        {
          "index_key": 1,
          "schema_version": 0,
          "attributes": {
            "arn": "arn:aws:ec2:sa-east-1:035267315123:route-table/rtb-067f43980ba44e160",
            "id": "rtb-067f43980ba44e160",
            "owner_id": "035267315123",
            "propagating_vgws": [],
            "route": [],
            "tags": {
              "Example": "elven-vpc",
              "GithubOrg": "elvenproject-sre",
              "GithubRepo": "github.com/jpedrobf/elvenworks-project",
              "Name": "elven-vpc-private-sa-east-1b"
            },
            "tags_all": {
              "Example": "elven-vpc",
              "GithubOrg": "elvenproject-sre",
              "GithubRepo": "github.com/jpedrobf/elvenworks-project",
              "Name": "elven-vpc-private-sa-east-1b",
              "bu": "tech_cross",
              "project": "elvenworks-project",
              "squad": "sre",
              "terraform": "true"
            },
            "timeouts": null,
            "vpc_id": "vpc-0cc2b6cb1ade1d04c"
          },
          "sensitive_attributes": [],
          "private": "eyJlMmJmYjczMC1lY2FhLTExZTYtOGY4OC0zNDM2M2JjN2M0YzAiOnsiY3JlYXRlIjozMDAwMDAwMDAwMDAsImRlbGV0ZSI6MzAwMDAwMDAwMDAwLCJ1cGRhdGUiOjEyMDAwMDAwMDAwMH19",
          "dependencies": [
            "module.vpc.aws_vpc.this",
            "module.vpc.aws_vpc_ipv4_cidr_block_association.this"
          ]
        },
        {
          "index_key": 2,
          "schema_version": 0,
          "attributes": {
            "arn": "arn:aws:ec2:sa-east-1:035267315123:route-table/rtb-0605536959a841ccc",
            "id": "rtb-0605536959a841ccc",
            "owner_id": "035267315123",
            "propagating_vgws": [],
            "route": [],
            "tags": {
              "Example": "elven-vpc",
              "GithubOrg": "elvenproject-sre",
              "GithubRepo": "github.com/jpedrobf/elvenworks-project",
              "Name": "elven-vpc-private-sa-east-1c"
            },
            "tags_all": {
              "Example": "elven-vpc",
              "GithubOrg": "elvenproject-sre",
              "GithubRepo": "github.com/jpedrobf/elvenworks-project",
              "Name": "elven-vpc-private-sa-east-1c",
              "bu": "tech_cross",
              "project": "elvenworks-project",
              "squad": "sre",
              "terraform": "true"
            },
            "timeouts": null,
            "vpc_id": "vpc-0cc2b6cb1ade1d04c"
          },
          "sensitive_attributes": [],
          "private": "eyJlMmJmYjczMC1lY2FhLTExZTYtOGY4OC0zNDM2M2JjN2M0YzAiOnsiY3JlYXRlIjozMDAwMDAwMDAwMDAsImRlbGV0ZSI6MzAwMDAwMDAwMDAwLCJ1cGRhdGUiOjEyMDAwMDAwMDAwMH19",
          "dependencies": [
            "module.vpc.aws_vpc.this",
            "module.vpc.aws_vpc_ipv4_cidr_block_association.this"
          ]
        }
      ]
    },
    {
      "module": "module.vpc",
      "mode": "managed",
      "type": "aws_route_table",
      "name": "public",
      "provider": "provider[\"registry.terraform.io/hashicorp/aws\"]",
      "instances": [
        {
          "index_key": 0,
          "schema_version": 0,
          "attributes": {
            "arn": "arn:aws:ec2:sa-east-1:035267315123:route-table/rtb-007e1c22af7c10564",
            "id": "rtb-007e1c22af7c10564",
            "owner_id": "035267315123",
            "propagating_vgws": [],
            "route": [],
            "tags": {
              "Example": "elven-vpc",
              "GithubOrg": "elvenproject-sre",
              "GithubRepo": "github.com/jpedrobf/elvenworks-project",
              "Name": "elven-vpc-public"
            },
            "tags_all": {
              "Example": "elven-vpc",
              "GithubOrg": "elvenproject-sre",
              "GithubRepo": "github.com/jpedrobf/elvenworks-project",
              "Name": "elven-vpc-public",
              "bu": "tech_cross",
              "project": "elvenworks-project",
              "squad": "sre",
              "terraform": "true"
            },
            "timeouts": null,
            "vpc_id": "vpc-0cc2b6cb1ade1d04c"
          },
          "sensitive_attributes": [],
          "private": "eyJlMmJmYjczMC1lY2FhLTExZTYtOGY4OC0zNDM2M2JjN2M0YzAiOnsiY3JlYXRlIjozMDAwMDAwMDAwMDAsImRlbGV0ZSI6MzAwMDAwMDAwMDAwLCJ1cGRhdGUiOjEyMDAwMDAwMDAwMH19",
          "dependencies": [
            "module.vpc.aws_vpc.this",
            "module.vpc.aws_vpc_ipv4_cidr_block_association.this"
          ]
        }
      ]
    },
    {
      "module": "module.vpc",
      "mode": "managed",
      "type": "aws_route_table_association",
      "name": "database",
      "provider": "provider[\"registry.terraform.io/hashicorp/aws\"]",
      "instances": [
        {
          "index_key": 0,
          "schema_version": 0,
          "attributes": {
            "gateway_id": "",
            "id": "rtbassoc-002fa7017b14a3a86",
            "route_table_id": "rtb-0aad155683c024b3a",
            "subnet_id": "subnet-0490e2168ddbbd5b6",
            "timeouts": null
          },
          "sensitive_attributes": [],
          "private": "eyJlMmJmYjczMC1lY2FhLTExZTYtOGY4OC0zNDM2M2JjN2M0YzAiOnsiY3JlYXRlIjozMDAwMDAwMDAwMDAsImRlbGV0ZSI6MzAwMDAwMDAwMDAwLCJ1cGRhdGUiOjEyMDAwMDAwMDAwMH19",
          "dependencies": [
            "module.vpc.aws_route_table.database",
            "module.vpc.aws_route_table.private",
            "module.vpc.aws_subnet.database",
            "module.vpc.aws_vpc.this",
            "module.vpc.aws_vpc_ipv4_cidr_block_association.this"
          ]
        },
        {
          "index_key": 1,
          "schema_version": 0,
          "attributes": {
            "gateway_id": "",
            "id": "rtbassoc-011569dfd91ad4b4d",
            "route_table_id": "rtb-067f43980ba44e160",
            "subnet_id": "subnet-0a4d6069aae06934b",
            "timeouts": null
          },
          "sensitive_attributes": [],
          "private": "eyJlMmJmYjczMC1lY2FhLTExZTYtOGY4OC0zNDM2M2JjN2M0YzAiOnsiY3JlYXRlIjozMDAwMDAwMDAwMDAsImRlbGV0ZSI6MzAwMDAwMDAwMDAwLCJ1cGRhdGUiOjEyMDAwMDAwMDAwMH19",
          "dependencies": [
            "module.vpc.aws_route_table.database",
            "module.vpc.aws_route_table.private",
            "module.vpc.aws_subnet.database",
            "module.vpc.aws_vpc.this",
            "module.vpc.aws_vpc_ipv4_cidr_block_association.this"
          ]
        },
        {
          "index_key": 2,
          "schema_version": 0,
          "attributes": {
            "gateway_id": "",
            "id": "rtbassoc-0503337477fbc17df",
            "route_table_id": "rtb-0605536959a841ccc",
            "subnet_id": "subnet-02add2c6754e48ac8",
            "timeouts": null
          },
          "sensitive_attributes": [],
          "private": "eyJlMmJmYjczMC1lY2FhLTExZTYtOGY4OC0zNDM2M2JjN2M0YzAiOnsiY3JlYXRlIjozMDAwMDAwMDAwMDAsImRlbGV0ZSI6MzAwMDAwMDAwMDAwLCJ1cGRhdGUiOjEyMDAwMDAwMDAwMH19",
          "dependencies": [
            "module.vpc.aws_route_table.database",
            "module.vpc.aws_route_table.private",
            "module.vpc.aws_subnet.database",
            "module.vpc.aws_vpc.this",
            "module.vpc.aws_vpc_ipv4_cidr_block_association.this"
          ]
        }
      ]
    },
    {
      "module": "module.vpc",
      "mode": "managed",
      "type": "aws_route_table_association",
      "name": "private",
      "provider": "provider[\"registry.terraform.io/hashicorp/aws\"]",
      "instances": [
        {
          "index_key": 0,
          "schema_version": 0,
          "attributes": {
            "gateway_id": "",
            "id": "rtbassoc-0c0f9e5ee70db4837",
            "route_table_id": "rtb-0aad155683c024b3a",
            "subnet_id": "subnet-09615b01388609df5",
            "timeouts": null
          },
          "sensitive_attributes": [],
          "private": "eyJlMmJmYjczMC1lY2FhLTExZTYtOGY4OC0zNDM2M2JjN2M0YzAiOnsiY3JlYXRlIjozMDAwMDAwMDAwMDAsImRlbGV0ZSI6MzAwMDAwMDAwMDAwLCJ1cGRhdGUiOjEyMDAwMDAwMDAwMH19",
          "dependencies": [
            "module.vpc.aws_route_table.private",
            "module.vpc.aws_subnet.private",
            "module.vpc.aws_vpc.this",
            "module.vpc.aws_vpc_ipv4_cidr_block_association.this"
          ]
        },
        {
          "index_key": 1,
          "schema_version": 0,
          "attributes": {
            "gateway_id": "",
            "id": "rtbassoc-0b492e0bd99834460",
            "route_table_id": "rtb-067f43980ba44e160",
            "subnet_id": "subnet-07cad8133995f8bbe",
            "timeouts": null
          },
          "sensitive_attributes": [],
          "private": "eyJlMmJmYjczMC1lY2FhLTExZTYtOGY4OC0zNDM2M2JjN2M0YzAiOnsiY3JlYXRlIjozMDAwMDAwMDAwMDAsImRlbGV0ZSI6MzAwMDAwMDAwMDAwLCJ1cGRhdGUiOjEyMDAwMDAwMDAwMH19",
          "dependencies": [
            "module.vpc.aws_route_table.private",
            "module.vpc.aws_subnet.private",
            "module.vpc.aws_vpc.this",
            "module.vpc.aws_vpc_ipv4_cidr_block_association.this"
          ]
        },
        {
          "index_key": 2,
          "schema_version": 0,
          "attributes": {
            "gateway_id": "",
            "id": "rtbassoc-0af453d88529425fd",
            "route_table_id": "rtb-0605536959a841ccc",
            "subnet_id": "subnet-07f9e510ee49dd667",
            "timeouts": null
          },
          "sensitive_attributes": [],
          "private": "eyJlMmJmYjczMC1lY2FhLTExZTYtOGY4OC0zNDM2M2JjN2M0YzAiOnsiY3JlYXRlIjozMDAwMDAwMDAwMDAsImRlbGV0ZSI6MzAwMDAwMDAwMDAwLCJ1cGRhdGUiOjEyMDAwMDAwMDAwMH19",
          "dependencies": [
            "module.vpc.aws_route_table.private",
            "module.vpc.aws_subnet.private",
            "module.vpc.aws_vpc.this",
            "module.vpc.aws_vpc_ipv4_cidr_block_association.this"
          ]
        }
      ]
    },
    {
      "module": "module.vpc",
      "mode": "managed",
      "type": "aws_route_table_association",
      "name": "public",
      "provider": "provider[\"registry.terraform.io/hashicorp/aws\"]",
      "instances": [
        {
          "index_key": 0,
          "schema_version": 0,
          "attributes": {
            "gateway_id": "",
            "id": "rtbassoc-0af7e42791d936ddb",
            "route_table_id": "rtb-007e1c22af7c10564",
            "subnet_id": "subnet-0db2326b36e6434f0",
            "timeouts": null
          },
          "sensitive_attributes": [],
          "private": "eyJlMmJmYjczMC1lY2FhLTExZTYtOGY4OC0zNDM2M2JjN2M0YzAiOnsiY3JlYXRlIjozMDAwMDAwMDAwMDAsImRlbGV0ZSI6MzAwMDAwMDAwMDAwLCJ1cGRhdGUiOjEyMDAwMDAwMDAwMH19",
          "dependencies": [
            "module.vpc.aws_route_table.public",
            "module.vpc.aws_subnet.public",
            "module.vpc.aws_vpc.this",
            "module.vpc.aws_vpc_ipv4_cidr_block_association.this"
          ]
        },
        {
          "index_key": 1,
          "schema_version": 0,
          "attributes": {
            "gateway_id": "",
            "id": "rtbassoc-01155250487ba9237",
            "route_table_id": "rtb-007e1c22af7c10564",
            "subnet_id": "subnet-0c15bcd99a04c61e6",
            "timeouts": null
          },
          "sensitive_attributes": [],
          "private": "eyJlMmJmYjczMC1lY2FhLTExZTYtOGY4OC0zNDM2M2JjN2M0YzAiOnsiY3JlYXRlIjozMDAwMDAwMDAwMDAsImRlbGV0ZSI6MzAwMDAwMDAwMDAwLCJ1cGRhdGUiOjEyMDAwMDAwMDAwMH19",
          "dependencies": [
            "module.vpc.aws_route_table.public",
            "module.vpc.aws_subnet.public",
            "module.vpc.aws_vpc.this",
            "module.vpc.aws_vpc_ipv4_cidr_block_association.this"
          ]
        },
        {
          "index_key": 2,
          "schema_version": 0,
          "attributes": {
            "gateway_id": "",
            "id": "rtbassoc-0c712f461f3e26753",
            "route_table_id": "rtb-007e1c22af7c10564",
            "subnet_id": "subnet-03185316d204b35e0",
            "timeouts": null
          },
          "sensitive_attributes": [],
          "private": "eyJlMmJmYjczMC1lY2FhLTExZTYtOGY4OC0zNDM2M2JjN2M0YzAiOnsiY3JlYXRlIjozMDAwMDAwMDAwMDAsImRlbGV0ZSI6MzAwMDAwMDAwMDAwLCJ1cGRhdGUiOjEyMDAwMDAwMDAwMH19",
          "dependencies": [
            "module.vpc.aws_route_table.public",
            "module.vpc.aws_subnet.public",
            "module.vpc.aws_vpc.this",
            "module.vpc.aws_vpc_ipv4_cidr_block_association.this"
          ]
        }
      ]
    },
    {
      "module": "module.vpc",
      "mode": "managed",
      "type": "aws_subnet",
      "name": "database",
      "provider": "provider[\"registry.terraform.io/hashicorp/aws\"]",
      "instances": [
        {
          "index_key": 0,
          "schema_version": 1,
          "attributes": {
            "arn": "arn:aws:ec2:sa-east-1:035267315123:subnet/subnet-0490e2168ddbbd5b6",
            "assign_ipv6_address_on_creation": false,
            "availability_zone": "sa-east-1a",
            "availability_zone_id": "sae1-az1",
            "cidr_block": "192.168.16.0/22",
            "customer_owned_ipv4_pool": "",
            "enable_dns64": false,
            "enable_lni_at_device_index": 0,
            "enable_resource_name_dns_a_record_on_launch": false,
            "enable_resource_name_dns_aaaa_record_on_launch": false,
            "id": "subnet-0490e2168ddbbd5b6",
            "ipv6_cidr_block": "",
            "ipv6_cidr_block_association_id": "",
            "ipv6_native": false,
            "map_customer_owned_ip_on_launch": false,
            "map_public_ip_on_launch": false,
            "outpost_arn": "",
            "owner_id": "035267315123",
            "private_dns_hostname_type_on_launch": "ip-name",
            "tags": {
              "Example": "elven-vpc",
              "GithubOrg": "elvenproject-sre",
              "GithubRepo": "github.com/jpedrobf/elvenworks-project",
              "Name": "elven-vpc-db-sa-east-1a"
            },
            "tags_all": {
              "Example": "elven-vpc",
              "GithubOrg": "elvenproject-sre",
              "GithubRepo": "github.com/jpedrobf/elvenworks-project",
              "Name": "elven-vpc-db-sa-east-1a",
              "bu": "tech_cross",
              "project": "elvenworks-project",
              "squad": "sre",
              "terraform": "true"
            },
            "timeouts": null,
            "vpc_id": "vpc-0cc2b6cb1ade1d04c"
          },
          "sensitive_attributes": [],
          "private": "eyJlMmJmYjczMC1lY2FhLTExZTYtOGY4OC0zNDM2M2JjN2M0YzAiOnsiY3JlYXRlIjo2MDAwMDAwMDAwMDAsImRlbGV0ZSI6MTIwMDAwMDAwMDAwMH0sInNjaGVtYV92ZXJzaW9uIjoiMSJ9",
          "dependencies": [
            "module.vpc.aws_vpc.this",
            "module.vpc.aws_vpc_ipv4_cidr_block_association.this"
          ]
        },
        {
          "index_key": 1,
          "schema_version": 1,
          "attributes": {
            "arn": "arn:aws:ec2:sa-east-1:035267315123:subnet/subnet-0a4d6069aae06934b",
            "assign_ipv6_address_on_creation": false,
            "availability_zone": "sa-east-1b",
            "availability_zone_id": "sae1-az2",
            "cidr_block": "192.168.20.0/22",
            "customer_owned_ipv4_pool": "",
            "enable_dns64": false,
            "enable_lni_at_device_index": 0,
            "enable_resource_name_dns_a_record_on_launch": false,
            "enable_resource_name_dns_aaaa_record_on_launch": false,
            "id": "subnet-0a4d6069aae06934b",
            "ipv6_cidr_block": "",
            "ipv6_cidr_block_association_id": "",
            "ipv6_native": false,
            "map_customer_owned_ip_on_launch": false,
            "map_public_ip_on_launch": false,
            "outpost_arn": "",
            "owner_id": "035267315123",
            "private_dns_hostname_type_on_launch": "ip-name",
            "tags": {
              "Example": "elven-vpc",
              "GithubOrg": "elvenproject-sre",
              "GithubRepo": "github.com/jpedrobf/elvenworks-project",
              "Name": "elven-vpc-db-sa-east-1b"
            },
            "tags_all": {
              "Example": "elven-vpc",
              "GithubOrg": "elvenproject-sre",
              "GithubRepo": "github.com/jpedrobf/elvenworks-project",
              "Name": "elven-vpc-db-sa-east-1b",
              "bu": "tech_cross",
              "project": "elvenworks-project",
              "squad": "sre",
              "terraform": "true"
            },
            "timeouts": null,
            "vpc_id": "vpc-0cc2b6cb1ade1d04c"
          },
          "sensitive_attributes": [],
          "private": "eyJlMmJmYjczMC1lY2FhLTExZTYtOGY4OC0zNDM2M2JjN2M0YzAiOnsiY3JlYXRlIjo2MDAwMDAwMDAwMDAsImRlbGV0ZSI6MTIwMDAwMDAwMDAwMH0sInNjaGVtYV92ZXJzaW9uIjoiMSJ9",
          "dependencies": [
            "module.vpc.aws_vpc.this",
            "module.vpc.aws_vpc_ipv4_cidr_block_association.this"
          ]
        },
        {
          "index_key": 2,
          "schema_version": 1,
          "attributes": {
            "arn": "arn:aws:ec2:sa-east-1:035267315123:subnet/subnet-02add2c6754e48ac8",
            "assign_ipv6_address_on_creation": false,
            "availability_zone": "sa-east-1c",
            "availability_zone_id": "sae1-az3",
            "cidr_block": "192.168.24.0/22",
            "customer_owned_ipv4_pool": "",
            "enable_dns64": false,
            "enable_lni_at_device_index": 0,
            "enable_resource_name_dns_a_record_on_launch": false,
            "enable_resource_name_dns_aaaa_record_on_launch": false,
            "id": "subnet-02add2c6754e48ac8",
            "ipv6_cidr_block": "",
            "ipv6_cidr_block_association_id": "",
            "ipv6_native": false,
            "map_customer_owned_ip_on_launch": false,
            "map_public_ip_on_launch": false,
            "outpost_arn": "",
            "owner_id": "035267315123",
            "private_dns_hostname_type_on_launch": "ip-name",
            "tags": {
              "Example": "elven-vpc",
              "GithubOrg": "elvenproject-sre",
              "GithubRepo": "github.com/jpedrobf/elvenworks-project",
              "Name": "elven-vpc-db-sa-east-1c"
            },
            "tags_all": {
              "Example": "elven-vpc",
              "GithubOrg": "elvenproject-sre",
              "GithubRepo": "github.com/jpedrobf/elvenworks-project",
              "Name": "elven-vpc-db-sa-east-1c",
              "bu": "tech_cross",
              "project": "elvenworks-project",
              "squad": "sre",
              "terraform": "true"
            },
            "timeouts": null,
            "vpc_id": "vpc-0cc2b6cb1ade1d04c"
          },
          "sensitive_attributes": [],
          "private": "eyJlMmJmYjczMC1lY2FhLTExZTYtOGY4OC0zNDM2M2JjN2M0YzAiOnsiY3JlYXRlIjo2MDAwMDAwMDAwMDAsImRlbGV0ZSI6MTIwMDAwMDAwMDAwMH0sInNjaGVtYV92ZXJzaW9uIjoiMSJ9",
          "dependencies": [
            "module.vpc.aws_vpc.this",
            "module.vpc.aws_vpc_ipv4_cidr_block_association.this"
          ]
        }
      ]
    },
    {
      "module": "module.vpc",
      "mode": "managed",
      "type": "aws_subnet",
      "name": "private",
      "provider": "provider[\"registry.terraform.io/hashicorp/aws\"]",
      "instances": [
        {
          "index_key": 0,
          "schema_version": 1,
          "attributes": {
            "arn": "arn:aws:ec2:sa-east-1:035267315123:subnet/subnet-09615b01388609df5",
            "assign_ipv6_address_on_creation": false,
            "availability_zone": "sa-east-1a",
            "availability_zone_id": "sae1-az1",
            "cidr_block": "192.168.32.0/19",
            "customer_owned_ipv4_pool": "",
            "enable_dns64": false,
            "enable_lni_at_device_index": 0,
            "enable_resource_name_dns_a_record_on_launch": false,
            "enable_resource_name_dns_aaaa_record_on_launch": false,
            "id": "subnet-09615b01388609df5",
            "ipv6_cidr_block": "",
            "ipv6_cidr_block_association_id": "",
            "ipv6_native": false,
            "map_customer_owned_ip_on_launch": false,
            "map_public_ip_on_launch": false,
            "outpost_arn": "",
            "owner_id": "035267315123",
            "private_dns_hostname_type_on_launch": "ip-name",
            "tags": {
              "Example": "elven-vpc",
              "GithubOrg": "elvenproject-sre",
              "GithubRepo": "github.com/jpedrobf/elvenworks-project",
              "Name": "elven-vpc-private-sa-east-1a"
            },
            "tags_all": {
              "Example": "elven-vpc",
              "GithubOrg": "elvenproject-sre",
              "GithubRepo": "github.com/jpedrobf/elvenworks-project",
              "Name": "elven-vpc-private-sa-east-1a",
              "bu": "tech_cross",
              "project": "elvenworks-project",
              "squad": "sre",
              "terraform": "true"
            },
            "timeouts": null,
            "vpc_id": "vpc-0cc2b6cb1ade1d04c"
          },
          "sensitive_attributes": [],
          "private": "eyJlMmJmYjczMC1lY2FhLTExZTYtOGY4OC0zNDM2M2JjN2M0YzAiOnsiY3JlYXRlIjo2MDAwMDAwMDAwMDAsImRlbGV0ZSI6MTIwMDAwMDAwMDAwMH0sInNjaGVtYV92ZXJzaW9uIjoiMSJ9",
          "dependencies": [
            "module.vpc.aws_vpc.this",
            "module.vpc.aws_vpc_ipv4_cidr_block_association.this"
          ]
        },
        {
          "index_key": 1,
          "schema_version": 1,
          "attributes": {
            "arn": "arn:aws:ec2:sa-east-1:035267315123:subnet/subnet-07cad8133995f8bbe",
            "assign_ipv6_address_on_creation": false,
            "availability_zone": "sa-east-1b",
            "availability_zone_id": "sae1-az2",
            "cidr_block": "192.168.64.0/19",
            "customer_owned_ipv4_pool": "",
            "enable_dns64": false,
            "enable_lni_at_device_index": 0,
            "enable_resource_name_dns_a_record_on_launch": false,
            "enable_resource_name_dns_aaaa_record_on_launch": false,
            "id": "subnet-07cad8133995f8bbe",
            "ipv6_cidr_block": "",
            "ipv6_cidr_block_association_id": "",
            "ipv6_native": false,
            "map_customer_owned_ip_on_launch": false,
            "map_public_ip_on_launch": false,
            "outpost_arn": "",
            "owner_id": "035267315123",
            "private_dns_hostname_type_on_launch": "ip-name",
            "tags": {
              "Example": "elven-vpc",
              "GithubOrg": "elvenproject-sre",
              "GithubRepo": "github.com/jpedrobf/elvenworks-project",
              "Name": "elven-vpc-private-sa-east-1b"
            },
            "tags_all": {
              "Example": "elven-vpc",
              "GithubOrg": "elvenproject-sre",
              "GithubRepo": "github.com/jpedrobf/elvenworks-project",
              "Name": "elven-vpc-private-sa-east-1b",
              "bu": "tech_cross",
              "project": "elvenworks-project",
              "squad": "sre",
              "terraform": "true"
            },
            "timeouts": null,
            "vpc_id": "vpc-0cc2b6cb1ade1d04c"
          },
          "sensitive_attributes": [],
          "private": "eyJlMmJmYjczMC1lY2FhLTExZTYtOGY4OC0zNDM2M2JjN2M0YzAiOnsiY3JlYXRlIjo2MDAwMDAwMDAwMDAsImRlbGV0ZSI6MTIwMDAwMDAwMDAwMH0sInNjaGVtYV92ZXJzaW9uIjoiMSJ9",
          "dependencies": [
            "module.vpc.aws_vpc.this",
            "module.vpc.aws_vpc_ipv4_cidr_block_association.this"
          ]
        },
        {
          "index_key": 2,
          "schema_version": 1,
          "attributes": {
            "arn": "arn:aws:ec2:sa-east-1:035267315123:subnet/subnet-07f9e510ee49dd667",
            "assign_ipv6_address_on_creation": false,
            "availability_zone": "sa-east-1c",
            "availability_zone_id": "sae1-az3",
            "cidr_block": "192.168.96.0/19",
            "customer_owned_ipv4_pool": "",
            "enable_dns64": false,
            "enable_lni_at_device_index": 0,
            "enable_resource_name_dns_a_record_on_launch": false,
            "enable_resource_name_dns_aaaa_record_on_launch": false,
            "id": "subnet-07f9e510ee49dd667",
            "ipv6_cidr_block": "",
            "ipv6_cidr_block_association_id": "",
            "ipv6_native": false,
            "map_customer_owned_ip_on_launch": false,
            "map_public_ip_on_launch": false,
            "outpost_arn": "",
            "owner_id": "035267315123",
            "private_dns_hostname_type_on_launch": "ip-name",
            "tags": {
              "Example": "elven-vpc",
              "GithubOrg": "elvenproject-sre",
              "GithubRepo": "github.com/jpedrobf/elvenworks-project",
              "Name": "elven-vpc-private-sa-east-1c"
            },
            "tags_all": {
              "Example": "elven-vpc",
              "GithubOrg": "elvenproject-sre",
              "GithubRepo": "github.com/jpedrobf/elvenworks-project",
              "Name": "elven-vpc-private-sa-east-1c",
              "bu": "tech_cross",
              "project": "elvenworks-project",
              "squad": "sre",
              "terraform": "true"
            },
            "timeouts": null,
            "vpc_id": "vpc-0cc2b6cb1ade1d04c"
          },
          "sensitive_attributes": [],
          "private": "eyJlMmJmYjczMC1lY2FhLTExZTYtOGY4OC0zNDM2M2JjN2M0YzAiOnsiY3JlYXRlIjo2MDAwMDAwMDAwMDAsImRlbGV0ZSI6MTIwMDAwMDAwMDAwMH0sInNjaGVtYV92ZXJzaW9uIjoiMSJ9",
          "dependencies": [
            "module.vpc.aws_vpc.this",
            "module.vpc.aws_vpc_ipv4_cidr_block_association.this"
          ]
        }
      ]
    },
    {
      "module": "module.vpc",
      "mode": "managed",
      "type": "aws_subnet",
      "name": "public",
      "provider": "provider[\"registry.terraform.io/hashicorp/aws\"]",
      "instances": [
        {
          "index_key": 0,
          "schema_version": 1,
          "attributes": {
            "arn": "arn:aws:ec2:sa-east-1:035267315123:subnet/subnet-0db2326b36e6434f0",
            "assign_ipv6_address_on_creation": false,
            "availability_zone": "sa-east-1a",
            "availability_zone_id": "sae1-az1",
            "cidr_block": "192.168.0.0/22",
            "customer_owned_ipv4_pool": "",
            "enable_dns64": false,
            "enable_lni_at_device_index": 0,
            "enable_resource_name_dns_a_record_on_launch": false,
            "enable_resource_name_dns_aaaa_record_on_launch": false,
            "id": "subnet-0db2326b36e6434f0",
            "ipv6_cidr_block": "",
            "ipv6_cidr_block_association_id": "",
            "ipv6_native": false,
            "map_customer_owned_ip_on_launch": false,
            "map_public_ip_on_launch": false,
            "outpost_arn": "",
            "owner_id": "035267315123",
            "private_dns_hostname_type_on_launch": "ip-name",
            "tags": {
              "Example": "elven-vpc",
              "GithubOrg": "elvenproject-sre",
              "GithubRepo": "github.com/jpedrobf/elvenworks-project",
              "Name": "elven-vpc-public-sa-east-1a"
            },
            "tags_all": {
              "Example": "elven-vpc",
              "GithubOrg": "elvenproject-sre",
              "GithubRepo": "github.com/jpedrobf/elvenworks-project",
              "Name": "elven-vpc-public-sa-east-1a",
              "bu": "tech_cross",
              "project": "elvenworks-project",
              "squad": "sre",
              "terraform": "true"
            },
            "timeouts": null,
            "vpc_id": "vpc-0cc2b6cb1ade1d04c"
          },
          "sensitive_attributes": [],
          "private": "eyJlMmJmYjczMC1lY2FhLTExZTYtOGY4OC0zNDM2M2JjN2M0YzAiOnsiY3JlYXRlIjo2MDAwMDAwMDAwMDAsImRlbGV0ZSI6MTIwMDAwMDAwMDAwMH0sInNjaGVtYV92ZXJzaW9uIjoiMSJ9",
          "dependencies": [
            "module.vpc.aws_vpc.this",
            "module.vpc.aws_vpc_ipv4_cidr_block_association.this"
          ]
        },
        {
          "index_key": 1,
          "schema_version": 1,
          "attributes": {
            "arn": "arn:aws:ec2:sa-east-1:035267315123:subnet/subnet-0c15bcd99a04c61e6",
            "assign_ipv6_address_on_creation": false,
            "availability_zone": "sa-east-1b",
            "availability_zone_id": "sae1-az2",
            "cidr_block": "192.168.4.0/22",
            "customer_owned_ipv4_pool": "",
            "enable_dns64": false,
            "enable_lni_at_device_index": 0,
            "enable_resource_name_dns_a_record_on_launch": false,
            "enable_resource_name_dns_aaaa_record_on_launch": false,
            "id": "subnet-0c15bcd99a04c61e6",
            "ipv6_cidr_block": "",
            "ipv6_cidr_block_association_id": "",
            "ipv6_native": false,
            "map_customer_owned_ip_on_launch": false,
            "map_public_ip_on_launch": false,
            "outpost_arn": "",
            "owner_id": "035267315123",
            "private_dns_hostname_type_on_launch": "ip-name",
            "tags": {
              "Example": "elven-vpc",
              "GithubOrg": "elvenproject-sre",
              "GithubRepo": "github.com/jpedrobf/elvenworks-project",
              "Name": "elven-vpc-public-sa-east-1b"
            },
            "tags_all": {
              "Example": "elven-vpc",
              "GithubOrg": "elvenproject-sre",
              "GithubRepo": "github.com/jpedrobf/elvenworks-project",
              "Name": "elven-vpc-public-sa-east-1b",
              "bu": "tech_cross",
              "project": "elvenworks-project",
              "squad": "sre",
              "terraform": "true"
            },
            "timeouts": null,
            "vpc_id": "vpc-0cc2b6cb1ade1d04c"
          },
          "sensitive_attributes": [],
          "private": "eyJlMmJmYjczMC1lY2FhLTExZTYtOGY4OC0zNDM2M2JjN2M0YzAiOnsiY3JlYXRlIjo2MDAwMDAwMDAwMDAsImRlbGV0ZSI6MTIwMDAwMDAwMDAwMH0sInNjaGVtYV92ZXJzaW9uIjoiMSJ9",
          "dependencies": [
            "module.vpc.aws_vpc.this",
            "module.vpc.aws_vpc_ipv4_cidr_block_association.this"
          ]
        },
        {
          "index_key": 2,
          "schema_version": 1,
          "attributes": {
            "arn": "arn:aws:ec2:sa-east-1:035267315123:subnet/subnet-03185316d204b35e0",
            "assign_ipv6_address_on_creation": false,
            "availability_zone": "sa-east-1c",
            "availability_zone_id": "sae1-az3",
            "cidr_block": "192.168.8.0/22",
            "customer_owned_ipv4_pool": "",
            "enable_dns64": false,
            "enable_lni_at_device_index": 0,
            "enable_resource_name_dns_a_record_on_launch": false,
            "enable_resource_name_dns_aaaa_record_on_launch": false,
            "id": "subnet-03185316d204b35e0",
            "ipv6_cidr_block": "",
            "ipv6_cidr_block_association_id": "",
            "ipv6_native": false,
            "map_customer_owned_ip_on_launch": false,
            "map_public_ip_on_launch": false,
            "outpost_arn": "",
            "owner_id": "035267315123",
            "private_dns_hostname_type_on_launch": "ip-name",
            "tags": {
              "Example": "elven-vpc",
              "GithubOrg": "elvenproject-sre",
              "GithubRepo": "github.com/jpedrobf/elvenworks-project",
              "Name": "elven-vpc-public-sa-east-1c"
            },
            "tags_all": {
              "Example": "elven-vpc",
              "GithubOrg": "elvenproject-sre",
              "GithubRepo": "github.com/jpedrobf/elvenworks-project",
              "Name": "elven-vpc-public-sa-east-1c",
              "bu": "tech_cross",
              "project": "elvenworks-project",
              "squad": "sre",
              "terraform": "true"
            },
            "timeouts": null,
            "vpc_id": "vpc-0cc2b6cb1ade1d04c"
          },
          "sensitive_attributes": [],
          "private": "eyJlMmJmYjczMC1lY2FhLTExZTYtOGY4OC0zNDM2M2JjN2M0YzAiOnsiY3JlYXRlIjo2MDAwMDAwMDAwMDAsImRlbGV0ZSI6MTIwMDAwMDAwMDAwMH0sInNjaGVtYV92ZXJzaW9uIjoiMSJ9",
          "dependencies": [
            "module.vpc.aws_vpc.this",
            "module.vpc.aws_vpc_ipv4_cidr_block_association.this"
          ]
        }
      ]
    },
    {
      "module": "module.vpc",
      "mode": "managed",
      "type": "aws_vpc",
      "name": "this",
      "provider": "provider[\"registry.terraform.io/hashicorp/aws\"]",
      "instances": [
        {
          "index_key": 0,
          "schema_version": 1,
          "attributes": {
            "arn": "arn:aws:ec2:sa-east-1:035267315123:vpc/vpc-0cc2b6cb1ade1d04c",
            "assign_generated_ipv6_cidr_block": false,
            "cidr_block": "192.168.0.0/16",
            "default_network_acl_id": "acl-0844bc63b724839a7",
            "default_route_table_id": "rtb-0c6737f52e9469be3",
            "default_security_group_id": "sg-073e8d2617f5e6961",
            "dhcp_options_id": "dopt-4f9df128",
            "enable_dns_hostnames": true,
            "enable_dns_support": true,
            "enable_network_address_usage_metrics": false,
            "id": "vpc-0cc2b6cb1ade1d04c",
            "instance_tenancy": "default",
            "ipv4_ipam_pool_id": null,
            "ipv4_netmask_length": null,
            "ipv6_association_id": "",
            "ipv6_cidr_block": "",
            "ipv6_cidr_block_network_border_group": "",
            "ipv6_ipam_pool_id": "",
            "ipv6_netmask_length": 0,
            "main_route_table_id": "rtb-0c6737f52e9469be3",
            "owner_id": "035267315123",
            "tags": {
              "Example": "elven-vpc",
              "GithubOrg": "elvenproject-sre",
              "GithubRepo": "github.com/jpedrobf/elvenworks-project",
              "Name": "elven-vpc"
            },
            "tags_all": {
              "Example": "elven-vpc",
              "GithubOrg": "elvenproject-sre",
              "GithubRepo": "github.com/jpedrobf/elvenworks-project",
              "Name": "elven-vpc",
              "bu": "tech_cross",
              "project": "elvenworks-project",
              "squad": "sre",
              "terraform": "true"
            }
          },
          "sensitive_attributes": [],
          "private": "eyJzY2hlbWFfdmVyc2lvbiI6IjEifQ=="
        }
      ]
    }
  ],
  "check_results": null
}
