{
  "version": 4,
  "terraform_version": "1.6.2",
  "serial": 187,
  "lineage": "d8cd43b1-f405-696f-1090-fcb359186c95",
  "outputs": {},
  "resources": [
    {
      "mode": "data",
      "type": "aws_ami",
      "name": "eks_default",
      "provider": "provider[\"registry.terraform.io/hashicorp/aws\"]",
      "instances": [
        {
          "schema_version": 0,
          "attributes": {
            "architecture": "x86_64",
            "arn": "arn:aws:ec2:sa-east-1::image/ami-04db11f9b6ad38349",
            "block_device_mappings": [
              {
                "device_name": "/dev/xvda",
                "ebs": {
                  "delete_on_termination": "true",
                  "encrypted": "false",
                  "iops": "0",
                  "snapshot_id": "snap-09554785e857a8f77",
                  "throughput": "0",
                  "volume_size": "20",
                  "volume_type": "gp2"
                },
                "no_device": "",
                "virtual_name": ""
              }
            ],
            "boot_mode": "",
            "creation_date": "2023-10-03T04:23:27.000Z",
            "deprecation_time": "2025-10-03T04:23:27.000Z",
            "description": "EKS Kubernetes Worker AMI with AmazonLinux2 image, (k8s: 1.26.8, containerd: 1.6.*)",
            "ena_support": true,
            "executable_users": null,
            "filter": [
              {
                "name": "name",
                "values": [
                  "amazon-eks-node-1.26-v*"
                ]
              }
            ],
            "hypervisor": "xen",
            "id": "ami-04db11f9b6ad38349",
            "image_id": "ami-04db11f9b6ad38349",
            "image_location": "amazon/amazon-eks-node-1.26-v20231002",
            "image_owner_alias": "amazon",
            "image_type": "machine",
            "imds_support": "",
            "include_deprecated": false,
            "kernel_id": "",
            "most_recent": true,
            "name": "amazon-eks-node-1.26-v20231002",
            "name_regex": null,
            "owner_id": "602401143452",
            "owners": [
              "amazon"
            ],
            "platform": "",
            "platform_details": "Linux/UNIX",
            "product_codes": [],
            "public": true,
            "ramdisk_id": "",
            "root_device_name": "/dev/xvda",
            "root_device_type": "ebs",
            "root_snapshot_id": "snap-09554785e857a8f77",
            "sriov_net_support": "simple",
            "state": "available",
            "state_reason": {
              "code": "UNSET",
              "message": "UNSET"
            },
            "tags": {},
            "timeouts": null,
            "tpm_support": "",
            "usage_operation": "RunInstances",
            "virtualization_type": "hvm"
          },
          "sensitive_attributes": []
        }
      ]
    },
    {
      "mode": "data",
      "type": "aws_availability_zones",
      "name": "available",
      "provider": "provider[\"registry.terraform.io/hashicorp/aws\"]",
      "instances": [
        {
          "schema_version": 0,
          "attributes": {
            "all_availability_zones": null,
            "exclude_names": null,
            "exclude_zone_ids": null,
            "filter": null,
            "group_names": [
              "sa-east-1"
            ],
            "id": "sa-east-1",
            "names": [
              "sa-east-1a",
              "sa-east-1b",
              "sa-east-1c"
            ],
            "state": null,
            "timeouts": null,
            "zone_ids": [
              "sae1-az1",
              "sae1-az2",
              "sae1-az3"
            ]
          },
          "sensitive_attributes": []
        }
      ]
    },
    {
      "mode": "data",
      "type": "aws_caller_identity",
      "name": "current",
      "provider": "provider[\"registry.terraform.io/hashicorp/aws\"]",
      "instances": [
        {
          "schema_version": 0,
          "attributes": {
            "account_id": "790817841652",
            "arn": "arn:aws:iam::790817841652:user/jp",
            "id": "790817841652",
            "user_id": "AIDA3QIDKUH2DGQZNQGY4"
          },
          "sensitive_attributes": []
        }
      ]
    },
    {
      "module": "module.cluster-autoscaler_role",
      "mode": "data",
      "type": "aws_caller_identity",
      "name": "current",
      "provider": "provider[\"registry.terraform.io/hashicorp/aws\"]",
      "instances": [
        {
          "schema_version": 0,
          "attributes": {
            "account_id": "790817841652",
            "arn": "arn:aws:iam::790817841652:user/jp",
            "id": "790817841652",
            "user_id": "AIDA3QIDKUH2DGQZNQGY4"
          },
          "sensitive_attributes": []
        }
      ]
    },
    {
      "module": "module.cluster-autoscaler_role",
      "mode": "data",
      "type": "aws_iam_policy_document",
      "name": "cluster_autoscaler",
      "provider": "provider[\"registry.terraform.io/hashicorp/aws\"]",
      "instances": [
        {
          "index_key": 0,
          "schema_version": 0,
          "attributes": {
            "id": "2122215732",
            "json": "{\n  \"Version\": \"2012-10-17\",\n  \"Statement\": [\n    {\n      \"Effect\": \"Allow\",\n      \"Action\": [\n        \"eks:DescribeNodegroup\",\n        \"ec2:GetInstanceTypesFromInstanceRequirements\",\n        \"ec2:DescribeLaunchTemplateVersions\",\n        \"ec2:DescribeInstanceTypes\",\n        \"ec2:DescribeImages\",\n        \"autoscaling:DescribeTags\",\n        \"autoscaling:DescribeScalingActivities\",\n        \"autoscaling:DescribeLaunchConfigurations\",\n        \"autoscaling:DescribeAutoScalingInstances\",\n        \"autoscaling:DescribeAutoScalingGroups\"\n      ],\n      \"Resource\": \"*\"\n    },\n    {\n      \"Effect\": \"Allow\",\n      \"Action\": [\n        \"autoscaling:TerminateInstanceInAutoScalingGroup\",\n        \"autoscaling:SetDesiredCapacity\"\n      ],\n      \"Resource\": \"*\",\n      \"Condition\": {\n        \"StringEquals\": {\n          \"autoscaling:ResourceTag/kubernetes.io/cluster/elven-cluster\": \"owned\"\n        }\n      }\n    }\n  ]\n}",
            "override_policy_documents": null,
            "policy_id": null,
            "source_policy_documents": null,
            "statement": [
              {
                "actions": [
                  "autoscaling:DescribeAutoScalingGroups",
                  "autoscaling:DescribeAutoScalingInstances",
                  "autoscaling:DescribeLaunchConfigurations",
                  "autoscaling:DescribeScalingActivities",
                  "autoscaling:DescribeTags",
                  "ec2:DescribeImages",
                  "ec2:DescribeInstanceTypes",
                  "ec2:DescribeLaunchTemplateVersions",
                  "ec2:GetInstanceTypesFromInstanceRequirements",
                  "eks:DescribeNodegroup"
                ],
                "condition": [],
                "effect": "Allow",
                "not_actions": [],
                "not_principals": [],
                "not_resources": [],
                "principals": [],
                "resources": [
                  "*"
                ],
                "sid": ""
              },
              {
                "actions": [
                  "autoscaling:SetDesiredCapacity",
                  "autoscaling:TerminateInstanceInAutoScalingGroup"
                ],
                "condition": [
                  {
                    "test": "StringEquals",
                    "values": [
                      "owned"
                    ],
                    "variable": "autoscaling:ResourceTag/kubernetes.io/cluster/elven-cluster"
                  }
                ],
                "effect": "Allow",
                "not_actions": [],
                "not_principals": [],
                "not_resources": [],
                "principals": [],
                "resources": [
                  "*"
                ],
                "sid": ""
              }
            ],
            "version": "2012-10-17"
          },
          "sensitive_attributes": []
        }
      ]
    },
    {
      "module": "module.cluster-autoscaler_role",
      "mode": "data",
      "type": "aws_iam_policy_document",
      "name": "this",
      "provider": "provider[\"registry.terraform.io/hashicorp/aws\"]",
      "instances": [
        {
          "index_key": 0,
          "schema_version": 0,
          "attributes": {
            "id": "2283759876",
            "json": "{\n  \"Version\": \"2012-10-17\",\n  \"Statement\": [\n    {\n      \"Effect\": \"Allow\",\n      \"Action\": \"sts:AssumeRoleWithWebIdentity\",\n      \"Principal\": {\n        \"Federated\": \"arn:aws:iam::790817841652:oidc-provider/oidc.eks.sa-east-1.amazonaws.com/id/9A1EA79CEBF934F167DAB157DE409353\"\n      },\n      \"Condition\": {\n        \"StringEquals\": {\n          \"oidc.eks.sa-east-1.amazonaws.com/id/9A1EA79CEBF934F167DAB157DE409353:aud\": \"sts.amazonaws.com\",\n          \"oidc.eks.sa-east-1.amazonaws.com/id/9A1EA79CEBF934F167DAB157DE409353:sub\": \"system:serviceaccount:kube-system:cluster-autoscaler-aws-cluster-autoscaler\"\n        }\n      }\n    }\n  ]\n}",
            "override_policy_documents": null,
            "policy_id": null,
            "source_policy_documents": null,
            "statement": [
              {
                "actions": [
                  "sts:AssumeRoleWithWebIdentity"
                ],
                "condition": [
                  {
                    "test": "StringEquals",
                    "values": [
                      "sts.amazonaws.com"
                    ],
                    "variable": "oidc.eks.sa-east-1.amazonaws.com/id/9A1EA79CEBF934F167DAB157DE409353:aud"
                  },
                  {
                    "test": "StringEquals",
                    "values": [
                      "system:serviceaccount:kube-system:cluster-autoscaler-aws-cluster-autoscaler"
                    ],
                    "variable": "oidc.eks.sa-east-1.amazonaws.com/id/9A1EA79CEBF934F167DAB157DE409353:sub"
                  }
                ],
                "effect": "Allow",
                "not_actions": [],
                "not_principals": [],
                "not_resources": [],
                "principals": [
                  {
                    "identifiers": [
                      "arn:aws:iam::790817841652:oidc-provider/oidc.eks.sa-east-1.amazonaws.com/id/9A1EA79CEBF934F167DAB157DE409353"
                    ],
                    "type": "Federated"
                  }
                ],
                "resources": [],
                "sid": ""
              }
            ],
            "version": "2012-10-17"
          },
          "sensitive_attributes": []
        }
      ]
    },
    {
      "module": "module.cluster-autoscaler_role",
      "mode": "data",
      "type": "aws_partition",
      "name": "current",
      "provider": "provider[\"registry.terraform.io/hashicorp/aws\"]",
      "instances": [
        {
          "schema_version": 0,
          "attributes": {
            "dns_suffix": "amazonaws.com",
            "id": "aws",
            "partition": "aws",
            "reverse_dns_prefix": "com.amazonaws"
          },
          "sensitive_attributes": []
        }
      ]
    },
    {
      "module": "module.cluster-autoscaler_role",
      "mode": "data",
      "type": "aws_region",
      "name": "current",
      "provider": "provider[\"registry.terraform.io/hashicorp/aws\"]",
      "instances": [
        {
          "schema_version": 0,
          "attributes": {
            "description": "South America (Sao Paulo)",
            "endpoint": "ec2.sa-east-1.amazonaws.com",
            "id": "sa-east-1",
            "name": "sa-east-1"
          },
          "sensitive_attributes": []
        }
      ]
    },
    {
      "module": "module.cluster-autoscaler_role",
      "mode": "managed",
      "type": "aws_iam_policy",
      "name": "cluster_autoscaler",
      "provider": "provider[\"registry.terraform.io/hashicorp/aws\"]",
      "instances": [
        {
          "index_key": 0,
          "schema_version": 0,
          "attributes": {
            "arn": "arn:aws:iam::790817841652:policy/AmazonEKS_Cluster_Autoscaler_Policy-20231028203502849000000001",
            "description": "Cluster autoscaler policy to allow examination and modification of EC2 Auto Scaling Groups",
            "id": "arn:aws:iam::790817841652:policy/AmazonEKS_Cluster_Autoscaler_Policy-20231028203502849000000001",
            "name": "AmazonEKS_Cluster_Autoscaler_Policy-20231028203502849000000001",
            "name_prefix": "AmazonEKS_Cluster_Autoscaler_Policy-",
            "path": "/",
            "policy": "{\"Statement\":[{\"Action\":[\"eks:DescribeNodegroup\",\"ec2:GetInstanceTypesFromInstanceRequirements\",\"ec2:DescribeLaunchTemplateVersions\",\"ec2:DescribeInstanceTypes\",\"ec2:DescribeImages\",\"autoscaling:DescribeTags\",\"autoscaling:DescribeScalingActivities\",\"autoscaling:DescribeLaunchConfigurations\",\"autoscaling:DescribeAutoScalingInstances\",\"autoscaling:DescribeAutoScalingGroups\"],\"Effect\":\"Allow\",\"Resource\":\"*\"},{\"Action\":[\"autoscaling:TerminateInstanceInAutoScalingGroup\",\"autoscaling:SetDesiredCapacity\"],\"Condition\":{\"StringEquals\":{\"autoscaling:ResourceTag/kubernetes.io/cluster/elven-cluster\":\"owned\"}},\"Effect\":\"Allow\",\"Resource\":\"*\"}],\"Version\":\"2012-10-17\"}",
            "policy_id": "ANPA3QIDKUH2AOEGPPH5V",
            "tags": {
              "GithubOrg": "elvenproject-sre",
              "GithubRepo": "github.com/jpedrobf/elvenworks-project",
              "Project": "elvenworks-project",
              "application": "",
              "bu": "tech_cross",
              "cost_optimized": "true",
              "environment": "dev",
              "managed_by": "test-elvenwork-project",
              "shared": "true",
              "squad": "sre",
              "terraform": "true",
              "tribe": "tech_cross"
            },
            "tags_all": {
              "GithubOrg": "elvenproject-sre",
              "GithubRepo": "github.com/jpedrobf/elvenworks-project",
              "Project": "elvenworks-project",
              "application": "",
              "bu": "tech_cross",
              "cost_optimized": "true",
              "environment": "dev",
              "managed_by": "test-elvenwork-project",
              "shared": "true",
              "squad": "sre",
              "terraform": "true",
              "tribe": "tech_cross"
            }
          },
          "sensitive_attributes": [],
          "private": "bnVsbA==",
          "dependencies": [
            "module.cluster-autoscaler_role.data.aws_iam_policy_document.cluster_autoscaler"
          ]
        }
      ]
    },
    {
      "module": "module.cluster-autoscaler_role",
      "mode": "managed",
      "type": "aws_iam_role",
      "name": "this",
      "provider": "provider[\"registry.terraform.io/hashicorp/aws\"]",
      "instances": [
        {
          "index_key": 0,
          "schema_version": 0,
          "attributes": {
            "arn": "arn:aws:iam::790817841652:role/cluster-autoscaler-role",
            "assume_role_policy": "{\"Statement\":[{\"Action\":\"sts:AssumeRoleWithWebIdentity\",\"Condition\":{\"StringEquals\":{\"oidc.eks.sa-east-1.amazonaws.com/id/9A1EA79CEBF934F167DAB157DE409353:aud\":\"sts.amazonaws.com\",\"oidc.eks.sa-east-1.amazonaws.com/id/9A1EA79CEBF934F167DAB157DE409353:sub\":\"system:serviceaccount:kube-system:cluster-autoscaler-aws-cluster-autoscaler\"}},\"Effect\":\"Allow\",\"Principal\":{\"Federated\":\"arn:aws:iam::790817841652:oidc-provider/oidc.eks.sa-east-1.amazonaws.com/id/9A1EA79CEBF934F167DAB157DE409353\"}}],\"Version\":\"2012-10-17\"}",
            "create_date": "2023-10-28T20:35:00Z",
            "description": "",
            "force_detach_policies": true,
            "id": "cluster-autoscaler-role",
            "inline_policy": [],
            "managed_policy_arns": [
              "arn:aws:iam::790817841652:policy/AmazonEKS_Cluster_Autoscaler_Policy-20231028203502849000000001",
              "arn:aws:iam::aws:policy/AmazonEKS_CNI_Policy"
            ],
            "max_session_duration": 3600,
            "name": "cluster-autoscaler-role",
            "name_prefix": "",
            "path": "/",
            "permissions_boundary": "",
            "tags": {
              "GithubOrg": "elvenproject-sre",
              "GithubRepo": "github.com/jpedrobf/elvenworks-project",
              "Project": "elvenworks-project",
              "application": "",
              "bu": "tech_cross",
              "cost_optimized": "true",
              "environment": "dev",
              "managed_by": "test-elvenwork-project",
              "shared": "true",
              "squad": "sre",
              "terraform": "true",
              "tribe": "tech_cross"
            },
            "tags_all": {
              "GithubOrg": "elvenproject-sre",
              "GithubRepo": "github.com/jpedrobf/elvenworks-project",
              "Project": "elvenworks-project",
              "application": "",
              "bu": "tech_cross",
              "cost_optimized": "true",
              "environment": "dev",
              "managed_by": "test-elvenwork-project",
              "shared": "true",
              "squad": "sre",
              "terraform": "true",
              "tribe": "tech_cross"
            },
            "unique_id": "AROA3QIDKUH2PBEREE4QZ"
          },
          "sensitive_attributes": [],
          "private": "bnVsbA==",
          "dependencies": [
            "module.cluster-autoscaler_role.data.aws_caller_identity.current",
            "module.cluster-autoscaler_role.data.aws_iam_policy_document.this",
            "module.cluster-autoscaler_role.data.aws_partition.current",
            "module.eks.aws_cloudwatch_log_group.this",
            "module.eks.aws_eks_cluster.this",
            "module.eks.aws_iam_openid_connect_provider.oidc_provider",
            "module.eks.aws_iam_policy.cni_ipv6_policy",
            "module.eks.aws_iam_role.this",
            "module.eks.aws_iam_role_policy_attachment.this",
            "module.eks.aws_security_group.cluster",
            "module.eks.aws_security_group.node",
            "module.eks.aws_security_group_rule.cluster",
            "module.eks.aws_security_group_rule.node",
            "module.eks.data.aws_caller_identity.current",
            "module.eks.data.aws_iam_policy_document.assume_role_policy",
            "module.eks.data.aws_iam_policy_document.cni_ipv6_policy",
            "module.eks.data.aws_iam_session_context.current",
            "module.eks.data.aws_partition.current",
            "module.eks.data.tls_certificate.this",
            "module.eks.module.kms.aws_kms_external_key.this",
            "module.eks.module.kms.aws_kms_key.this",
            "module.eks.module.kms.data.aws_caller_identity.current",
            "module.eks.module.kms.data.aws_iam_policy_document.this",
            "module.eks.module.kms.data.aws_partition.current"
          ]
        }
      ]
    },
    {
      "module": "module.cluster-autoscaler_role",
      "mode": "managed",
      "type": "aws_iam_role_policy_attachment",
      "name": "cluster_autoscaler",
      "provider": "provider[\"registry.terraform.io/hashicorp/aws\"]",
      "instances": [
        {
          "index_key": 0,
          "schema_version": 0,
          "attributes": {
            "id": "cluster-autoscaler-role-20231028203504577200000004",
            "policy_arn": "arn:aws:iam::790817841652:policy/AmazonEKS_Cluster_Autoscaler_Policy-20231028203502849000000001",
            "role": "cluster-autoscaler-role"
          },
          "sensitive_attributes": [],
          "private": "bnVsbA==",
          "dependencies": [
            "module.cluster-autoscaler_role.aws_iam_policy.cluster_autoscaler",
            "module.cluster-autoscaler_role.aws_iam_role.this",
            "module.cluster-autoscaler_role.data.aws_caller_identity.current",
            "module.cluster-autoscaler_role.data.aws_iam_policy_document.cluster_autoscaler",
            "module.cluster-autoscaler_role.data.aws_iam_policy_document.this",
            "module.cluster-autoscaler_role.data.aws_partition.current",
            "module.eks.aws_cloudwatch_log_group.this",
            "module.eks.aws_eks_cluster.this",
            "module.eks.aws_iam_openid_connect_provider.oidc_provider",
            "module.eks.aws_iam_policy.cni_ipv6_policy",
            "module.eks.aws_iam_role.this",
            "module.eks.aws_iam_role_policy_attachment.this",
            "module.eks.aws_security_group.cluster",
            "module.eks.aws_security_group.node",
            "module.eks.aws_security_group_rule.cluster",
            "module.eks.aws_security_group_rule.node",
            "module.eks.data.aws_caller_identity.current",
            "module.eks.data.aws_iam_policy_document.assume_role_policy",
            "module.eks.data.aws_iam_policy_document.cni_ipv6_policy",
            "module.eks.data.aws_iam_session_context.current",
            "module.eks.data.aws_partition.current",
            "module.eks.data.tls_certificate.this",
            "module.eks.module.kms.aws_kms_external_key.this",
            "module.eks.module.kms.aws_kms_key.this",
            "module.eks.module.kms.data.aws_caller_identity.current",
            "module.eks.module.kms.data.aws_iam_policy_document.this",
            "module.eks.module.kms.data.aws_partition.current"
          ]
        }
      ]
    },
    {
      "module": "module.cluster-autoscaler_role",
      "mode": "managed",
      "type": "aws_iam_role_policy_attachment",
      "name": "this",
      "provider": "provider[\"registry.terraform.io/hashicorp/aws\"]",
      "instances": [
        {
          "index_key": "AmazonEKS_CNI_Policy",
          "schema_version": 0,
          "attributes": {
            "id": "cluster-autoscaler-role-20231028203504586200000005",
            "policy_arn": "arn:aws:iam::aws:policy/AmazonEKS_CNI_Policy",
            "role": "cluster-autoscaler-role"
          },
          "sensitive_attributes": [],
          "private": "bnVsbA==",
          "dependencies": [
            "module.cluster-autoscaler_role.aws_iam_role.this",
            "module.cluster-autoscaler_role.data.aws_caller_identity.current",
            "module.cluster-autoscaler_role.data.aws_iam_policy_document.this",
            "module.cluster-autoscaler_role.data.aws_partition.current",
            "module.eks.aws_cloudwatch_log_group.this",
            "module.eks.aws_eks_cluster.this",
            "module.eks.aws_iam_openid_connect_provider.oidc_provider",
            "module.eks.aws_iam_policy.cni_ipv6_policy",
            "module.eks.aws_iam_role.this",
            "module.eks.aws_iam_role_policy_attachment.this",
            "module.eks.aws_security_group.cluster",
            "module.eks.aws_security_group.node",
            "module.eks.aws_security_group_rule.cluster",
            "module.eks.aws_security_group_rule.node",
            "module.eks.data.aws_caller_identity.current",
            "module.eks.data.aws_iam_policy_document.assume_role_policy",
            "module.eks.data.aws_iam_policy_document.cni_ipv6_policy",
            "module.eks.data.aws_iam_session_context.current",
            "module.eks.data.aws_partition.current",
            "module.eks.data.tls_certificate.this",
            "module.eks.module.kms.aws_kms_external_key.this",
            "module.eks.module.kms.aws_kms_key.this",
            "module.eks.module.kms.data.aws_caller_identity.current",
            "module.eks.module.kms.data.aws_iam_policy_document.this",
            "module.eks.module.kms.data.aws_partition.current"
          ]
        }
      ]
    },
    {
      "module": "module.eks",
      "mode": "data",
      "type": "aws_caller_identity",
      "name": "current",
      "provider": "provider[\"registry.terraform.io/hashicorp/aws\"]",
      "instances": [
        {
          "schema_version": 0,
          "attributes": {
            "account_id": "790817841652",
            "arn": "arn:aws:iam::790817841652:user/jp",
            "id": "790817841652",
            "user_id": "AIDA3QIDKUH2DGQZNQGY4"
          },
          "sensitive_attributes": []
        }
      ]
    },
    {
      "module": "module.eks",
      "mode": "data",
      "type": "aws_eks_addon_version",
      "name": "this",
      "provider": "provider[\"registry.terraform.io/hashicorp/aws\"]",
      "instances": [
        {
          "index_key": "coredns",
          "schema_version": 0,
          "attributes": {
            "addon_name": "coredns",
            "id": "coredns",
            "kubernetes_version": "1.26",
            "most_recent": true,
            "version": "v1.9.3-eksbuild.7"
          },
          "sensitive_attributes": []
        },
        {
          "index_key": "kube-proxy",
          "schema_version": 0,
          "attributes": {
            "addon_name": "kube-proxy",
            "id": "kube-proxy",
            "kubernetes_version": "1.26",
            "most_recent": true,
            "version": "v1.26.9-eksbuild.2"
          },
          "sensitive_attributes": []
        },
        {
          "index_key": "vpc-cni",
          "schema_version": 0,
          "attributes": {
            "addon_name": "vpc-cni",
            "id": "vpc-cni",
            "kubernetes_version": "1.26",
            "most_recent": true,
            "version": "v1.15.1-eksbuild.1"
          },
          "sensitive_attributes": []
        }
      ]
    },
    {
      "module": "module.eks",
      "mode": "data",
      "type": "aws_iam_policy_document",
      "name": "assume_role_policy",
      "provider": "provider[\"registry.terraform.io/hashicorp/aws\"]",
      "instances": [
        {
          "index_key": 0,
          "schema_version": 0,
          "attributes": {
            "id": "2764486067",
            "json": "{\n  \"Version\": \"2012-10-17\",\n  \"Statement\": [\n    {\n      \"Sid\": \"EKSClusterAssumeRole\",\n      \"Effect\": \"Allow\",\n      \"Action\": \"sts:AssumeRole\",\n      \"Principal\": {\n        \"Service\": \"eks.amazonaws.com\"\n      }\n    }\n  ]\n}",
            "override_policy_documents": null,
            "policy_id": null,
            "source_policy_documents": null,
            "statement": [
              {
                "actions": [
                  "sts:AssumeRole"
                ],
                "condition": [],
                "effect": "Allow",
                "not_actions": [],
                "not_principals": [],
                "not_resources": [],
                "principals": [
                  {
                    "identifiers": [
                      "eks.amazonaws.com"
                    ],
                    "type": "Service"
                  }
                ],
                "resources": [],
                "sid": "EKSClusterAssumeRole"
              }
            ],
            "version": "2012-10-17"
          },
          "sensitive_attributes": []
        }
      ]
    },
    {
      "module": "module.eks",
      "mode": "data",
      "type": "aws_iam_session_context",
      "name": "current",
      "provider": "provider[\"registry.terraform.io/hashicorp/aws\"]",
      "instances": [
        {
          "schema_version": 0,
          "attributes": {
            "arn": "arn:aws:iam::790817841652:user/jp",
            "id": "arn:aws:iam::790817841652:user/jp",
            "issuer_arn": "arn:aws:iam::790817841652:user/jp",
            "issuer_id": "",
            "issuer_name": "",
            "session_name": ""
          },
          "sensitive_attributes": []
        }
      ]
    },
    {
      "module": "module.eks",
      "mode": "data",
      "type": "aws_partition",
      "name": "current",
      "provider": "provider[\"registry.terraform.io/hashicorp/aws\"]",
      "instances": [
        {
          "schema_version": 0,
          "attributes": {
            "dns_suffix": "amazonaws.com",
            "id": "aws",
            "partition": "aws",
            "reverse_dns_prefix": "com.amazonaws"
          },
          "sensitive_attributes": []
        }
      ]
    },
    {
      "module": "module.eks",
      "mode": "data",
      "type": "tls_certificate",
      "name": "this",
      "provider": "provider[\"registry.terraform.io/hashicorp/tls\"]",
      "instances": [
        {
          "index_key": 0,
          "schema_version": 0,
          "attributes": {
            "certificates": [
              {
                "cert_pem": "-----BEGIN CERTIFICATE-----\nMIIEdTCCA12gAwIBAgIJAKcOSkw0grd/MA0GCSqGSIb3DQEBCwUAMGgxCzAJBgNV\nBAYTAlVTMSUwIwYDVQQKExxTdGFyZmllbGQgVGVjaG5vbG9naWVzLCBJbmMuMTIw\nMAYDVQQLEylTdGFyZmllbGQgQ2xhc3MgMiBDZXJ0aWZpY2F0aW9uIEF1dGhvcml0\neTAeFw0wOTA5MDIwMDAwMDBaFw0zNDA2MjgxNzM5MTZaMIGYMQswCQYDVQQGEwJV\nUzEQMA4GA1UECBMHQXJpem9uYTETMBEGA1UEBxMKU2NvdHRzZGFsZTElMCMGA1UE\nChMcU3RhcmZpZWxkIFRlY2hub2xvZ2llcywgSW5jLjE7MDkGA1UEAxMyU3RhcmZp\nZWxkIFNlcnZpY2VzIFJvb3QgQ2VydGlmaWNhdGUgQXV0aG9yaXR5IC0gRzIwggEi\nMA0GCSqGSIb3DQEBAQUAA4IBDwAwggEKAoIBAQDVDDrEKvlO4vW+GZdfjohTsR8/\ny8+fIBNtKTrID30892t2OGPZNmCom15cAICyL1l/9of5JUOG52kbUpqQ4XHj2C0N\nTm/2yEnZtvMaVq4rtnQU68/7JuMauh2WLmo7WJSJR1b/JaCTcFOD2oR0FMNnngRo\nOt+OQFodSk7PQ5E751bWAHDLUu57fa4657wx+UX2wmDPE1kCK4DMNEffud6QZW0C\nzyyRpqbn3oUYSXxmTqM6bam17jQuug0DuDPfR+uxa40l2ZvOgdFFRjKWcIfeAg5J\nQ4W2bHO7ZOphQazJ1FTfhy/HIrImzJ9ZVGif/L4qL8RVHHVAYBeFAlU5i38FAgMB\nAAGjgfAwge0wDwYDVR0TAQH/BAUwAwEB/zAOBgNVHQ8BAf8EBAMCAYYwHQYDVR0O\nBBYEFJxfAN+qAdcwKziIorhtSpzyEZGDMB8GA1UdIwQYMBaAFL9ft9HO3R+G9FtV\nrNzXEMIOqYjnME8GCCsGAQUFBwEBBEMwQTAcBggrBgEFBQcwAYYQaHR0cDovL28u\nc3MyLnVzLzAhBggrBgEFBQcwAoYVaHR0cDovL3guc3MyLnVzL3guY2VyMCYGA1Ud\nHwQfMB0wG6AZoBeGFWh0dHA6Ly9zLnNzMi51cy9yLmNybDARBgNVHSAECjAIMAYG\nBFUdIAAwDQYJKoZIhvcNAQELBQADggEBACMd44pXyn3pF3lM8R5V/cxTbj5HD9/G\nVfKyBDbtgB9TxF00KGu+x1X8Z+rLP3+QsjPNG1gQggL4+C/1E2DUBc7xgQjB3ad1\nl08YuW3e95ORCLp+QCztweq7dp4zBncdDQh/U90bZKuCJ/Fp1U1ervShw3WnWEQt\n8jxwmKy6abaVd38PMV4s/KCHOkdp8Hlf9BRUpJVeEXgSYCfOn8J3/yNTd126/+pZ\n59vPr5KW7ySaNRB6nJHGDn2Z9j8Z3/VyVOEVqQdZe4O/Ui5GjLIAZHYcSNPYeehu\nVsyuLAOQ1xk4meTKCRlb/weWsKh/NEnfVqn3sF/tM+2MR7cwA130A4w=\n-----END CERTIFICATE-----\n",
                "is_ca": true,
                "issuer": "OU=Starfield Class 2 Certification Authority,O=Starfield Technologies\\, Inc.,C=US",
                "not_after": "2034-06-28T17:39:16Z",
                "not_before": "2009-09-02T00:00:00Z",
                "public_key_algorithm": "RSA",
                "serial_number": "12037640545166866303",
                "sha1_fingerprint": "9e99a48a9960b14926bb7f3b02e22da2b0ab7280",
                "signature_algorithm": "SHA256-RSA",
                "subject": "CN=Starfield Services Root Certificate Authority - G2,O=Starfield Technologies\\, Inc.,L=Scottsdale,ST=Arizona,C=US",
                "version": 3
              },
              {
                "cert_pem": "-----BEGIN CERTIFICATE-----\nMIIEkjCCA3qgAwIBAgITBn+USionzfP6wq4rAfkI7rnExjANBgkqhkiG9w0BAQsF\nADCBmDELMAkGA1UEBhMCVVMxEDAOBgNVBAgTB0FyaXpvbmExEzARBgNVBAcTClNj\nb3R0c2RhbGUxJTAjBgNVBAoTHFN0YXJmaWVsZCBUZWNobm9sb2dpZXMsIEluYy4x\nOzA5BgNVBAMTMlN0YXJmaWVsZCBTZXJ2aWNlcyBSb290IENlcnRpZmljYXRlIEF1\ndGhvcml0eSAtIEcyMB4XDTE1MDUyNTEyMDAwMFoXDTM3MTIzMTAxMDAwMFowOTEL\nMAkGA1UEBhMCVVMxDzANBgNVBAoTBkFtYXpvbjEZMBcGA1UEAxMQQW1hem9uIFJv\nb3QgQ0EgMTCCASIwDQYJKoZIhvcNAQEBBQADggEPADCCAQoCggEBALJ4gHHKeNXj\nca9HgFB0fW7Y14h29Jlo91ghYPl0hAEvrAIthtOgQ3pOsqTQNroBvo3bSMgHFzZM\n9O6II8c+6zf1tRn4SWiw3te5djgdYZ6k/oI2peVKVuRF4fn9tBb6dNqcmzU5L/qw\nIFAGbHrQgLKm+a/sRxmPUDgH3KKHOVj4utWp+UhnMJbulHheb4mjUcAwhmahRWa6\nVOujw5H5SNz/0egwLX0tdHA114gk957EWW67c4cX8jJGKLhD+rcdqsq08p8kDi1L\n93FcXmn/6pUCyziKrlA4b9v7LWIbxcceVOF34GfID5yHI9Y/QCB/IIDEgEw+OyQm\njgSubJrIqg0CAwEAAaOCATEwggEtMA8GA1UdEwEB/wQFMAMBAf8wDgYDVR0PAQH/\nBAQDAgGGMB0GA1UdDgQWBBSEGMyFNOy8DJSULghZnMeyEE4KCDAfBgNVHSMEGDAW\ngBScXwDfqgHXMCs4iKK4bUqc8hGRgzB4BggrBgEFBQcBAQRsMGowLgYIKwYBBQUH\nMAGGImh0dHA6Ly9vY3NwLnJvb3RnMi5hbWF6b250cnVzdC5jb20wOAYIKwYBBQUH\nMAKGLGh0dHA6Ly9jcnQucm9vdGcyLmFtYXpvbnRydXN0LmNvbS9yb290ZzIuY2Vy\nMD0GA1UdHwQ2MDQwMqAwoC6GLGh0dHA6Ly9jcmwucm9vdGcyLmFtYXpvbnRydXN0\nLmNvbS9yb290ZzIuY3JsMBEGA1UdIAQKMAgwBgYEVR0gADANBgkqhkiG9w0BAQsF\nAAOCAQEAYjdCXLwQtT6LLOkMm2xF4gcAevnFWAu5CIw+7bMlPLVvUOTNNWqnkzSW\nMiGpSESrnO09tKpzbeR/FoCJbM8oAxiDR3mjEH4wW6w7sGDgd9QIpuEdfF7Au/ma\neyKdpwAJfqxGF4PcnCZXmTA5YpaP7dreqsXMGz7KQ2hsVxa81Q4gLv7/wmpdLqBK\nbRRYh5TmOTFffHPLkIhqhBGWJ6bt2YFGpn6jcgAKUj6DiAdjd4lpFw85hdKrCEVN\n0FE6/V1dN2RMfjCyVSRCnTawXZwXgWHxyvkQAiSr6w10kY17RSlQOYiypok1JR4U\nakcjMS9cmvqtmg5iUaQqqcT5NJ0hGA==\n-----END CERTIFICATE-----\n",
                "is_ca": true,
                "issuer": "CN=Starfield Services Root Certificate Authority - G2,O=Starfield Technologies\\, Inc.,L=Scottsdale,ST=Arizona,C=US",
                "not_after": "2037-12-31T01:00:00Z",
                "not_before": "2015-05-25T12:00:00Z",
                "public_key_algorithm": "RSA",
                "serial_number": "144918191876577076464031512351042010504348870",
                "sha1_fingerprint": "06b25927c42a721631c1efd9431e648fa62e1e39",
                "signature_algorithm": "SHA256-RSA",
                "subject": "CN=Amazon Root CA 1,O=Amazon,C=US",
                "version": 3
              },
              {
                "cert_pem": "-----BEGIN CERTIFICATE-----\nMIIEXjCCA0agAwIBAgITB3MSSkvL1E7HtTvq8ZSELToPoTANBgkqhkiG9w0BAQsF\nADA5MQswCQYDVQQGEwJVUzEPMA0GA1UEChMGQW1hem9uMRkwFwYDVQQDExBBbWF6\nb24gUm9vdCBDQSAxMB4XDTIyMDgyMzIyMjUzMFoXDTMwMDgyMzIyMjUzMFowPDEL\nMAkGA1UEBhMCVVMxDzANBgNVBAoTBkFtYXpvbjEcMBoGA1UEAxMTQW1hem9uIFJT\nQSAyMDQ4IE0wMjCCASIwDQYJKoZIhvcNAQEBBQADggEPADCCAQoCggEBALtDGMZa\nqHneKei1by6+pUPPLljTB143Si6VpEWPc6mSkFhZb/6qrkZyoHlQLbDYnI2D7hD0\nsdzEqfnuAjIsuXQLG3A8TvX6V3oFNBFVe8NlLJHvBseKY88saLwufxkZVwk74g4n\nWlNMXzla9Y5F3wwRHwMVH443xGz6UtGSZSqQ94eFx5X7Tlqt8whi8qCaKdZ5rNak\n+r9nUThOeClqFd4oXych//Rc7Y0eX1KNWHYSI1Nk31mYgiK3JvH063g+K9tHA63Z\neTgKgndlh+WI+zv7i44HepRZjA1FYwYZ9Vv/9UkC5Yz8/yU65fgjaE+wVHM4e/Yy\nC2osrPWE7gJ+dXMCAwEAAaOCAVowggFWMBIGA1UdEwEB/wQIMAYBAf8CAQAwDgYD\nVR0PAQH/BAQDAgGGMB0GA1UdJQQWMBQGCCsGAQUFBwMBBggrBgEFBQcDAjAdBgNV\nHQ4EFgQUwDFSzVpQw4J8dHHOy+mc+XrrguIwHwYDVR0jBBgwFoAUhBjMhTTsvAyU\nlC4IWZzHshBOCggwewYIKwYBBQUHAQEEbzBtMC8GCCsGAQUFBzABhiNodHRwOi8v\nb2NzcC5yb290Y2ExLmFtYXpvbnRydXN0LmNvbTA6BggrBgEFBQcwAoYuaHR0cDov\nL2NydC5yb290Y2ExLmFtYXpvbnRydXN0LmNvbS9yb290Y2ExLmNlcjA/BgNVHR8E\nODA2MDSgMqAwhi5odHRwOi8vY3JsLnJvb3RjYTEuYW1hem9udHJ1c3QuY29tL3Jv\nb3RjYTEuY3JsMBMGA1UdIAQMMAowCAYGZ4EMAQIBMA0GCSqGSIb3DQEBCwUAA4IB\nAQAtTi6Fs0Azfi+iwm7jrz+CSxHH+uHl7Law3MQSXVtR8RV53PtR6r/6gNpqlzdo\nZq4FKbADi1v9Bun8RY8D51uedRfjsbeodizeBB8nXmeyD33Ep7VATj4ozcd31YFV\nfgRhvTSxNrrTlNpWkUk0m3BMPv8sg381HhA6uEYokE5q9uws/3YkKqRiEz3TsaWm\nJqIRZhMbgAfp7O7FUwFIb7UIspogZSKxPIWJpxiPo3TcBambbVtQOcNRWz5qCQdD\nslI2yayq0n2TXoHyNCLEH8rpsJRVILFsg0jc7BaFrMnF462+ajSehgj12IidNeRN\n4zl+EoNaWdpnWndvSpAEkq2P\n-----END CERTIFICATE-----\n",
                "is_ca": true,
                "issuer": "CN=Amazon Root CA 1,O=Amazon,C=US",
                "not_after": "2030-08-23T22:25:30Z",
                "not_before": "2022-08-23T22:25:30Z",
                "public_key_algorithm": "RSA",
                "serial_number": "166129353110899469622597955040406457904926625",
                "sha1_fingerprint": "414a2060b738c635cc7fc243e052615592830c53",
                "signature_algorithm": "SHA256-RSA",
                "subject": "CN=Amazon RSA 2048 M02,O=Amazon,C=US",
                "version": 3
              },
              {
                "cert_pem": "-----BEGIN CERTIFICATE-----\nMIIF7TCCBNWgAwIBAgIQCR0RautGgh4pAsdfJixYpTANBgkqhkiG9w0BAQsFADA8\nMQswCQYDVQQGEwJVUzEPMA0GA1UEChMGQW1hem9uMRwwGgYDVQQDExNBbWF6b24g\nUlNBIDIwNDggTTAyMB4XDTIzMDQxNTAwMDAwMFoXDTI0MDUxMzIzNTk1OVowKzEp\nMCcGA1UEAxMgb2lkYy5la3Muc2EtZWFzdC0xLmFtYXpvbmF3cy5jb20wggEiMA0G\nCSqGSIb3DQEBAQUAA4IBDwAwggEKAoIBAQCwXWoD5Ok+2eQ6AWAZuSoMFtqWUBGT\nkygYng8wCXnhOOC9UgavIhuiApdA2L/wi76HrT2YPp8uj5prAaRyBma0iXmEOyLx\nSwVUhjycamkjQOvHajWLQ8VEPQaVaMh90aJUN7YzEP2bCVNiNQLIcx/6Cm/iswGp\nEbofrG626c0r2lNt+JkgO5n6+ZWHyAGvz2LPApTJXUFBe1cFAUl5uuXjvMQIgGnY\n3lPYgxzUe4puLbrPA0eGhIfuD1B+05gR25TEtix9Q7MpY4TetDZFMaP7oSj/Bo9n\nFnoXGdVy7i5d6xFHPeBIe/KLgjq6/xJhOOUw2rVUdx/VRr8rZ40lAbaXAgMBAAGj\nggL6MIIC9jAfBgNVHSMEGDAWgBTAMVLNWlDDgnx0cc7L6Zz5euuC4jAdBgNVHQ4E\nFgQUbEXf/kvmQz4Vso0u5bi68N1Li7AwKwYDVR0RBCQwIoIgb2lkYy5la3Muc2Et\nZWFzdC0xLmFtYXpvbmF3cy5jb20wDgYDVR0PAQH/BAQDAgWgMB0GA1UdJQQWMBQG\nCCsGAQUFBwMBBggrBgEFBQcDAjA7BgNVHR8ENDAyMDCgLqAshipodHRwOi8vY3Js\nLnIybTAyLmFtYXpvbnRydXN0LmNvbS9yMm0wMi5jcmwwEwYDVR0gBAwwCjAIBgZn\ngQwBAgEwdQYIKwYBBQUHAQEEaTBnMC0GCCsGAQUFBzABhiFodHRwOi8vb2NzcC5y\nMm0wMi5hbWF6b250cnVzdC5jb20wNgYIKwYBBQUHMAKGKmh0dHA6Ly9jcnQucjJt\nMDIuYW1hem9udHJ1c3QuY29tL3IybTAyLmNlcjAMBgNVHRMBAf8EAjAAMIIBfwYK\nKwYBBAHWeQIEAgSCAW8EggFrAWkAdgDuzdBk1dsazsVct520zROiModGfLzs3sNR\nSFlGcR+1mwAAAYeCQ6wPAAAEAwBHMEUCIGKT7tW2Uv/thS2YMafmqNZ4Sir/mUi1\nbj4BzuPbnTYMAiEAj+UtNLmNnNeg9BzkDZQgMitNy7/868Ut7uHjD3nmb4AAdwBz\n2Z6JG0yWeKAgfUed5rLGHNBRXnEZKoxrgBB6wXdytQAAAYeCQ6xoAAAEAwBIMEYC\nIQDMam/UfDKLkV9v2CoASHiXzqicVN2Md8YtFQGnvAv/ugIhALs5Q+Yf5VJCGpxb\nFmu25LQ2eSmSju/WfyYUyoC+SiE/AHYASLDja9qmRzQP5WoC+p0w6xxSActW3SyB\n2bu/qznYhHMAAAGHgkOsPgAABAMARzBFAiEAxfQQloZC+lUdc6lXvZ43H5je6TeT\nfprT2mjMWspJnNsCIEXJHsWbpZtc/JRAei5ahZ9D1vX6YMulNyuUG6+EtplsMA0G\nCSqGSIb3DQEBCwUAA4IBAQAuTR02hdyqPFJZ1gGYTjTOsb5kXer9RENyq9GnULbg\n1x0Oe6ebqpCDWShKLh5vpdb95b3KJd3UX35sJ6IVcVowpbgYWHkuyNmOoBpMLTAq\noMyiWYQKPBbiaI43zDYcDtxtxZmQOXxSEN3fNXShW0C1qDRcRUVur0cGMOqTE3XP\nD7ys+Hpefa9JVmBV1iFRaz/f/kuZLvge5Y2SieE+R2rXeDtH33RCrlUnVWjfnEwC\nOAK1bd2xyaR7pQdO03JpCDw2W8eGk341XZM6Io4W3V3M7gba2zPWd+iUxV2mAOB2\n6bn8pQPh8+WeED5tsvRLKz6JJCcy//OeVgNIlX/DkE7T\n-----END CERTIFICATE-----\n",
                "is_ca": false,
                "issuer": "CN=Amazon RSA 2048 M02,O=Amazon,C=US",
                "not_after": "2024-05-13T23:59:59Z",
                "not_before": "2023-04-15T00:00:00Z",
                "public_key_algorithm": "RSA",
                "serial_number": "12113981842924458027167993929703119013",
                "sha1_fingerprint": "281b5466a69d7149559a016d8474150a84d9330f",
                "signature_algorithm": "SHA256-RSA",
                "subject": "CN=oidc.eks.sa-east-1.amazonaws.com",
                "version": 3
              }
            ],
            "content": null,
            "id": "7c469a3ce1b7b52538d94c7cecb3bf19eeb9b56b",
            "url": "https://oidc.eks.sa-east-1.amazonaws.com/id/9A1EA79CEBF934F167DAB157DE409353",
            "verify_chain": true
          },
          "sensitive_attributes": []
        }
      ]
    },
    {
      "module": "module.eks",
      "mode": "managed",
      "type": "aws_cloudwatch_log_group",
      "name": "this",
      "provider": "provider[\"registry.terraform.io/hashicorp/aws\"]",
      "instances": [
        {
          "index_key": 0,
          "schema_version": 0,
          "attributes": {
            "arn": "arn:aws:logs:sa-east-1:790817841652:log-group:/aws/eks/elven-cluster/cluster",
            "id": "/aws/eks/elven-cluster/cluster",
            "kms_key_id": "",
            "name": "/aws/eks/elven-cluster/cluster",
            "name_prefix": "",
            "retention_in_days": 90,
            "skip_destroy": false,
            "tags": {},
            "tags_all": {}
          },
          "sensitive_attributes": [],
          "private": "bnVsbA==",
          "create_before_destroy": true
        }
      ]
    },
    {
      "module": "module.eks",
      "mode": "managed",
      "type": "aws_ec2_tag",
      "name": "cluster_primary_security_group",
      "provider": "provider[\"registry.terraform.io/hashicorp/aws\"]",
      "instances": [
        {
          "index_key": "GithubOrg",
          "schema_version": 0,
          "attributes": {
            "id": "sg-05fb0f8aad13fa534,GithubOrg",
            "key": "GithubOrg",
            "resource_id": "sg-05fb0f8aad13fa534",
            "value": "elvenproject-sre"
          },
          "sensitive_attributes": [],
          "private": "bnVsbA==",
          "dependencies": [
            "module.eks.aws_cloudwatch_log_group.this",
            "module.eks.aws_eks_cluster.this",
            "module.eks.aws_iam_policy.cni_ipv6_policy",
            "module.eks.aws_iam_role.this",
            "module.eks.aws_iam_role_policy_attachment.this",
            "module.eks.aws_security_group.cluster",
            "module.eks.aws_security_group.node",
            "module.eks.aws_security_group_rule.cluster",
            "module.eks.aws_security_group_rule.node",
            "module.eks.data.aws_caller_identity.current",
            "module.eks.data.aws_iam_policy_document.assume_role_policy",
            "module.eks.data.aws_iam_policy_document.cni_ipv6_policy",
            "module.eks.data.aws_iam_session_context.current",
            "module.eks.data.aws_partition.current",
            "module.eks.module.kms.aws_kms_external_key.this",
            "module.eks.module.kms.aws_kms_key.this",
            "module.eks.module.kms.data.aws_caller_identity.current",
            "module.eks.module.kms.data.aws_iam_policy_document.this",
            "module.eks.module.kms.data.aws_partition.current"
          ]
        },
        {
          "index_key": "GithubRepo",
          "schema_version": 0,
          "attributes": {
            "id": "sg-05fb0f8aad13fa534,GithubRepo",
            "key": "GithubRepo",
            "resource_id": "sg-05fb0f8aad13fa534",
            "value": "github.com/jpedrobf/elvenworks-project"
          },
          "sensitive_attributes": [],
          "private": "bnVsbA==",
          "dependencies": [
            "module.eks.aws_cloudwatch_log_group.this",
            "module.eks.aws_eks_cluster.this",
            "module.eks.aws_iam_policy.cni_ipv6_policy",
            "module.eks.aws_iam_role.this",
            "module.eks.aws_iam_role_policy_attachment.this",
            "module.eks.aws_security_group.cluster",
            "module.eks.aws_security_group.node",
            "module.eks.aws_security_group_rule.cluster",
            "module.eks.aws_security_group_rule.node",
            "module.eks.data.aws_caller_identity.current",
            "module.eks.data.aws_iam_policy_document.assume_role_policy",
            "module.eks.data.aws_iam_policy_document.cni_ipv6_policy",
            "module.eks.data.aws_iam_session_context.current",
            "module.eks.data.aws_partition.current",
            "module.eks.module.kms.aws_kms_external_key.this",
            "module.eks.module.kms.aws_kms_key.this",
            "module.eks.module.kms.data.aws_caller_identity.current",
            "module.eks.module.kms.data.aws_iam_policy_document.this",
            "module.eks.module.kms.data.aws_partition.current"
          ]
        },
        {
          "index_key": "Project",
          "schema_version": 0,
          "attributes": {
            "id": "sg-05fb0f8aad13fa534,Project",
            "key": "Project",
            "resource_id": "sg-05fb0f8aad13fa534",
            "value": "elvenworks-project"
          },
          "sensitive_attributes": [],
          "private": "bnVsbA==",
          "dependencies": [
            "module.eks.aws_cloudwatch_log_group.this",
            "module.eks.aws_eks_cluster.this",
            "module.eks.aws_iam_policy.cni_ipv6_policy",
            "module.eks.aws_iam_role.this",
            "module.eks.aws_iam_role_policy_attachment.this",
            "module.eks.aws_security_group.cluster",
            "module.eks.aws_security_group.node",
            "module.eks.aws_security_group_rule.cluster",
            "module.eks.aws_security_group_rule.node",
            "module.eks.data.aws_caller_identity.current",
            "module.eks.data.aws_iam_policy_document.assume_role_policy",
            "module.eks.data.aws_iam_policy_document.cni_ipv6_policy",
            "module.eks.data.aws_iam_session_context.current",
            "module.eks.data.aws_partition.current",
            "module.eks.module.kms.aws_kms_external_key.this",
            "module.eks.module.kms.aws_kms_key.this",
            "module.eks.module.kms.data.aws_caller_identity.current",
            "module.eks.module.kms.data.aws_iam_policy_document.this",
            "module.eks.module.kms.data.aws_partition.current"
          ]
        },
        {
          "index_key": "application",
          "schema_version": 0,
          "attributes": {
            "id": "sg-05fb0f8aad13fa534,application",
            "key": "application",
            "resource_id": "sg-05fb0f8aad13fa534",
            "value": ""
          },
          "sensitive_attributes": [],
          "private": "bnVsbA==",
          "dependencies": [
            "module.eks.aws_cloudwatch_log_group.this",
            "module.eks.aws_eks_cluster.this",
            "module.eks.aws_iam_policy.cni_ipv6_policy",
            "module.eks.aws_iam_role.this",
            "module.eks.aws_iam_role_policy_attachment.this",
            "module.eks.aws_security_group.cluster",
            "module.eks.aws_security_group.node",
            "module.eks.aws_security_group_rule.cluster",
            "module.eks.aws_security_group_rule.node",
            "module.eks.data.aws_caller_identity.current",
            "module.eks.data.aws_iam_policy_document.assume_role_policy",
            "module.eks.data.aws_iam_policy_document.cni_ipv6_policy",
            "module.eks.data.aws_iam_session_context.current",
            "module.eks.data.aws_partition.current",
            "module.eks.module.kms.aws_kms_external_key.this",
            "module.eks.module.kms.aws_kms_key.this",
            "module.eks.module.kms.data.aws_caller_identity.current",
            "module.eks.module.kms.data.aws_iam_policy_document.this",
            "module.eks.module.kms.data.aws_partition.current"
          ]
        },
        {
          "index_key": "bu",
          "schema_version": 0,
          "attributes": {
            "id": "sg-05fb0f8aad13fa534,bu",
            "key": "bu",
            "resource_id": "sg-05fb0f8aad13fa534",
            "value": "tech_cross"
          },
          "sensitive_attributes": [],
          "private": "bnVsbA==",
          "dependencies": [
            "module.eks.aws_cloudwatch_log_group.this",
            "module.eks.aws_eks_cluster.this",
            "module.eks.aws_iam_policy.cni_ipv6_policy",
            "module.eks.aws_iam_role.this",
            "module.eks.aws_iam_role_policy_attachment.this",
            "module.eks.aws_security_group.cluster",
            "module.eks.aws_security_group.node",
            "module.eks.aws_security_group_rule.cluster",
            "module.eks.aws_security_group_rule.node",
            "module.eks.data.aws_caller_identity.current",
            "module.eks.data.aws_iam_policy_document.assume_role_policy",
            "module.eks.data.aws_iam_policy_document.cni_ipv6_policy",
            "module.eks.data.aws_iam_session_context.current",
            "module.eks.data.aws_partition.current",
            "module.eks.module.kms.aws_kms_external_key.this",
            "module.eks.module.kms.aws_kms_key.this",
            "module.eks.module.kms.data.aws_caller_identity.current",
            "module.eks.module.kms.data.aws_iam_policy_document.this",
            "module.eks.module.kms.data.aws_partition.current"
          ]
        },
        {
          "index_key": "cost_optimized",
          "schema_version": 0,
          "attributes": {
            "id": "sg-05fb0f8aad13fa534,cost_optimized",
            "key": "cost_optimized",
            "resource_id": "sg-05fb0f8aad13fa534",
            "value": "true"
          },
          "sensitive_attributes": [],
          "private": "bnVsbA==",
          "dependencies": [
            "module.eks.aws_cloudwatch_log_group.this",
            "module.eks.aws_eks_cluster.this",
            "module.eks.aws_iam_policy.cni_ipv6_policy",
            "module.eks.aws_iam_role.this",
            "module.eks.aws_iam_role_policy_attachment.this",
            "module.eks.aws_security_group.cluster",
            "module.eks.aws_security_group.node",
            "module.eks.aws_security_group_rule.cluster",
            "module.eks.aws_security_group_rule.node",
            "module.eks.data.aws_caller_identity.current",
            "module.eks.data.aws_iam_policy_document.assume_role_policy",
            "module.eks.data.aws_iam_policy_document.cni_ipv6_policy",
            "module.eks.data.aws_iam_session_context.current",
            "module.eks.data.aws_partition.current",
            "module.eks.module.kms.aws_kms_external_key.this",
            "module.eks.module.kms.aws_kms_key.this",
            "module.eks.module.kms.data.aws_caller_identity.current",
            "module.eks.module.kms.data.aws_iam_policy_document.this",
            "module.eks.module.kms.data.aws_partition.current"
          ]
        },
        {
          "index_key": "environment",
          "schema_version": 0,
          "attributes": {
            "id": "sg-05fb0f8aad13fa534,environment",
            "key": "environment",
            "resource_id": "sg-05fb0f8aad13fa534",
            "value": "dev"
          },
          "sensitive_attributes": [],
          "private": "bnVsbA==",
          "dependencies": [
            "module.eks.aws_cloudwatch_log_group.this",
            "module.eks.aws_eks_cluster.this",
            "module.eks.aws_iam_policy.cni_ipv6_policy",
            "module.eks.aws_iam_role.this",
            "module.eks.aws_iam_role_policy_attachment.this",
            "module.eks.aws_security_group.cluster",
            "module.eks.aws_security_group.node",
            "module.eks.aws_security_group_rule.cluster",
            "module.eks.aws_security_group_rule.node",
            "module.eks.data.aws_caller_identity.current",
            "module.eks.data.aws_iam_policy_document.assume_role_policy",
            "module.eks.data.aws_iam_policy_document.cni_ipv6_policy",
            "module.eks.data.aws_iam_session_context.current",
            "module.eks.data.aws_partition.current",
            "module.eks.module.kms.aws_kms_external_key.this",
            "module.eks.module.kms.aws_kms_key.this",
            "module.eks.module.kms.data.aws_caller_identity.current",
            "module.eks.module.kms.data.aws_iam_policy_document.this",
            "module.eks.module.kms.data.aws_partition.current"
          ]
        },
        {
          "index_key": "managed_by",
          "schema_version": 0,
          "attributes": {
            "id": "sg-05fb0f8aad13fa534,managed_by",
            "key": "managed_by",
            "resource_id": "sg-05fb0f8aad13fa534",
            "value": "test-elvenwork-project"
          },
          "sensitive_attributes": [],
          "private": "bnVsbA==",
          "dependencies": [
            "module.eks.aws_cloudwatch_log_group.this",
            "module.eks.aws_eks_cluster.this",
            "module.eks.aws_iam_policy.cni_ipv6_policy",
            "module.eks.aws_iam_role.this",
            "module.eks.aws_iam_role_policy_attachment.this",
            "module.eks.aws_security_group.cluster",
            "module.eks.aws_security_group.node",
            "module.eks.aws_security_group_rule.cluster",
            "module.eks.aws_security_group_rule.node",
            "module.eks.data.aws_caller_identity.current",
            "module.eks.data.aws_iam_policy_document.assume_role_policy",
            "module.eks.data.aws_iam_policy_document.cni_ipv6_policy",
            "module.eks.data.aws_iam_session_context.current",
            "module.eks.data.aws_partition.current",
            "module.eks.module.kms.aws_kms_external_key.this",
            "module.eks.module.kms.aws_kms_key.this",
            "module.eks.module.kms.data.aws_caller_identity.current",
            "module.eks.module.kms.data.aws_iam_policy_document.this",
            "module.eks.module.kms.data.aws_partition.current"
          ]
        },
        {
          "index_key": "shared",
          "schema_version": 0,
          "attributes": {
            "id": "sg-05fb0f8aad13fa534,shared",
            "key": "shared",
            "resource_id": "sg-05fb0f8aad13fa534",
            "value": "true"
          },
          "sensitive_attributes": [],
          "private": "bnVsbA==",
          "dependencies": [
            "module.eks.aws_cloudwatch_log_group.this",
            "module.eks.aws_eks_cluster.this",
            "module.eks.aws_iam_policy.cni_ipv6_policy",
            "module.eks.aws_iam_role.this",
            "module.eks.aws_iam_role_policy_attachment.this",
            "module.eks.aws_security_group.cluster",
            "module.eks.aws_security_group.node",
            "module.eks.aws_security_group_rule.cluster",
            "module.eks.aws_security_group_rule.node",
            "module.eks.data.aws_caller_identity.current",
            "module.eks.data.aws_iam_policy_document.assume_role_policy",
            "module.eks.data.aws_iam_policy_document.cni_ipv6_policy",
            "module.eks.data.aws_iam_session_context.current",
            "module.eks.data.aws_partition.current",
            "module.eks.module.kms.aws_kms_external_key.this",
            "module.eks.module.kms.aws_kms_key.this",
            "module.eks.module.kms.data.aws_caller_identity.current",
            "module.eks.module.kms.data.aws_iam_policy_document.this",
            "module.eks.module.kms.data.aws_partition.current"
          ]
        },
        {
          "index_key": "squad",
          "schema_version": 0,
          "attributes": {
            "id": "sg-05fb0f8aad13fa534,squad",
            "key": "squad",
            "resource_id": "sg-05fb0f8aad13fa534",
            "value": "sre"
          },
          "sensitive_attributes": [],
          "private": "bnVsbA==",
          "dependencies": [
            "module.eks.aws_cloudwatch_log_group.this",
            "module.eks.aws_eks_cluster.this",
            "module.eks.aws_iam_policy.cni_ipv6_policy",
            "module.eks.aws_iam_role.this",
            "module.eks.aws_iam_role_policy_attachment.this",
            "module.eks.aws_security_group.cluster",
            "module.eks.aws_security_group.node",
            "module.eks.aws_security_group_rule.cluster",
            "module.eks.aws_security_group_rule.node",
            "module.eks.data.aws_caller_identity.current",
            "module.eks.data.aws_iam_policy_document.assume_role_policy",
            "module.eks.data.aws_iam_policy_document.cni_ipv6_policy",
            "module.eks.data.aws_iam_session_context.current",
            "module.eks.data.aws_partition.current",
            "module.eks.module.kms.aws_kms_external_key.this",
            "module.eks.module.kms.aws_kms_key.this",
            "module.eks.module.kms.data.aws_caller_identity.current",
            "module.eks.module.kms.data.aws_iam_policy_document.this",
            "module.eks.module.kms.data.aws_partition.current"
          ]
        },
        {
          "index_key": "terraform",
          "schema_version": 0,
          "attributes": {
            "id": "sg-05fb0f8aad13fa534,terraform",
            "key": "terraform",
            "resource_id": "sg-05fb0f8aad13fa534",
            "value": "true"
          },
          "sensitive_attributes": [],
          "private": "bnVsbA==",
          "dependencies": [
            "module.eks.aws_cloudwatch_log_group.this",
            "module.eks.aws_eks_cluster.this",
            "module.eks.aws_iam_policy.cni_ipv6_policy",
            "module.eks.aws_iam_role.this",
            "module.eks.aws_iam_role_policy_attachment.this",
            "module.eks.aws_security_group.cluster",
            "module.eks.aws_security_group.node",
            "module.eks.aws_security_group_rule.cluster",
            "module.eks.aws_security_group_rule.node",
            "module.eks.data.aws_caller_identity.current",
            "module.eks.data.aws_iam_policy_document.assume_role_policy",
            "module.eks.data.aws_iam_policy_document.cni_ipv6_policy",
            "module.eks.data.aws_iam_session_context.current",
            "module.eks.data.aws_partition.current",
            "module.eks.module.kms.aws_kms_external_key.this",
            "module.eks.module.kms.aws_kms_key.this",
            "module.eks.module.kms.data.aws_caller_identity.current",
            "module.eks.module.kms.data.aws_iam_policy_document.this",
            "module.eks.module.kms.data.aws_partition.current"
          ]
        },
        {
          "index_key": "tribe",
          "schema_version": 0,
          "attributes": {
            "id": "sg-05fb0f8aad13fa534,tribe",
            "key": "tribe",
            "resource_id": "sg-05fb0f8aad13fa534",
            "value": "tech_cross"
          },
          "sensitive_attributes": [],
          "private": "bnVsbA==",
          "dependencies": [
            "module.eks.aws_cloudwatch_log_group.this",
            "module.eks.aws_eks_cluster.this",
            "module.eks.aws_iam_policy.cni_ipv6_policy",
            "module.eks.aws_iam_role.this",
            "module.eks.aws_iam_role_policy_attachment.this",
            "module.eks.aws_security_group.cluster",
            "module.eks.aws_security_group.node",
            "module.eks.aws_security_group_rule.cluster",
            "module.eks.aws_security_group_rule.node",
            "module.eks.data.aws_caller_identity.current",
            "module.eks.data.aws_iam_policy_document.assume_role_policy",
            "module.eks.data.aws_iam_policy_document.cni_ipv6_policy",
            "module.eks.data.aws_iam_session_context.current",
            "module.eks.data.aws_partition.current",
            "module.eks.module.kms.aws_kms_external_key.this",
            "module.eks.module.kms.aws_kms_key.this",
            "module.eks.module.kms.data.aws_caller_identity.current",
            "module.eks.module.kms.data.aws_iam_policy_document.this",
            "module.eks.module.kms.data.aws_partition.current"
          ]
        }
      ]
    },
    {
      "module": "module.eks",
      "mode": "managed",
      "type": "aws_eks_addon",
      "name": "this",
      "provider": "provider[\"registry.terraform.io/hashicorp/aws\"]",
      "instances": [
        {
          "index_key": "coredns",
          "schema_version": 0,
          "attributes": {
            "addon_name": "coredns",
            "addon_version": "v1.9.3-eksbuild.7",
            "arn": "arn:aws:eks:sa-east-1:790817841652:addon/elven-cluster/coredns/eac5bbee-6154-b7b4-f0e2-4128d6ac754a",
            "cluster_name": "elven-cluster",
            "configuration_values": "",
            "created_at": "2023-10-28T19:57:18Z",
            "id": "elven-cluster:coredns",
            "modified_at": "2023-10-28T19:57:57Z",
            "preserve": null,
            "resolve_conflicts": "OVERWRITE",
            "resolve_conflicts_on_create": null,
            "resolve_conflicts_on_update": null,
            "service_account_role_arn": "",
            "tags": {
              "GithubOrg": "elvenproject-sre",
              "GithubRepo": "github.com/jpedrobf/elvenworks-project",
              "Project": "elvenworks-project",
              "application": "",
              "bu": "tech_cross",
              "cost_optimized": "true",
              "environment": "dev",
              "managed_by": "test-elvenwork-project",
              "shared": "true",
              "squad": "sre",
              "terraform": "true",
              "tribe": "tech_cross"
            },
            "tags_all": {
              "GithubOrg": "elvenproject-sre",
              "GithubRepo": "github.com/jpedrobf/elvenworks-project",
              "Project": "elvenworks-project",
              "application": "",
              "bu": "tech_cross",
              "cost_optimized": "true",
              "environment": "dev",
              "managed_by": "test-elvenwork-project",
              "shared": "true",
              "squad": "sre",
              "terraform": "true",
              "tribe": "tech_cross"
            },
            "timeouts": {
              "create": null,
              "delete": null,
              "update": null
            }
          },
          "sensitive_attributes": [],
          "private": "eyJlMmJmYjczMC1lY2FhLTExZTYtOGY4OC0zNDM2M2JjN2M0YzAiOnsiY3JlYXRlIjoxMjAwMDAwMDAwMDAwLCJkZWxldGUiOjI0MDAwMDAwMDAwMDAsInVwZGF0ZSI6MTIwMDAwMDAwMDAwMH19",
          "dependencies": [
            "data.aws_ami.eks_default",
            "module.eks.aws_cloudwatch_log_group.this",
            "module.eks.aws_eks_cluster.this",
            "module.eks.aws_iam_policy.cni_ipv6_policy",
            "module.eks.aws_iam_role.this",
            "module.eks.aws_iam_role_policy_attachment.this",
            "module.eks.aws_security_group.cluster",
            "module.eks.aws_security_group.node",
            "module.eks.aws_security_group_rule.cluster",
            "module.eks.aws_security_group_rule.node",
            "module.eks.data.aws_caller_identity.current",
            "module.eks.data.aws_eks_addon_version.this",
            "module.eks.data.aws_iam_policy_document.assume_role_policy",
            "module.eks.data.aws_iam_policy_document.cni_ipv6_policy",
            "module.eks.data.aws_iam_session_context.current",
            "module.eks.data.aws_partition.current",
            "module.eks.module.eks_managed_node_group.aws_autoscaling_schedule.this",
            "module.eks.module.eks_managed_node_group.aws_eks_node_group.this",
            "module.eks.module.eks_managed_node_group.aws_iam_role.this",
            "module.eks.module.eks_managed_node_group.aws_iam_role_policy_attachment.additional",
            "module.eks.module.eks_managed_node_group.aws_iam_role_policy_attachment.this",
            "module.eks.module.eks_managed_node_group.aws_launch_template.this",
            "module.eks.module.eks_managed_node_group.data.aws_caller_identity.current",
            "module.eks.module.eks_managed_node_group.data.aws_iam_policy_document.assume_role_policy",
            "module.eks.module.eks_managed_node_group.data.aws_partition.current",
            "module.eks.module.eks_managed_node_group.module.user_data.data.cloudinit_config.linux_eks_managed_node_group",
            "module.eks.module.fargate_profile.aws_eks_fargate_profile.this",
            "module.eks.module.fargate_profile.aws_iam_role.this",
            "module.eks.module.fargate_profile.aws_iam_role_policy_attachment.additional",
            "module.eks.module.fargate_profile.aws_iam_role_policy_attachment.this",
            "module.eks.module.fargate_profile.data.aws_caller_identity.current",
            "module.eks.module.fargate_profile.data.aws_iam_policy_document.assume_role_policy",
            "module.eks.module.fargate_profile.data.aws_partition.current",
            "module.eks.module.kms.aws_kms_external_key.this",
            "module.eks.module.kms.aws_kms_key.this",
            "module.eks.module.kms.data.aws_caller_identity.current",
            "module.eks.module.kms.data.aws_iam_policy_document.this",
            "module.eks.module.kms.data.aws_partition.current",
            "module.eks.module.self_managed_node_group.aws_autoscaling_group.this",
            "module.eks.module.self_managed_node_group.aws_autoscaling_schedule.this",
            "module.eks.module.self_managed_node_group.aws_iam_instance_profile.this",
            "module.eks.module.self_managed_node_group.aws_iam_role.this",
            "module.eks.module.self_managed_node_group.aws_iam_role_policy_attachment.additional",
            "module.eks.module.self_managed_node_group.aws_iam_role_policy_attachment.this",
            "module.eks.module.self_managed_node_group.aws_launch_template.this",
            "module.eks.module.self_managed_node_group.data.aws_ami.eks_default",
            "module.eks.module.self_managed_node_group.data.aws_caller_identity.current",
            "module.eks.module.self_managed_node_group.data.aws_iam_policy_document.assume_role_policy",
            "module.eks.module.self_managed_node_group.data.aws_partition.current",
            "module.eks.module.self_managed_node_group.module.user_data.data.cloudinit_config.linux_eks_managed_node_group",
            "module.eks.time_sleep.this"
          ]
        },
        {
          "index_key": "kube-proxy",
          "schema_version": 0,
          "attributes": {
            "addon_name": "kube-proxy",
            "addon_version": "v1.26.9-eksbuild.2",
            "arn": "arn:aws:eks:sa-east-1:790817841652:addon/elven-cluster/kube-proxy/66c5bbee-6145-f728-b42c-8f579372d8a0",
            "cluster_name": "elven-cluster",
            "configuration_values": "",
            "created_at": "2023-10-28T19:57:18Z",
            "id": "elven-cluster:kube-proxy",
            "modified_at": "2023-10-28T19:57:51Z",
            "preserve": null,
            "resolve_conflicts": "OVERWRITE",
            "resolve_conflicts_on_create": null,
            "resolve_conflicts_on_update": null,
            "service_account_role_arn": "",
            "tags": {
              "GithubOrg": "elvenproject-sre",
              "GithubRepo": "github.com/jpedrobf/elvenworks-project",
              "Project": "elvenworks-project",
              "application": "",
              "bu": "tech_cross",
              "cost_optimized": "true",
              "environment": "dev",
              "managed_by": "test-elvenwork-project",
              "shared": "true",
              "squad": "sre",
              "terraform": "true",
              "tribe": "tech_cross"
            },
            "tags_all": {
              "GithubOrg": "elvenproject-sre",
              "GithubRepo": "github.com/jpedrobf/elvenworks-project",
              "Project": "elvenworks-project",
              "application": "",
              "bu": "tech_cross",
              "cost_optimized": "true",
              "environment": "dev",
              "managed_by": "test-elvenwork-project",
              "shared": "true",
              "squad": "sre",
              "terraform": "true",
              "tribe": "tech_cross"
            },
            "timeouts": {
              "create": null,
              "delete": null,
              "update": null
            }
          },
          "sensitive_attributes": [],
          "private": "eyJlMmJmYjczMC1lY2FhLTExZTYtOGY4OC0zNDM2M2JjN2M0YzAiOnsiY3JlYXRlIjoxMjAwMDAwMDAwMDAwLCJkZWxldGUiOjI0MDAwMDAwMDAwMDAsInVwZGF0ZSI6MTIwMDAwMDAwMDAwMH19",
          "dependencies": [
            "data.aws_ami.eks_default",
            "module.eks.aws_cloudwatch_log_group.this",
            "module.eks.aws_eks_cluster.this",
            "module.eks.aws_iam_policy.cni_ipv6_policy",
            "module.eks.aws_iam_role.this",
            "module.eks.aws_iam_role_policy_attachment.this",
            "module.eks.aws_security_group.cluster",
            "module.eks.aws_security_group.node",
            "module.eks.aws_security_group_rule.cluster",
            "module.eks.aws_security_group_rule.node",
            "module.eks.data.aws_caller_identity.current",
            "module.eks.data.aws_eks_addon_version.this",
            "module.eks.data.aws_iam_policy_document.assume_role_policy",
            "module.eks.data.aws_iam_policy_document.cni_ipv6_policy",
            "module.eks.data.aws_iam_session_context.current",
            "module.eks.data.aws_partition.current",
            "module.eks.module.eks_managed_node_group.aws_autoscaling_schedule.this",
            "module.eks.module.eks_managed_node_group.aws_eks_node_group.this",
            "module.eks.module.eks_managed_node_group.aws_iam_role.this",
            "module.eks.module.eks_managed_node_group.aws_iam_role_policy_attachment.additional",
            "module.eks.module.eks_managed_node_group.aws_iam_role_policy_attachment.this",
            "module.eks.module.eks_managed_node_group.aws_launch_template.this",
            "module.eks.module.eks_managed_node_group.data.aws_caller_identity.current",
            "module.eks.module.eks_managed_node_group.data.aws_iam_policy_document.assume_role_policy",
            "module.eks.module.eks_managed_node_group.data.aws_partition.current",
            "module.eks.module.eks_managed_node_group.module.user_data.data.cloudinit_config.linux_eks_managed_node_group",
            "module.eks.module.fargate_profile.aws_eks_fargate_profile.this",
            "module.eks.module.fargate_profile.aws_iam_role.this",
            "module.eks.module.fargate_profile.aws_iam_role_policy_attachment.additional",
            "module.eks.module.fargate_profile.aws_iam_role_policy_attachment.this",
            "module.eks.module.fargate_profile.data.aws_caller_identity.current",
            "module.eks.module.fargate_profile.data.aws_iam_policy_document.assume_role_policy",
            "module.eks.module.fargate_profile.data.aws_partition.current",
            "module.eks.module.kms.aws_kms_external_key.this",
            "module.eks.module.kms.aws_kms_key.this",
            "module.eks.module.kms.data.aws_caller_identity.current",
            "module.eks.module.kms.data.aws_iam_policy_document.this",
            "module.eks.module.kms.data.aws_partition.current",
            "module.eks.module.self_managed_node_group.aws_autoscaling_group.this",
            "module.eks.module.self_managed_node_group.aws_autoscaling_schedule.this",
            "module.eks.module.self_managed_node_group.aws_iam_instance_profile.this",
            "module.eks.module.self_managed_node_group.aws_iam_role.this",
            "module.eks.module.self_managed_node_group.aws_iam_role_policy_attachment.additional",
            "module.eks.module.self_managed_node_group.aws_iam_role_policy_attachment.this",
            "module.eks.module.self_managed_node_group.aws_launch_template.this",
            "module.eks.module.self_managed_node_group.data.aws_ami.eks_default",
            "module.eks.module.self_managed_node_group.data.aws_caller_identity.current",
            "module.eks.module.self_managed_node_group.data.aws_iam_policy_document.assume_role_policy",
            "module.eks.module.self_managed_node_group.data.aws_partition.current",
            "module.eks.module.self_managed_node_group.module.user_data.data.cloudinit_config.linux_eks_managed_node_group",
            "module.eks.time_sleep.this"
          ]
        },
        {
          "index_key": "vpc-cni",
          "schema_version": 0,
          "attributes": {
            "addon_name": "vpc-cni",
            "addon_version": "v1.15.1-eksbuild.1",
            "arn": "arn:aws:eks:sa-east-1:790817841652:addon/elven-cluster/vpc-cni/74c5bbee-6141-925a-dceb-05a3298d6920",
            "cluster_name": "elven-cluster",
            "configuration_values": "",
            "created_at": "2023-10-28T19:57:18Z",
            "id": "elven-cluster:vpc-cni",
            "modified_at": "2023-10-28T19:58:22Z",
            "preserve": null,
            "resolve_conflicts": "OVERWRITE",
            "resolve_conflicts_on_create": null,
            "resolve_conflicts_on_update": null,
            "service_account_role_arn": "",
            "tags": {
              "GithubOrg": "elvenproject-sre",
              "GithubRepo": "github.com/jpedrobf/elvenworks-project",
              "Project": "elvenworks-project",
              "application": "",
              "bu": "tech_cross",
              "cost_optimized": "true",
              "environment": "dev",
              "managed_by": "test-elvenwork-project",
              "shared": "true",
              "squad": "sre",
              "terraform": "true",
              "tribe": "tech_cross"
            },
            "tags_all": {
              "GithubOrg": "elvenproject-sre",
              "GithubRepo": "github.com/jpedrobf/elvenworks-project",
              "Project": "elvenworks-project",
              "application": "",
              "bu": "tech_cross",
              "cost_optimized": "true",
              "environment": "dev",
              "managed_by": "test-elvenwork-project",
              "shared": "true",
              "squad": "sre",
              "terraform": "true",
              "tribe": "tech_cross"
            },
            "timeouts": {
              "create": null,
              "delete": null,
              "update": null
            }
          },
          "sensitive_attributes": [],
          "private": "eyJlMmJmYjczMC1lY2FhLTExZTYtOGY4OC0zNDM2M2JjN2M0YzAiOnsiY3JlYXRlIjoxMjAwMDAwMDAwMDAwLCJkZWxldGUiOjI0MDAwMDAwMDAwMDAsInVwZGF0ZSI6MTIwMDAwMDAwMDAwMH19",
          "dependencies": [
            "data.aws_ami.eks_default",
            "module.eks.aws_cloudwatch_log_group.this",
            "module.eks.aws_eks_cluster.this",
            "module.eks.aws_iam_policy.cni_ipv6_policy",
            "module.eks.aws_iam_role.this",
            "module.eks.aws_iam_role_policy_attachment.this",
            "module.eks.aws_security_group.cluster",
            "module.eks.aws_security_group.node",
            "module.eks.aws_security_group_rule.cluster",
            "module.eks.aws_security_group_rule.node",
            "module.eks.data.aws_caller_identity.current",
            "module.eks.data.aws_eks_addon_version.this",
            "module.eks.data.aws_iam_policy_document.assume_role_policy",
            "module.eks.data.aws_iam_policy_document.cni_ipv6_policy",
            "module.eks.data.aws_iam_session_context.current",
            "module.eks.data.aws_partition.current",
            "module.eks.module.eks_managed_node_group.aws_autoscaling_schedule.this",
            "module.eks.module.eks_managed_node_group.aws_eks_node_group.this",
            "module.eks.module.eks_managed_node_group.aws_iam_role.this",
            "module.eks.module.eks_managed_node_group.aws_iam_role_policy_attachment.additional",
            "module.eks.module.eks_managed_node_group.aws_iam_role_policy_attachment.this",
            "module.eks.module.eks_managed_node_group.aws_launch_template.this",
            "module.eks.module.eks_managed_node_group.data.aws_caller_identity.current",
            "module.eks.module.eks_managed_node_group.data.aws_iam_policy_document.assume_role_policy",
            "module.eks.module.eks_managed_node_group.data.aws_partition.current",
            "module.eks.module.eks_managed_node_group.module.user_data.data.cloudinit_config.linux_eks_managed_node_group",
            "module.eks.module.fargate_profile.aws_eks_fargate_profile.this",
            "module.eks.module.fargate_profile.aws_iam_role.this",
            "module.eks.module.fargate_profile.aws_iam_role_policy_attachment.additional",
            "module.eks.module.fargate_profile.aws_iam_role_policy_attachment.this",
            "module.eks.module.fargate_profile.data.aws_caller_identity.current",
            "module.eks.module.fargate_profile.data.aws_iam_policy_document.assume_role_policy",
            "module.eks.module.fargate_profile.data.aws_partition.current",
            "module.eks.module.kms.aws_kms_external_key.this",
            "module.eks.module.kms.aws_kms_key.this",
            "module.eks.module.kms.data.aws_caller_identity.current",
            "module.eks.module.kms.data.aws_iam_policy_document.this",
            "module.eks.module.kms.data.aws_partition.current",
            "module.eks.module.self_managed_node_group.aws_autoscaling_group.this",
            "module.eks.module.self_managed_node_group.aws_autoscaling_schedule.this",
            "module.eks.module.self_managed_node_group.aws_iam_instance_profile.this",
            "module.eks.module.self_managed_node_group.aws_iam_role.this",
            "module.eks.module.self_managed_node_group.aws_iam_role_policy_attachment.additional",
            "module.eks.module.self_managed_node_group.aws_iam_role_policy_attachment.this",
            "module.eks.module.self_managed_node_group.aws_launch_template.this",
            "module.eks.module.self_managed_node_group.data.aws_ami.eks_default",
            "module.eks.module.self_managed_node_group.data.aws_caller_identity.current",
            "module.eks.module.self_managed_node_group.data.aws_iam_policy_document.assume_role_policy",
            "module.eks.module.self_managed_node_group.data.aws_partition.current",
            "module.eks.module.self_managed_node_group.module.user_data.data.cloudinit_config.linux_eks_managed_node_group",
            "module.eks.time_sleep.this"
          ]
        }
      ]
    },
    {
      "module": "module.eks",
      "mode": "managed",
      "type": "aws_eks_cluster",
      "name": "this",
      "provider": "provider[\"registry.terraform.io/hashicorp/aws\"]",
      "instances": [
        {
          "index_key": 0,
          "schema_version": 0,
          "attributes": {
            "arn": "arn:aws:eks:sa-east-1:790817841652:cluster/elven-cluster",
            "certificate_authority": [
              {
                "data": "LS0tLS1CRUdJTiBDRVJUSUZJQ0FURS0tLS0tCk1JSURCVENDQWUyZ0F3SUJBZ0lJRmpGcFdHNGdUVjh3RFFZSktvWklodmNOQVFFTEJRQXdGVEVUTUJFR0ExVUUKQXhNS2EzVmlaWEp1WlhSbGN6QWVGdzB5TXpFd01qZ3hPRE01TlRCYUZ3MHpNekV3TWpVeE9EUTBOVEJhTUJVeApFekFSQmdOVkJBTVRDbXQxWW1WeWJtVjBaWE13Z2dFaU1BMEdDU3FHU0liM0RRRUJBUVVBQTRJQkR3QXdnZ0VLCkFvSUJBUUMyYjV4QTNqR1VKZFVKcnkvUEpWMkVVVXRXVHBBNnpVa083a29CNjl5TUpUNm82dnVxL241WEd6N2cKazlHeDF6N29UNW9SRC9lVmMwcUdvZ1JJZzZ5KzV6cFBCVjRoSG9uTWNXcEdWZVFVL1BkK3A5anBjVVhtcTJldwp6dEV0Mjc1UDA4QUFpcFNqVWdkVXExSlZ0c0NIR1ZWcUpMbVM5SGVUemNNQ01jWFpGN3hkV3RVR3N0WEhnN0dhCnNSc3BoaGdRMW9XV3psSTBFQjRGVWpSOXYrWThsTHVNcUhuQ0tNQkxYWCtDb1BXTlZPWjdBTWRqNW5WbFAxSW0KYTBiUHU4WHdGc3kyN0RNcHFSN1RJTzdIc0Vha0N3OVBJZXNDbG9UZmlXTmVvRm81RWE1RzJsQ3EzQ1JXVWt0awo0UHF1TG5HZmlPeVhqTzVrRHNlYjlVZmN3UDZoQWdNQkFBR2pXVEJYTUE0R0ExVWREd0VCL3dRRUF3SUNwREFQCkJnTlZIUk1CQWY4RUJUQURBUUgvTUIwR0ExVWREZ1FXQkJRSGNsc0F0MlhXOEZKVDFyWUZXNmptdTBuRGJUQVYKQmdOVkhSRUVEakFNZ2dwcmRXSmxjbTVsZEdWek1BMEdDU3FHU0liM0RRRUJDd1VBQTRJQkFRQmZFUHIxQ0xraQppZkNNd3FHOGo1ZzJOYnlRb0l0UlVTUFYvMkkzazAzallwK3FneFF3U1FnRy9hcU01UTNiTW90c1YxZ01pQXNFClNKYldyd01NV1g0akpOdlZsZit0eTJLalA2NFhnbFNTVTFuYzdrQ0c3TW91MlFNTzhDb1NHMXp4d0tlNXozby8KV2VwZGJoZ2VUaHpTeU5NUmo2cmxVMUVCekF3VkJpL251WVIrV3kvOTJ5bjVoTzlkVEtSbWVZK0pxNjNsSko4SAo0eVVvcWZTaHMwUGlITXJST0EvV1NEK3FmN3NGbkR3K2E2a1lORkFqdEgyTlBSZUtFb2RrazdyZEFHeHZ1VmlWCm1GM0RoQnUyRFFHYTJFYVE4SWduSVJyUE1TdVFuQnBvOFB3cU5SUWU0YUFSd1JoTlVXQWpSMllKbjZ6NlFveUQKVGdwMHBUL1ZmbVdOCi0tLS0tRU5EIENFUlRJRklDQVRFLS0tLS0K"
              }
            ],
            "cluster_id": null,
            "created_at": "2023-10-28 18:40:13.398 +0000 UTC",
            "enabled_cluster_log_types": [
              "api",
              "audit",
              "authenticator"
            ],
            "encryption_config": [
              {
                "provider": [
                  {
                    "key_arn": "arn:aws:kms:sa-east-1:790817841652:key/5c37f08a-7568-4946-9f20-0ac570d80bfb"
                  }
                ],
                "resources": [
                  "secrets"
                ]
              }
            ],
            "endpoint": "https://9A1EA79CEBF934F167DAB157DE409353.sk1.sa-east-1.eks.amazonaws.com",
            "id": "elven-cluster",
            "identity": [
              {
                "oidc": [
                  {
                    "issuer": "https://oidc.eks.sa-east-1.amazonaws.com/id/9A1EA79CEBF934F167DAB157DE409353"
                  }
                ]
              }
            ],
            "kubernetes_network_config": [
              {
                "ip_family": "ipv4",
                "service_ipv4_cidr": "10.100.0.0/16",
                "service_ipv6_cidr": ""
              }
            ],
            "name": "elven-cluster",
            "outpost_config": [],
            "platform_version": "eks.7",
            "role_arn": "arn:aws:iam::790817841652:role/elven-cluster-cluster-20231028183943501900000001",
            "status": "ACTIVE",
            "tags": {
              "GithubOrg": "elvenproject-sre",
              "GithubRepo": "github.com/jpedrobf/elvenworks-project",
              "Project": "elvenworks-project",
              "application": "",
              "bu": "tech_cross",
              "cost_optimized": "true",
              "environment": "dev",
              "managed_by": "test-elvenwork-project",
              "shared": "true",
              "squad": "sre",
              "terraform": "true",
              "tribe": "tech_cross"
            },
            "tags_all": {
              "GithubOrg": "elvenproject-sre",
              "GithubRepo": "github.com/jpedrobf/elvenworks-project",
              "Project": "elvenworks-project",
              "application": "",
              "bu": "tech_cross",
              "cost_optimized": "true",
              "environment": "dev",
              "managed_by": "test-elvenwork-project",
              "shared": "true",
              "squad": "sre",
              "terraform": "true",
              "tribe": "tech_cross"
            },
            "timeouts": {
              "create": null,
              "delete": null,
              "update": null
            },
            "version": "1.26",
            "vpc_config": [
              {
                "cluster_security_group_id": "sg-05fb0f8aad13fa534",
                "endpoint_private_access": true,
                "endpoint_public_access": true,
                "public_access_cidrs": [
                  "0.0.0.0/0"
                ],
                "security_group_ids": [
                  "sg-03e44ea51ec45c71b"
                ],
                "subnet_ids": [
                  "subnet-06e9656596980d2f3",
                  "subnet-0a866705f5d7c6a97",
                  "subnet-0e30b8f58d262c9f8"
                ],
                "vpc_id": "vpc-028d8a82ad4c1921a"
              }
            ]
          },
          "sensitive_attributes": [],
          "private": "eyJlMmJmYjczMC1lY2FhLTExZTYtOGY4OC0zNDM2M2JjN2M0YzAiOnsiY3JlYXRlIjoxODAwMDAwMDAwMDAwLCJkZWxldGUiOjkwMDAwMDAwMDAwMCwidXBkYXRlIjozNjAwMDAwMDAwMDAwfX0=",
          "dependencies": [
            "module.eks.aws_cloudwatch_log_group.this",
            "module.eks.aws_iam_policy.cni_ipv6_policy",
            "module.eks.aws_iam_role.this",
            "module.eks.aws_iam_role_policy_attachment.this",
            "module.eks.aws_security_group.cluster",
            "module.eks.aws_security_group.node",
            "module.eks.aws_security_group_rule.cluster",
            "module.eks.aws_security_group_rule.node",
            "module.eks.data.aws_caller_identity.current",
            "module.eks.data.aws_iam_policy_document.assume_role_policy",
            "module.eks.data.aws_iam_policy_document.cni_ipv6_policy",
            "module.eks.data.aws_iam_session_context.current",
            "module.eks.data.aws_partition.current",
            "module.eks.module.kms.aws_kms_external_key.this",
            "module.eks.module.kms.aws_kms_key.this",
            "module.eks.module.kms.data.aws_caller_identity.current",
            "module.eks.module.kms.data.aws_iam_policy_document.this",
            "module.eks.module.kms.data.aws_partition.current"
          ],
          "create_before_destroy": true
        }
      ]
    },
    {
      "module": "module.eks",
      "mode": "managed",
      "type": "aws_iam_openid_connect_provider",
      "name": "oidc_provider",
      "provider": "provider[\"registry.terraform.io/hashicorp/aws\"]",
      "instances": [
        {
          "index_key": 0,
          "schema_version": 0,
          "attributes": {
            "arn": "arn:aws:iam::790817841652:oidc-provider/oidc.eks.sa-east-1.amazonaws.com/id/9A1EA79CEBF934F167DAB157DE409353",
            "client_id_list": [
              "sts.amazonaws.com"
            ],
            "id": "arn:aws:iam::790817841652:oidc-provider/oidc.eks.sa-east-1.amazonaws.com/id/9A1EA79CEBF934F167DAB157DE409353",
            "tags": {
              "GithubOrg": "elvenproject-sre",
              "GithubRepo": "github.com/jpedrobf/elvenworks-project",
              "Name": "elven-cluster-eks-irsa",
              "Project": "elvenworks-project",
              "application": "",
              "bu": "tech_cross",
              "cost_optimized": "true",
              "environment": "dev",
              "managed_by": "test-elvenwork-project",
              "shared": "true",
              "squad": "sre",
              "terraform": "true",
              "tribe": "tech_cross"
            },
            "tags_all": {
              "GithubOrg": "elvenproject-sre",
              "GithubRepo": "github.com/jpedrobf/elvenworks-project",
              "Name": "elven-cluster-eks-irsa",
              "Project": "elvenworks-project",
              "application": "",
              "bu": "tech_cross",
              "cost_optimized": "true",
              "environment": "dev",
              "managed_by": "test-elvenwork-project",
              "shared": "true",
              "squad": "sre",
              "terraform": "true",
              "tribe": "tech_cross"
            },
            "thumbprint_list": [
              "9e99a48a9960b14926bb7f3b02e22da2b0ab7280"
            ],
            "url": "oidc.eks.sa-east-1.amazonaws.com/id/9A1EA79CEBF934F167DAB157DE409353"
          },
          "sensitive_attributes": [],
          "private": "bnVsbA==",
          "dependencies": [
            "module.eks.aws_cloudwatch_log_group.this",
            "module.eks.aws_eks_cluster.this",
            "module.eks.aws_iam_policy.cni_ipv6_policy",
            "module.eks.aws_iam_role.this",
            "module.eks.aws_iam_role_policy_attachment.this",
            "module.eks.aws_security_group.cluster",
            "module.eks.aws_security_group.node",
            "module.eks.aws_security_group_rule.cluster",
            "module.eks.aws_security_group_rule.node",
            "module.eks.data.aws_caller_identity.current",
            "module.eks.data.aws_iam_policy_document.assume_role_policy",
            "module.eks.data.aws_iam_policy_document.cni_ipv6_policy",
            "module.eks.data.aws_iam_session_context.current",
            "module.eks.data.aws_partition.current",
            "module.eks.data.tls_certificate.this",
            "module.eks.module.kms.aws_kms_external_key.this",
            "module.eks.module.kms.aws_kms_key.this",
            "module.eks.module.kms.data.aws_caller_identity.current",
            "module.eks.module.kms.data.aws_iam_policy_document.this",
            "module.eks.module.kms.data.aws_partition.current"
          ]
        }
      ]
    },
    {
      "module": "module.eks",
      "mode": "managed",
      "type": "aws_iam_policy",
      "name": "cluster_encryption",
      "provider": "provider[\"registry.terraform.io/hashicorp/aws\"]",
      "instances": [
        {
          "index_key": 0,
          "schema_version": 0,
          "attributes": {
            "arn": "arn:aws:iam::790817841652:policy/elven-cluster-cluster-ClusterEncryption20231028184014053700000004",
            "description": "Cluster encryption policy to allow cluster role to utilize CMK provided",
            "id": "arn:aws:iam::790817841652:policy/elven-cluster-cluster-ClusterEncryption20231028184014053700000004",
            "name": "elven-cluster-cluster-ClusterEncryption20231028184014053700000004",
            "name_prefix": "elven-cluster-cluster-ClusterEncryption",
            "path": "/",
            "policy": "{\"Statement\":[{\"Action\":[\"kms:Encrypt\",\"kms:Decrypt\",\"kms:ListGrants\",\"kms:DescribeKey\"],\"Effect\":\"Allow\",\"Resource\":\"arn:aws:kms:sa-east-1:790817841652:key/5c37f08a-7568-4946-9f20-0ac570d80bfb\"}],\"Version\":\"2012-10-17\"}",
            "policy_id": "ANPA3QIDKUH2HTTMICEFV",
            "tags": {
              "GithubOrg": "elvenproject-sre",
              "GithubRepo": "github.com/jpedrobf/elvenworks-project",
              "Project": "elvenworks-project",
              "application": "",
              "bu": "tech_cross",
              "cost_optimized": "true",
              "environment": "dev",
              "managed_by": "test-elvenwork-project",
              "shared": "true",
              "squad": "sre",
              "terraform": "true",
              "tribe": "tech_cross"
            },
            "tags_all": {
              "GithubOrg": "elvenproject-sre",
              "GithubRepo": "github.com/jpedrobf/elvenworks-project",
              "Project": "elvenworks-project",
              "application": "",
              "bu": "tech_cross",
              "cost_optimized": "true",
              "environment": "dev",
              "managed_by": "test-elvenwork-project",
              "shared": "true",
              "squad": "sre",
              "terraform": "true",
              "tribe": "tech_cross"
            }
          },
          "sensitive_attributes": [],
          "private": "bnVsbA==",
          "dependencies": [
            "module.eks.aws_iam_role.this",
            "module.eks.data.aws_caller_identity.current",
            "module.eks.data.aws_iam_policy_document.assume_role_policy",
            "module.eks.data.aws_iam_session_context.current",
            "module.eks.data.aws_partition.current",
            "module.eks.module.kms.aws_kms_external_key.this",
            "module.eks.module.kms.aws_kms_key.this",
            "module.eks.module.kms.data.aws_caller_identity.current",
            "module.eks.module.kms.data.aws_iam_policy_document.this",
            "module.eks.module.kms.data.aws_partition.current"
          ]
        }
      ]
    },
    {
      "module": "module.eks",
      "mode": "managed",
      "type": "aws_iam_role",
      "name": "this",
      "provider": "provider[\"registry.terraform.io/hashicorp/aws\"]",
      "instances": [
        {
          "index_key": 0,
          "schema_version": 0,
          "attributes": {
            "arn": "arn:aws:iam::790817841652:role/elven-cluster-cluster-20231028183943501900000001",
            "assume_role_policy": "{\"Statement\":[{\"Action\":\"sts:AssumeRole\",\"Effect\":\"Allow\",\"Principal\":{\"Service\":\"eks.amazonaws.com\"},\"Sid\":\"EKSClusterAssumeRole\"}],\"Version\":\"2012-10-17\"}",
            "create_date": "2023-10-28T18:39:40Z",
            "description": "",
            "force_detach_policies": true,
            "id": "elven-cluster-cluster-20231028183943501900000001",
            "inline_policy": [
              {
                "name": "elven-cluster-cluster",
                "policy": "{\"Version\":\"2012-10-17\",\"Statement\":[{\"Action\":[\"logs:CreateLogGroup\"],\"Effect\":\"Deny\",\"Resource\":\"*\"}]}"
              }
            ],
            "managed_policy_arns": [
              "arn:aws:iam::790817841652:policy/elven-cluster-cluster-ClusterEncryption20231028184014053700000004",
              "arn:aws:iam::aws:policy/AmazonEKSClusterPolicy",
              "arn:aws:iam::aws:policy/AmazonEKSVPCResourceController"
            ],
            "max_session_duration": 3600,
            "name": "elven-cluster-cluster-20231028183943501900000001",
            "name_prefix": "elven-cluster-cluster-",
            "path": "/",
            "permissions_boundary": "",
            "tags": {
              "GithubOrg": "elvenproject-sre",
              "GithubRepo": "github.com/jpedrobf/elvenworks-project",
              "Project": "elvenworks-project",
              "application": "",
              "bu": "tech_cross",
              "cost_optimized": "true",
              "environment": "dev",
              "managed_by": "test-elvenwork-project",
              "shared": "true",
              "squad": "sre",
              "terraform": "true",
              "tribe": "tech_cross"
            },
            "tags_all": {
              "GithubOrg": "elvenproject-sre",
              "GithubRepo": "github.com/jpedrobf/elvenworks-project",
              "Project": "elvenworks-project",
              "application": "",
              "bu": "tech_cross",
              "cost_optimized": "true",
              "environment": "dev",
              "managed_by": "test-elvenwork-project",
              "shared": "true",
              "squad": "sre",
              "terraform": "true",
              "tribe": "tech_cross"
            },
            "unique_id": "AROA3QIDKUH2KCEEFRT5V"
          },
          "sensitive_attributes": [],
          "private": "bnVsbA==",
          "dependencies": [
            "module.eks.data.aws_iam_policy_document.assume_role_policy",
            "module.eks.data.aws_partition.current"
          ],
          "create_before_destroy": true
        }
      ]
    },
    {
      "module": "module.eks",
      "mode": "managed",
      "type": "aws_iam_role_policy_attachment",
      "name": "cluster_encryption",
      "provider": "provider[\"registry.terraform.io/hashicorp/aws\"]",
      "instances": [
        {
          "index_key": 0,
          "schema_version": 0,
          "attributes": {
            "id": "elven-cluster-cluster-20231028183943501900000001-20231028184014854300000005",
            "policy_arn": "arn:aws:iam::790817841652:policy/elven-cluster-cluster-ClusterEncryption20231028184014053700000004",
            "role": "elven-cluster-cluster-20231028183943501900000001"
          },
          "sensitive_attributes": [],
          "private": "bnVsbA==",
          "dependencies": [
            "module.eks.aws_iam_policy.cluster_encryption",
            "module.eks.aws_iam_role.this",
            "module.eks.data.aws_caller_identity.current",
            "module.eks.data.aws_iam_policy_document.assume_role_policy",
            "module.eks.data.aws_iam_session_context.current",
            "module.eks.data.aws_partition.current",
            "module.eks.module.kms.aws_kms_external_key.this",
            "module.eks.module.kms.aws_kms_key.this",
            "module.eks.module.kms.data.aws_caller_identity.current",
            "module.eks.module.kms.data.aws_iam_policy_document.this",
            "module.eks.module.kms.data.aws_partition.current"
          ]
        }
      ]
    },
    {
      "module": "module.eks",
      "mode": "managed",
      "type": "aws_iam_role_policy_attachment",
      "name": "this",
      "provider": "provider[\"registry.terraform.io/hashicorp/aws\"]",
      "instances": [
        {
          "index_key": "AmazonEKSClusterPolicy",
          "schema_version": 0,
          "attributes": {
            "id": "elven-cluster-cluster-20231028183943501900000001-20231028183945571200000002",
            "policy_arn": "arn:aws:iam::aws:policy/AmazonEKSClusterPolicy",
            "role": "elven-cluster-cluster-20231028183943501900000001"
          },
          "sensitive_attributes": [],
          "private": "bnVsbA==",
          "dependencies": [
            "module.eks.aws_iam_role.this",
            "module.eks.data.aws_iam_policy_document.assume_role_policy",
            "module.eks.data.aws_partition.current"
          ],
          "create_before_destroy": true
        },
        {
          "index_key": "AmazonEKSVPCResourceController",
          "schema_version": 0,
          "attributes": {
            "id": "elven-cluster-cluster-20231028183943501900000001-20231028183945786100000003",
            "policy_arn": "arn:aws:iam::aws:policy/AmazonEKSVPCResourceController",
            "role": "elven-cluster-cluster-20231028183943501900000001"
          },
          "sensitive_attributes": [],
          "private": "bnVsbA==",
          "dependencies": [
            "module.eks.aws_iam_role.this",
            "module.eks.data.aws_iam_policy_document.assume_role_policy",
            "module.eks.data.aws_partition.current"
          ],
          "create_before_destroy": true
        }
      ]
    },
    {
      "module": "module.eks",
      "mode": "managed",
      "type": "aws_security_group",
      "name": "cluster",
      "provider": "provider[\"registry.terraform.io/hashicorp/aws\"]",
      "instances": [
        {
          "index_key": 0,
          "schema_version": 1,
          "attributes": {
            "arn": "arn:aws:ec2:sa-east-1:790817841652:security-group/sg-03e44ea51ec45c71b",
            "description": "EKS cluster security group",
            "egress": [],
            "id": "sg-03e44ea51ec45c71b",
            "ingress": [
              {
                "cidr_blocks": [],
                "description": "Node groups to cluster API",
                "from_port": 443,
                "ipv6_cidr_blocks": [],
                "prefix_list_ids": [],
                "protocol": "tcp",
                "security_groups": [
                  "sg-0fb33d24cd4657d6f"
                ],
                "self": false,
                "to_port": 443
              }
            ],
            "name": "elven-cluster-cluster-20231028183803662300000003",
            "name_prefix": "elven-cluster-cluster-",
            "owner_id": "790817841652",
            "revoke_rules_on_delete": false,
            "tags": {
              "GithubOrg": "elvenproject-sre",
              "GithubRepo": "github.com/jpedrobf/elvenworks-project",
              "Name": "elven-cluster-cluster",
              "Project": "elvenworks-project",
              "application": "",
              "bu": "tech_cross",
              "cost_optimized": "true",
              "environment": "dev",
              "managed_by": "test-elvenwork-project",
              "shared": "true",
              "squad": "sre",
              "terraform": "true",
              "tribe": "tech_cross"
            },
            "tags_all": {
              "GithubOrg": "elvenproject-sre",
              "GithubRepo": "github.com/jpedrobf/elvenworks-project",
              "Name": "elven-cluster-cluster",
              "Project": "elvenworks-project",
              "application": "",
              "bu": "tech_cross",
              "cost_optimized": "true",
              "environment": "dev",
              "managed_by": "test-elvenwork-project",
              "shared": "true",
              "squad": "sre",
              "terraform": "true",
              "tribe": "tech_cross"
            },
            "timeouts": null,
            "vpc_id": "vpc-028d8a82ad4c1921a"
          },
          "sensitive_attributes": [],
          "private": "eyJlMmJmYjczMC1lY2FhLTExZTYtOGY4OC0zNDM2M2JjN2M0YzAiOnsiY3JlYXRlIjo2MDAwMDAwMDAwMDAsImRlbGV0ZSI6OTAwMDAwMDAwMDAwfSwic2NoZW1hX3ZlcnNpb24iOiIxIn0=",
          "create_before_destroy": true
        }
      ]
    },
    {
      "module": "module.eks",
      "mode": "managed",
      "type": "aws_security_group",
      "name": "node",
      "provider": "provider[\"registry.terraform.io/hashicorp/aws\"]",
      "instances": [
        {
          "index_key": 0,
          "schema_version": 1,
          "attributes": {
            "arn": "arn:aws:ec2:sa-east-1:790817841652:security-group/sg-0fb33d24cd4657d6f",
            "description": "EKS node shared security group",
            "egress": [
              {
                "cidr_blocks": [
                  "0.0.0.0/0"
                ],
                "description": "Allow all egress",
                "from_port": 0,
                "ipv6_cidr_blocks": [],
                "prefix_list_ids": [],
                "protocol": "-1",
                "security_groups": [],
                "self": false,
                "to_port": 0
              }
            ],
            "id": "sg-0fb33d24cd4657d6f",
            "ingress": [
              {
                "cidr_blocks": [],
                "description": "Cluster API to node 4443/tcp webhook",
                "from_port": 4443,
                "ipv6_cidr_blocks": [],
                "prefix_list_ids": [],
                "protocol": "tcp",
                "security_groups": [
                  "sg-03e44ea51ec45c71b"
                ],
                "self": false,
                "to_port": 4443
              },
              {
                "cidr_blocks": [],
                "description": "Cluster API to node 6443/tcp webhook",
                "from_port": 6443,
                "ipv6_cidr_blocks": [],
                "prefix_list_ids": [],
                "protocol": "tcp",
                "security_groups": [
                  "sg-03e44ea51ec45c71b"
                ],
                "self": false,
                "to_port": 6443
              },
              {
                "cidr_blocks": [],
                "description": "Cluster API to node 8443/tcp webhook",
                "from_port": 8443,
                "ipv6_cidr_blocks": [],
                "prefix_list_ids": [],
                "protocol": "tcp",
                "security_groups": [
                  "sg-03e44ea51ec45c71b"
                ],
                "self": false,
                "to_port": 8443
              },
              {
                "cidr_blocks": [],
                "description": "Cluster API to node 9443/tcp webhook",
                "from_port": 9443,
                "ipv6_cidr_blocks": [],
                "prefix_list_ids": [],
                "protocol": "tcp",
                "security_groups": [
                  "sg-03e44ea51ec45c71b"
                ],
                "self": false,
                "to_port": 9443
              },
              {
                "cidr_blocks": [],
                "description": "Cluster API to node groups",
                "from_port": 443,
                "ipv6_cidr_blocks": [],
                "prefix_list_ids": [],
                "protocol": "tcp",
                "security_groups": [
                  "sg-03e44ea51ec45c71b"
                ],
                "self": false,
                "to_port": 443
              },
              {
                "cidr_blocks": [],
                "description": "Cluster API to node kubelets",
                "from_port": 10250,
                "ipv6_cidr_blocks": [],
                "prefix_list_ids": [],
                "protocol": "tcp",
                "security_groups": [
                  "sg-03e44ea51ec45c71b"
                ],
                "self": false,
                "to_port": 10250
              },
              {
                "cidr_blocks": [],
                "description": "Node to node CoreDNS UDP",
                "from_port": 53,
                "ipv6_cidr_blocks": [],
                "prefix_list_ids": [],
                "protocol": "udp",
                "security_groups": [],
                "self": true,
                "to_port": 53
              },
              {
                "cidr_blocks": [],
                "description": "Node to node CoreDNS",
                "from_port": 53,
                "ipv6_cidr_blocks": [],
                "prefix_list_ids": [],
                "protocol": "tcp",
                "security_groups": [],
                "self": true,
                "to_port": 53
              },
              {
                "cidr_blocks": [],
                "description": "Node to node ingress on ephemeral ports",
                "from_port": 1025,
                "ipv6_cidr_blocks": [],
                "prefix_list_ids": [],
                "protocol": "tcp",
                "security_groups": [],
                "self": true,
                "to_port": 65535
              }
            ],
            "name": "elven-cluster-node-20231028183803659800000002",
            "name_prefix": "elven-cluster-node-",
            "owner_id": "790817841652",
            "revoke_rules_on_delete": false,
            "tags": {
              "GithubOrg": "elvenproject-sre",
              "GithubRepo": "github.com/jpedrobf/elvenworks-project",
              "Name": "elven-cluster-node",
              "Project": "elvenworks-project",
              "application": "",
              "bu": "tech_cross",
              "cost_optimized": "true",
              "environment": "dev",
              "kubernetes.io/cluster/elven-cluster": "owned",
              "managed_by": "test-elvenwork-project",
              "shared": "true",
              "squad": "sre",
              "terraform": "true",
              "tribe": "tech_cross"
            },
            "tags_all": {
              "GithubOrg": "elvenproject-sre",
              "GithubRepo": "github.com/jpedrobf/elvenworks-project",
              "Name": "elven-cluster-node",
              "Project": "elvenworks-project",
              "application": "",
              "bu": "tech_cross",
              "cost_optimized": "true",
              "environment": "dev",
              "kubernetes.io/cluster/elven-cluster": "owned",
              "managed_by": "test-elvenwork-project",
              "shared": "true",
              "squad": "sre",
              "terraform": "true",
              "tribe": "tech_cross"
            },
            "timeouts": null,
            "vpc_id": "vpc-028d8a82ad4c1921a"
          },
          "sensitive_attributes": [],
          "private": "eyJlMmJmYjczMC1lY2FhLTExZTYtOGY4OC0zNDM2M2JjN2M0YzAiOnsiY3JlYXRlIjo2MDAwMDAwMDAwMDAsImRlbGV0ZSI6OTAwMDAwMDAwMDAwfSwic2NoZW1hX3ZlcnNpb24iOiIxIn0=",
          "create_before_destroy": true
        }
      ]
    },
    {
      "module": "module.eks",
      "mode": "managed",
      "type": "aws_security_group_rule",
      "name": "cluster",
      "provider": "provider[\"registry.terraform.io/hashicorp/aws\"]",
      "instances": [
        {
          "index_key": "ingress_nodes_443",
          "schema_version": 2,
          "attributes": {
            "cidr_blocks": null,
            "description": "Node groups to cluster API",
            "from_port": 443,
            "id": "sgrule-2403161058",
            "ipv6_cidr_blocks": null,
            "prefix_list_ids": null,
            "protocol": "tcp",
            "security_group_id": "sg-03e44ea51ec45c71b",
            "security_group_rule_id": "sgr-077bf8b7d27453f9b",
            "self": false,
            "source_security_group_id": "sg-0fb33d24cd4657d6f",
            "timeouts": null,
            "to_port": 443,
            "type": "ingress"
          },
          "sensitive_attributes": [],
          "private": "eyJlMmJmYjczMC1lY2FhLTExZTYtOGY4OC0zNDM2M2JjN2M0YzAiOnsiY3JlYXRlIjozMDAwMDAwMDAwMDB9LCJzY2hlbWFfdmVyc2lvbiI6IjIifQ==",
          "dependencies": [
            "module.eks.aws_security_group.cluster",
            "module.eks.aws_security_group.node"
          ],
          "create_before_destroy": true
        }
      ]
    },
    {
      "module": "module.eks",
      "mode": "managed",
      "type": "aws_security_group_rule",
      "name": "node",
      "provider": "provider[\"registry.terraform.io/hashicorp/aws\"]",
      "instances": [
        {
          "index_key": "egress_all",
          "schema_version": 2,
          "attributes": {
            "cidr_blocks": [
              "0.0.0.0/0"
            ],
            "description": "Allow all egress",
            "from_port": 0,
            "id": "sgrule-46180996",
            "ipv6_cidr_blocks": null,
            "prefix_list_ids": [],
            "protocol": "-1",
            "security_group_id": "sg-0fb33d24cd4657d6f",
            "security_group_rule_id": "sgr-0edb0c246f6bf518d",
            "self": false,
            "source_security_group_id": null,
            "timeouts": null,
            "to_port": 0,
            "type": "egress"
          },
          "sensitive_attributes": [],
          "private": "eyJlMmJmYjczMC1lY2FhLTExZTYtOGY4OC0zNDM2M2JjN2M0YzAiOnsiY3JlYXRlIjozMDAwMDAwMDAwMDB9LCJzY2hlbWFfdmVyc2lvbiI6IjIifQ==",
          "dependencies": [
            "module.eks.aws_security_group.cluster",
            "module.eks.aws_security_group.node"
          ],
          "create_before_destroy": true
        },
        {
          "index_key": "ingress_cluster_443",
          "schema_version": 2,
          "attributes": {
            "cidr_blocks": null,
            "description": "Cluster API to node groups",
            "from_port": 443,
            "id": "sgrule-844513917",
            "ipv6_cidr_blocks": null,
            "prefix_list_ids": [],
            "protocol": "tcp",
            "security_group_id": "sg-0fb33d24cd4657d6f",
            "security_group_rule_id": "sgr-04078b32e633d6605",
            "self": false,
            "source_security_group_id": "sg-03e44ea51ec45c71b",
            "timeouts": null,
            "to_port": 443,
            "type": "ingress"
          },
          "sensitive_attributes": [],
          "private": "eyJlMmJmYjczMC1lY2FhLTExZTYtOGY4OC0zNDM2M2JjN2M0YzAiOnsiY3JlYXRlIjozMDAwMDAwMDAwMDB9LCJzY2hlbWFfdmVyc2lvbiI6IjIifQ==",
          "dependencies": [
            "module.eks.aws_security_group.cluster",
            "module.eks.aws_security_group.node"
          ],
          "create_before_destroy": true
        },
        {
          "index_key": "ingress_cluster_4443_webhook",
          "schema_version": 2,
          "attributes": {
            "cidr_blocks": null,
            "description": "Cluster API to node 4443/tcp webhook",
            "from_port": 4443,
            "id": "sgrule-2225367247",
            "ipv6_cidr_blocks": null,
            "prefix_list_ids": [],
            "protocol": "tcp",
            "security_group_id": "sg-0fb33d24cd4657d6f",
            "security_group_rule_id": "sgr-0e824d3f116599c3f",
            "self": false,
            "source_security_group_id": "sg-03e44ea51ec45c71b",
            "timeouts": null,
            "to_port": 4443,
            "type": "ingress"
          },
          "sensitive_attributes": [],
          "private": "eyJlMmJmYjczMC1lY2FhLTExZTYtOGY4OC0zNDM2M2JjN2M0YzAiOnsiY3JlYXRlIjozMDAwMDAwMDAwMDB9LCJzY2hlbWFfdmVyc2lvbiI6IjIifQ==",
          "dependencies": [
            "module.eks.aws_security_group.cluster",
            "module.eks.aws_security_group.node"
          ],
          "create_before_destroy": true
        },
        {
          "index_key": "ingress_cluster_6443_webhook",
          "schema_version": 2,
          "attributes": {
            "cidr_blocks": null,
            "description": "Cluster API to node 6443/tcp webhook",
            "from_port": 6443,
            "id": "sgrule-1306922841",
            "ipv6_cidr_blocks": null,
            "prefix_list_ids": [],
            "protocol": "tcp",
            "security_group_id": "sg-0fb33d24cd4657d6f",
            "security_group_rule_id": "sgr-049c0b30bed0ed9e3",
            "self": false,
            "source_security_group_id": "sg-03e44ea51ec45c71b",
            "timeouts": null,
            "to_port": 6443,
            "type": "ingress"
          },
          "sensitive_attributes": [],
          "private": "eyJlMmJmYjczMC1lY2FhLTExZTYtOGY4OC0zNDM2M2JjN2M0YzAiOnsiY3JlYXRlIjozMDAwMDAwMDAwMDB9LCJzY2hlbWFfdmVyc2lvbiI6IjIifQ==",
          "dependencies": [
            "module.eks.aws_security_group.cluster",
            "module.eks.aws_security_group.node"
          ],
          "create_before_destroy": true
        },
        {
          "index_key": "ingress_cluster_8443_webhook",
          "schema_version": 2,
          "attributes": {
            "cidr_blocks": null,
            "description": "Cluster API to node 8443/tcp webhook",
            "from_port": 8443,
            "id": "sgrule-1589261176",
            "ipv6_cidr_blocks": null,
            "prefix_list_ids": [],
            "protocol": "tcp",
            "security_group_id": "sg-0fb33d24cd4657d6f",
            "security_group_rule_id": "sgr-0b9ff2dc2f8f6a0fc",
            "self": false,
            "source_security_group_id": "sg-03e44ea51ec45c71b",
            "timeouts": null,
            "to_port": 8443,
            "type": "ingress"
          },
          "sensitive_attributes": [],
          "private": "eyJlMmJmYjczMC1lY2FhLTExZTYtOGY4OC0zNDM2M2JjN2M0YzAiOnsiY3JlYXRlIjozMDAwMDAwMDAwMDB9LCJzY2hlbWFfdmVyc2lvbiI6IjIifQ==",
          "dependencies": [
            "module.eks.aws_security_group.cluster",
            "module.eks.aws_security_group.node"
          ],
          "create_before_destroy": true
        },
        {
          "index_key": "ingress_cluster_9443_webhook",
          "schema_version": 2,
          "attributes": {
            "cidr_blocks": null,
            "description": "Cluster API to node 9443/tcp webhook",
            "from_port": 9443,
            "id": "sgrule-974848179",
            "ipv6_cidr_blocks": null,
            "prefix_list_ids": [],
            "protocol": "tcp",
            "security_group_id": "sg-0fb33d24cd4657d6f",
            "security_group_rule_id": "sgr-0cee7fd689db3e442",
            "self": false,
            "source_security_group_id": "sg-03e44ea51ec45c71b",
            "timeouts": null,
            "to_port": 9443,
            "type": "ingress"
          },
          "sensitive_attributes": [],
          "private": "eyJlMmJmYjczMC1lY2FhLTExZTYtOGY4OC0zNDM2M2JjN2M0YzAiOnsiY3JlYXRlIjozMDAwMDAwMDAwMDB9LCJzY2hlbWFfdmVyc2lvbiI6IjIifQ==",
          "dependencies": [
            "module.eks.aws_security_group.cluster",
            "module.eks.aws_security_group.node"
          ],
          "create_before_destroy": true
        },
        {
          "index_key": "ingress_cluster_kubelet",
          "schema_version": 2,
          "attributes": {
            "cidr_blocks": null,
            "description": "Cluster API to node kubelets",
            "from_port": 10250,
            "id": "sgrule-847907935",
            "ipv6_cidr_blocks": null,
            "prefix_list_ids": [],
            "protocol": "tcp",
            "security_group_id": "sg-0fb33d24cd4657d6f",
            "security_group_rule_id": "sgr-0d58e0d3c893510c2",
            "self": false,
            "source_security_group_id": "sg-03e44ea51ec45c71b",
            "timeouts": null,
            "to_port": 10250,
            "type": "ingress"
          },
          "sensitive_attributes": [],
          "private": "eyJlMmJmYjczMC1lY2FhLTExZTYtOGY4OC0zNDM2M2JjN2M0YzAiOnsiY3JlYXRlIjozMDAwMDAwMDAwMDB9LCJzY2hlbWFfdmVyc2lvbiI6IjIifQ==",
          "dependencies": [
            "module.eks.aws_security_group.cluster",
            "module.eks.aws_security_group.node"
          ],
          "create_before_destroy": true
        },
        {
          "index_key": "ingress_nodes_ephemeral",
          "schema_version": 2,
          "attributes": {
            "cidr_blocks": null,
            "description": "Node to node ingress on ephemeral ports",
            "from_port": 1025,
            "id": "sgrule-4071821878",
            "ipv6_cidr_blocks": null,
            "prefix_list_ids": [],
            "protocol": "tcp",
            "security_group_id": "sg-0fb33d24cd4657d6f",
            "security_group_rule_id": "sgr-077eaa9b49ea4379f",
            "self": true,
            "source_security_group_id": null,
            "timeouts": null,
            "to_port": 65535,
            "type": "ingress"
          },
          "sensitive_attributes": [],
          "private": "eyJlMmJmYjczMC1lY2FhLTExZTYtOGY4OC0zNDM2M2JjN2M0YzAiOnsiY3JlYXRlIjozMDAwMDAwMDAwMDB9LCJzY2hlbWFfdmVyc2lvbiI6IjIifQ==",
          "dependencies": [
            "module.eks.aws_security_group.cluster",
            "module.eks.aws_security_group.node"
          ],
          "create_before_destroy": true
        },
        {
          "index_key": "ingress_self_coredns_tcp",
          "schema_version": 2,
          "attributes": {
            "cidr_blocks": null,
            "description": "Node to node CoreDNS",
            "from_port": 53,
            "id": "sgrule-2778537124",
            "ipv6_cidr_blocks": null,
            "prefix_list_ids": [],
            "protocol": "tcp",
            "security_group_id": "sg-0fb33d24cd4657d6f",
            "security_group_rule_id": "sgr-0b1e35242d8195e21",
            "self": true,
            "source_security_group_id": null,
            "timeouts": null,
            "to_port": 53,
            "type": "ingress"
          },
          "sensitive_attributes": [],
          "private": "eyJlMmJmYjczMC1lY2FhLTExZTYtOGY4OC0zNDM2M2JjN2M0YzAiOnsiY3JlYXRlIjozMDAwMDAwMDAwMDB9LCJzY2hlbWFfdmVyc2lvbiI6IjIifQ==",
          "dependencies": [
            "module.eks.aws_security_group.cluster",
            "module.eks.aws_security_group.node"
          ],
          "create_before_destroy": true
        },
        {
          "index_key": "ingress_self_coredns_udp",
          "schema_version": 2,
          "attributes": {
            "cidr_blocks": null,
            "description": "Node to node CoreDNS UDP",
            "from_port": 53,
            "id": "sgrule-29540171",
            "ipv6_cidr_blocks": null,
            "prefix_list_ids": [],
            "protocol": "udp",
            "security_group_id": "sg-0fb33d24cd4657d6f",
            "security_group_rule_id": "sgr-0fd3cc5f9b5c44fe6",
            "self": true,
            "source_security_group_id": null,
            "timeouts": null,
            "to_port": 53,
            "type": "ingress"
          },
          "sensitive_attributes": [],
          "private": "eyJlMmJmYjczMC1lY2FhLTExZTYtOGY4OC0zNDM2M2JjN2M0YzAiOnsiY3JlYXRlIjozMDAwMDAwMDAwMDB9LCJzY2hlbWFfdmVyc2lvbiI6IjIifQ==",
          "dependencies": [
            "module.eks.aws_security_group.cluster",
            "module.eks.aws_security_group.node"
          ],
          "create_before_destroy": true
        }
      ]
    },
    {
      "module": "module.eks",
      "mode": "managed",
      "type": "kubernetes_config_map",
      "name": "aws_auth",
      "provider": "provider[\"registry.terraform.io/hashicorp/kubernetes\"]",
      "instances": [
        {
          "index_key": 0,
          "schema_version": 0,
          "attributes": {
            "binary_data": {},
            "data": {
              "mapAccounts": "[]\n",
              "mapRoles": "- \"groups\":\n  - \"system:bootstrappers\"\n  - \"system:nodes\"\n  \"rolearn\": \"arn:aws:iam::790817841652:role/default_node_group-node-group-20231028184838900800000006\"\n  \"username\": \"system:node:{{EC2PrivateDNSName}}\"\n- \"groups\":\n  - \"system:bootstrappers\"\n  - \"system:nodes\"\n  \"rolearn\": \"arn:aws:iam::790817841652:role/apps1-node-group-20231028184839031500000008\"\n  \"username\": \"system:node:{{EC2PrivateDNSName}}\"\n- \"groups\":\n  - \"system:bootstrappers\"\n  - \"system:nodes\"\n  \"rolearn\": \"arn:aws:iam::790817841652:role/monitoring-node-group-20231028184838964600000007\"\n  \"username\": \"system:node:{{EC2PrivateDNSName}}\"\n- \"groups\":\n  - \"system:masters\"\n  \"rolearn\": \"arn:aws:iam::790817841652:role/aws-reserved/sso.amazonaws.com/AWSReservedSSO_GeneralSRE_727d478ea7e30d08\"\n  \"username\": \"GeneralSRE\"\n",
              "mapUsers": "[]\n"
            },
            "id": "kube-system/aws-auth",
            "immutable": false,
            "metadata": [
              {
                "annotations": {},
                "generate_name": "",
                "generation": 0,
                "labels": {},
                "name": "aws-auth",
                "namespace": "kube-system",
                "resource_version": "11221",
                "uid": "e751412c-0242-4ac9-a272-0cd75b2e6544"
              }
            ]
          },
          "sensitive_attributes": [],
          "private": "bnVsbA==",
          "dependencies": [
            "data.aws_ami.eks_default",
            "data.aws_caller_identity.current",
            "module.eks.aws_cloudwatch_log_group.this",
            "module.eks.aws_eks_cluster.this",
            "module.eks.aws_iam_policy.cni_ipv6_policy",
            "module.eks.aws_iam_role.this",
            "module.eks.aws_iam_role_policy_attachment.this",
            "module.eks.aws_security_group.cluster",
            "module.eks.aws_security_group.node",
            "module.eks.aws_security_group_rule.cluster",
            "module.eks.aws_security_group_rule.node",
            "module.eks.data.aws_caller_identity.current",
            "module.eks.data.aws_iam_policy_document.assume_role_policy",
            "module.eks.data.aws_iam_policy_document.cni_ipv6_policy",
            "module.eks.data.aws_iam_session_context.current",
            "module.eks.data.aws_partition.current",
            "module.eks.module.eks_managed_node_group.aws_autoscaling_schedule.this",
            "module.eks.module.eks_managed_node_group.aws_eks_node_group.this",
            "module.eks.module.eks_managed_node_group.aws_iam_role.this",
            "module.eks.module.eks_managed_node_group.aws_iam_role_policy_attachment.additional",
            "module.eks.module.eks_managed_node_group.aws_iam_role_policy_attachment.this",
            "module.eks.module.eks_managed_node_group.aws_launch_template.this",
            "module.eks.module.eks_managed_node_group.data.aws_caller_identity.current",
            "module.eks.module.eks_managed_node_group.data.aws_iam_policy_document.assume_role_policy",
            "module.eks.module.eks_managed_node_group.data.aws_partition.current",
            "module.eks.module.eks_managed_node_group.module.user_data.data.cloudinit_config.linux_eks_managed_node_group",
            "module.eks.module.fargate_profile.aws_eks_fargate_profile.this",
            "module.eks.module.fargate_profile.aws_iam_role.this",
            "module.eks.module.fargate_profile.aws_iam_role_policy_attachment.additional",
            "module.eks.module.fargate_profile.aws_iam_role_policy_attachment.this",
            "module.eks.module.fargate_profile.data.aws_caller_identity.current",
            "module.eks.module.fargate_profile.data.aws_iam_policy_document.assume_role_policy",
            "module.eks.module.fargate_profile.data.aws_partition.current",
            "module.eks.module.kms.aws_kms_external_key.this",
            "module.eks.module.kms.aws_kms_key.this",
            "module.eks.module.kms.data.aws_caller_identity.current",
            "module.eks.module.kms.data.aws_iam_policy_document.this",
            "module.eks.module.kms.data.aws_partition.current",
            "module.eks.module.self_managed_node_group.aws_autoscaling_group.this",
            "module.eks.module.self_managed_node_group.aws_autoscaling_schedule.this",
            "module.eks.module.self_managed_node_group.aws_iam_instance_profile.this",
            "module.eks.module.self_managed_node_group.aws_iam_role.this",
            "module.eks.module.self_managed_node_group.aws_iam_role_policy_attachment.additional",
            "module.eks.module.self_managed_node_group.aws_iam_role_policy_attachment.this",
            "module.eks.module.self_managed_node_group.aws_launch_template.this",
            "module.eks.module.self_managed_node_group.data.aws_ami.eks_default",
            "module.eks.module.self_managed_node_group.data.aws_caller_identity.current",
            "module.eks.module.self_managed_node_group.data.aws_iam_policy_document.assume_role_policy",
            "module.eks.module.self_managed_node_group.data.aws_partition.current",
            "module.eks.module.self_managed_node_group.module.user_data.data.cloudinit_config.linux_eks_managed_node_group",
            "module.eks.time_sleep.this"
          ]
        }
      ]
    },
    {
      "module": "module.eks",
      "mode": "managed",
      "type": "kubernetes_config_map_v1_data",
      "name": "aws_auth",
      "provider": "provider[\"registry.terraform.io/hashicorp/kubernetes\"]",
      "instances": [
        {
          "index_key": 0,
          "schema_version": 0,
          "attributes": {
            "data": {
              "mapAccounts": "[]\n",
              "mapRoles": "- \"groups\":\n  - \"system:bootstrappers\"\n  - \"system:nodes\"\n  \"rolearn\": \"arn:aws:iam::790817841652:role/default_node_group-node-group-20231028184838900800000006\"\n  \"username\": \"system:node:{{EC2PrivateDNSName}}\"\n- \"groups\":\n  - \"system:bootstrappers\"\n  - \"system:nodes\"\n  \"rolearn\": \"arn:aws:iam::790817841652:role/apps1-node-group-20231028184839031500000008\"\n  \"username\": \"system:node:{{EC2PrivateDNSName}}\"\n- \"groups\":\n  - \"system:bootstrappers\"\n  - \"system:nodes\"\n  \"rolearn\": \"arn:aws:iam::790817841652:role/monitoring-node-group-20231028184838964600000007\"\n  \"username\": \"system:node:{{EC2PrivateDNSName}}\"\n- \"groups\":\n  - \"system:masters\"\n  \"rolearn\": \"arn:aws:iam::790817841652:role/aws-reserved/sso.amazonaws.com/AWSReservedSSO_GeneralSRE_727d478ea7e30d08\"\n  \"username\": \"GeneralSRE\"\n",
              "mapUsers": "[]\n"
            },
            "field_manager": "Terraform",
            "force": true,
            "id": "kube-system/aws-auth",
            "metadata": [
              {
                "name": "aws-auth",
                "namespace": "kube-system"
              }
            ]
          },
          "sensitive_attributes": [],
          "private": "bnVsbA==",
          "dependencies": [
            "data.aws_ami.eks_default",
            "data.aws_caller_identity.current",
            "module.eks.aws_cloudwatch_log_group.this",
            "module.eks.aws_eks_cluster.this",
            "module.eks.aws_iam_policy.cni_ipv6_policy",
            "module.eks.aws_iam_role.this",
            "module.eks.aws_iam_role_policy_attachment.this",
            "module.eks.aws_security_group.cluster",
            "module.eks.aws_security_group.node",
            "module.eks.aws_security_group_rule.cluster",
            "module.eks.aws_security_group_rule.node",
            "module.eks.data.aws_caller_identity.current",
            "module.eks.data.aws_iam_policy_document.assume_role_policy",
            "module.eks.data.aws_iam_policy_document.cni_ipv6_policy",
            "module.eks.data.aws_iam_session_context.current",
            "module.eks.data.aws_partition.current",
            "module.eks.kubernetes_config_map.aws_auth",
            "module.eks.module.eks_managed_node_group.aws_autoscaling_schedule.this",
            "module.eks.module.eks_managed_node_group.aws_eks_node_group.this",
            "module.eks.module.eks_managed_node_group.aws_iam_role.this",
            "module.eks.module.eks_managed_node_group.aws_iam_role_policy_attachment.additional",
            "module.eks.module.eks_managed_node_group.aws_iam_role_policy_attachment.this",
            "module.eks.module.eks_managed_node_group.aws_launch_template.this",
            "module.eks.module.eks_managed_node_group.data.aws_caller_identity.current",
            "module.eks.module.eks_managed_node_group.data.aws_iam_policy_document.assume_role_policy",
            "module.eks.module.eks_managed_node_group.data.aws_partition.current",
            "module.eks.module.eks_managed_node_group.module.user_data.data.cloudinit_config.linux_eks_managed_node_group",
            "module.eks.module.fargate_profile.aws_eks_fargate_profile.this",
            "module.eks.module.fargate_profile.aws_iam_role.this",
            "module.eks.module.fargate_profile.aws_iam_role_policy_attachment.additional",
            "module.eks.module.fargate_profile.aws_iam_role_policy_attachment.this",
            "module.eks.module.fargate_profile.data.aws_caller_identity.current",
            "module.eks.module.fargate_profile.data.aws_iam_policy_document.assume_role_policy",
            "module.eks.module.fargate_profile.data.aws_partition.current",
            "module.eks.module.kms.aws_kms_external_key.this",
            "module.eks.module.kms.aws_kms_key.this",
            "module.eks.module.kms.data.aws_caller_identity.current",
            "module.eks.module.kms.data.aws_iam_policy_document.this",
            "module.eks.module.kms.data.aws_partition.current",
            "module.eks.module.self_managed_node_group.aws_autoscaling_group.this",
            "module.eks.module.self_managed_node_group.aws_autoscaling_schedule.this",
            "module.eks.module.self_managed_node_group.aws_iam_instance_profile.this",
            "module.eks.module.self_managed_node_group.aws_iam_role.this",
            "module.eks.module.self_managed_node_group.aws_iam_role_policy_attachment.additional",
            "module.eks.module.self_managed_node_group.aws_iam_role_policy_attachment.this",
            "module.eks.module.self_managed_node_group.aws_launch_template.this",
            "module.eks.module.self_managed_node_group.data.aws_ami.eks_default",
            "module.eks.module.self_managed_node_group.data.aws_caller_identity.current",
            "module.eks.module.self_managed_node_group.data.aws_iam_policy_document.assume_role_policy",
            "module.eks.module.self_managed_node_group.data.aws_partition.current",
            "module.eks.module.self_managed_node_group.module.user_data.data.cloudinit_config.linux_eks_managed_node_group",
            "module.eks.time_sleep.this"
          ]
        }
      ]
    },
    {
      "module": "module.eks",
      "mode": "managed",
      "type": "time_sleep",
      "name": "this",
      "provider": "provider[\"registry.terraform.io/hashicorp/time\"]",
      "instances": [
        {
          "index_key": 0,
          "schema_version": 0,
          "attributes": {
            "create_duration": "30s",
            "destroy_duration": null,
            "id": "2023-10-28T18:49:07Z",
            "triggers": {
              "cluster_certificate_authority_data": "LS0tLS1CRUdJTiBDRVJUSUZJQ0FURS0tLS0tCk1JSURCVENDQWUyZ0F3SUJBZ0lJRmpGcFdHNGdUVjh3RFFZSktvWklodmNOQVFFTEJRQXdGVEVUTUJFR0ExVUUKQXhNS2EzVmlaWEp1WlhSbGN6QWVGdzB5TXpFd01qZ3hPRE01TlRCYUZ3MHpNekV3TWpVeE9EUTBOVEJhTUJVeApFekFSQmdOVkJBTVRDbXQxWW1WeWJtVjBaWE13Z2dFaU1BMEdDU3FHU0liM0RRRUJBUVVBQTRJQkR3QXdnZ0VLCkFvSUJBUUMyYjV4QTNqR1VKZFVKcnkvUEpWMkVVVXRXVHBBNnpVa083a29CNjl5TUpUNm82dnVxL241WEd6N2cKazlHeDF6N29UNW9SRC9lVmMwcUdvZ1JJZzZ5KzV6cFBCVjRoSG9uTWNXcEdWZVFVL1BkK3A5anBjVVhtcTJldwp6dEV0Mjc1UDA4QUFpcFNqVWdkVXExSlZ0c0NIR1ZWcUpMbVM5SGVUemNNQ01jWFpGN3hkV3RVR3N0WEhnN0dhCnNSc3BoaGdRMW9XV3psSTBFQjRGVWpSOXYrWThsTHVNcUhuQ0tNQkxYWCtDb1BXTlZPWjdBTWRqNW5WbFAxSW0KYTBiUHU4WHdGc3kyN0RNcHFSN1RJTzdIc0Vha0N3OVBJZXNDbG9UZmlXTmVvRm81RWE1RzJsQ3EzQ1JXVWt0awo0UHF1TG5HZmlPeVhqTzVrRHNlYjlVZmN3UDZoQWdNQkFBR2pXVEJYTUE0R0ExVWREd0VCL3dRRUF3SUNwREFQCkJnTlZIUk1CQWY4RUJUQURBUUgvTUIwR0ExVWREZ1FXQkJRSGNsc0F0MlhXOEZKVDFyWUZXNmptdTBuRGJUQVYKQmdOVkhSRUVEakFNZ2dwcmRXSmxjbTVsZEdWek1BMEdDU3FHU0liM0RRRUJDd1VBQTRJQkFRQmZFUHIxQ0xraQppZkNNd3FHOGo1ZzJOYnlRb0l0UlVTUFYvMkkzazAzallwK3FneFF3U1FnRy9hcU01UTNiTW90c1YxZ01pQXNFClNKYldyd01NV1g0akpOdlZsZit0eTJLalA2NFhnbFNTVTFuYzdrQ0c3TW91MlFNTzhDb1NHMXp4d0tlNXozby8KV2VwZGJoZ2VUaHpTeU5NUmo2cmxVMUVCekF3VkJpL251WVIrV3kvOTJ5bjVoTzlkVEtSbWVZK0pxNjNsSko4SAo0eVVvcWZTaHMwUGlITXJST0EvV1NEK3FmN3NGbkR3K2E2a1lORkFqdEgyTlBSZUtFb2RrazdyZEFHeHZ1VmlWCm1GM0RoQnUyRFFHYTJFYVE4SWduSVJyUE1TdVFuQnBvOFB3cU5SUWU0YUFSd1JoTlVXQWpSMllKbjZ6NlFveUQKVGdwMHBUL1ZmbVdOCi0tLS0tRU5EIENFUlRJRklDQVRFLS0tLS0K",
              "cluster_endpoint": "https://9A1EA79CEBF934F167DAB157DE409353.sk1.sa-east-1.eks.amazonaws.com",
              "cluster_name": "elven-cluster",
              "cluster_version": "1.26"
            }
          },
          "sensitive_attributes": [],
          "dependencies": [
            "module.eks.aws_cloudwatch_log_group.this",
            "module.eks.aws_eks_cluster.this",
            "module.eks.aws_iam_policy.cni_ipv6_policy",
            "module.eks.aws_iam_role.this",
            "module.eks.aws_iam_role_policy_attachment.this",
            "module.eks.aws_security_group.cluster",
            "module.eks.aws_security_group.node",
            "module.eks.aws_security_group_rule.cluster",
            "module.eks.aws_security_group_rule.node",
            "module.eks.data.aws_caller_identity.current",
            "module.eks.data.aws_iam_policy_document.assume_role_policy",
            "module.eks.data.aws_iam_policy_document.cni_ipv6_policy",
            "module.eks.data.aws_iam_session_context.current",
            "module.eks.data.aws_partition.current",
            "module.eks.module.kms.aws_kms_external_key.this",
            "module.eks.module.kms.aws_kms_key.this",
            "module.eks.module.kms.data.aws_caller_identity.current",
            "module.eks.module.kms.data.aws_iam_policy_document.this",
            "module.eks.module.kms.data.aws_partition.current"
          ],
          "create_before_destroy": true
        }
      ]
    },
    {
      "module": "module.eks.module.kms",
      "mode": "data",
      "type": "aws_caller_identity",
      "name": "current",
      "provider": "provider[\"registry.terraform.io/hashicorp/aws\"]",
      "instances": [
        {
          "schema_version": 0,
          "attributes": {
            "account_id": "790817841652",
            "arn": "arn:aws:iam::790817841652:user/jp",
            "id": "790817841652",
            "user_id": "AIDA3QIDKUH2DGQZNQGY4"
          },
          "sensitive_attributes": []
        }
      ]
    },
    {
      "module": "module.eks.module.kms",
      "mode": "data",
      "type": "aws_iam_policy_document",
      "name": "this",
      "provider": "provider[\"registry.terraform.io/hashicorp/aws\"]",
      "instances": [
        {
          "index_key": 0,
          "schema_version": 0,
          "attributes": {
            "id": "4178387125",
            "json": "{\n  \"Version\": \"2012-10-17\",\n  \"Statement\": [\n    {\n      \"Sid\": \"KeyAdministration\",\n      \"Effect\": \"Allow\",\n      \"Action\": [\n        \"kms:Update*\",\n        \"kms:UntagResource\",\n        \"kms:TagResource\",\n        \"kms:ScheduleKeyDeletion\",\n        \"kms:Revoke*\",\n        \"kms:Put*\",\n        \"kms:List*\",\n        \"kms:Get*\",\n        \"kms:Enable*\",\n        \"kms:Disable*\",\n        \"kms:Describe*\",\n        \"kms:Delete*\",\n        \"kms:Create*\",\n        \"kms:CancelKeyDeletion\"\n      ],\n      \"Resource\": \"*\",\n      \"Principal\": {\n        \"AWS\": \"arn:aws:iam::790817841652:user/jp\"\n      }\n    },\n    {\n      \"Sid\": \"KeyUsage\",\n      \"Effect\": \"Allow\",\n      \"Action\": [\n        \"kms:ReEncrypt*\",\n        \"kms:GenerateDataKey*\",\n        \"kms:Encrypt\",\n        \"kms:DescribeKey\",\n        \"kms:Decrypt\"\n      ],\n      \"Resource\": \"*\",\n      \"Principal\": {\n        \"AWS\": \"arn:aws:iam::790817841652:role/elven-cluster-cluster-20231028183943501900000001\"\n      }\n    }\n  ]\n}",
            "override_policy_documents": null,
            "policy_id": null,
            "source_policy_documents": null,
            "statement": [
              {
                "actions": [
                  "kms:CancelKeyDeletion",
                  "kms:Create*",
                  "kms:Delete*",
                  "kms:Describe*",
                  "kms:Disable*",
                  "kms:Enable*",
                  "kms:Get*",
                  "kms:List*",
                  "kms:Put*",
                  "kms:Revoke*",
                  "kms:ScheduleKeyDeletion",
                  "kms:TagResource",
                  "kms:UntagResource",
                  "kms:Update*"
                ],
                "condition": [],
                "effect": "Allow",
                "not_actions": [],
                "not_principals": [],
                "not_resources": [],
                "principals": [
                  {
                    "identifiers": [
                      "arn:aws:iam::790817841652:user/jp"
                    ],
                    "type": "AWS"
                  }
                ],
                "resources": [
                  "*"
                ],
                "sid": "KeyAdministration"
              },
              {
                "actions": [
                  "kms:Decrypt",
                  "kms:DescribeKey",
                  "kms:Encrypt",
                  "kms:GenerateDataKey*",
                  "kms:ReEncrypt*"
                ],
                "condition": [],
                "effect": "Allow",
                "not_actions": [],
                "not_principals": [],
                "not_resources": [],
                "principals": [
                  {
                    "identifiers": [
                      "arn:aws:iam::790817841652:role/elven-cluster-cluster-20231028183943501900000001"
                    ],
                    "type": "AWS"
                  }
                ],
                "resources": [
                  "*"
                ],
                "sid": "KeyUsage"
              }
            ],
            "version": "2012-10-17"
          },
          "sensitive_attributes": []
        }
      ]
    },
    {
      "module": "module.eks.module.kms",
      "mode": "data",
      "type": "aws_partition",
      "name": "current",
      "provider": "provider[\"registry.terraform.io/hashicorp/aws\"]",
      "instances": [
        {
          "schema_version": 0,
          "attributes": {
            "dns_suffix": "amazonaws.com",
            "id": "aws",
            "partition": "aws",
            "reverse_dns_prefix": "com.amazonaws"
          },
          "sensitive_attributes": []
        }
      ]
    },
    {
      "module": "module.eks.module.kms",
      "mode": "managed",
      "type": "aws_kms_alias",
      "name": "this",
      "provider": "provider[\"registry.terraform.io/hashicorp/aws\"]",
      "instances": [
        {
          "index_key": "cluster",
          "schema_version": 0,
          "attributes": {
            "arn": "arn:aws:kms:sa-east-1:790817841652:alias/eks/elven-cluster",
            "id": "alias/eks/elven-cluster",
            "name": "alias/eks/elven-cluster",
            "name_prefix": "",
            "target_key_arn": "arn:aws:kms:sa-east-1:790817841652:key/5c37f08a-7568-4946-9f20-0ac570d80bfb",
            "target_key_id": "5c37f08a-7568-4946-9f20-0ac570d80bfb"
          },
          "sensitive_attributes": [],
          "private": "bnVsbA==",
          "dependencies": [
            "module.eks.aws_iam_role.this",
            "module.eks.data.aws_caller_identity.current",
            "module.eks.data.aws_iam_policy_document.assume_role_policy",
            "module.eks.data.aws_iam_session_context.current",
            "module.eks.data.aws_partition.current",
            "module.eks.module.kms.aws_kms_external_key.this",
            "module.eks.module.kms.aws_kms_key.this",
            "module.eks.module.kms.data.aws_caller_identity.current",
            "module.eks.module.kms.data.aws_iam_policy_document.this",
            "module.eks.module.kms.data.aws_partition.current"
          ]
        }
      ]
    },
    {
      "module": "module.eks.module.kms",
      "mode": "managed",
      "type": "aws_kms_key",
      "name": "this",
      "provider": "provider[\"registry.terraform.io/hashicorp/aws\"]",
      "instances": [
        {
          "index_key": 0,
          "schema_version": 0,
          "attributes": {
            "arn": "arn:aws:kms:sa-east-1:790817841652:key/5c37f08a-7568-4946-9f20-0ac570d80bfb",
            "bypass_policy_lockout_safety_check": false,
            "custom_key_store_id": "",
            "customer_master_key_spec": "SYMMETRIC_DEFAULT",
            "deletion_window_in_days": null,
            "description": "elven-cluster cluster encryption key",
            "enable_key_rotation": true,
            "id": "5c37f08a-7568-4946-9f20-0ac570d80bfb",
            "is_enabled": true,
            "key_id": "5c37f08a-7568-4946-9f20-0ac570d80bfb",
            "key_usage": "ENCRYPT_DECRYPT",
            "multi_region": false,
            "policy": "{\"Statement\":[{\"Action\":[\"kms:Update*\",\"kms:UntagResource\",\"kms:TagResource\",\"kms:ScheduleKeyDeletion\",\"kms:Revoke*\",\"kms:Put*\",\"kms:List*\",\"kms:Get*\",\"kms:Enable*\",\"kms:Disable*\",\"kms:Describe*\",\"kms:Delete*\",\"kms:Create*\",\"kms:CancelKeyDeletion\"],\"Effect\":\"Allow\",\"Principal\":{\"AWS\":\"arn:aws:iam::790817841652:user/jp\"},\"Resource\":\"*\",\"Sid\":\"KeyAdministration\"},{\"Action\":[\"kms:ReEncrypt*\",\"kms:GenerateDataKey*\",\"kms:Encrypt\",\"kms:DescribeKey\",\"kms:Decrypt\"],\"Effect\":\"Allow\",\"Principal\":{\"AWS\":\"arn:aws:iam::790817841652:role/elven-cluster-cluster-20231028183943501900000001\"},\"Resource\":\"*\",\"Sid\":\"KeyUsage\"}],\"Version\":\"2012-10-17\"}",
            "tags": {
              "GithubOrg": "elvenproject-sre",
              "GithubRepo": "github.com/jpedrobf/elvenworks-project",
              "Project": "elvenworks-project",
              "application": "",
              "bu": "tech_cross",
              "cost_optimized": "true",
              "environment": "dev",
              "managed_by": "test-elvenwork-project",
              "shared": "true",
              "squad": "sre",
              "terraform": "true",
              "tribe": "tech_cross"
            },
            "tags_all": {
              "GithubOrg": "elvenproject-sre",
              "GithubRepo": "github.com/jpedrobf/elvenworks-project",
              "Project": "elvenworks-project",
              "application": "",
              "bu": "tech_cross",
              "cost_optimized": "true",
              "environment": "dev",
              "managed_by": "test-elvenwork-project",
              "shared": "true",
              "squad": "sre",
              "terraform": "true",
              "tribe": "tech_cross"
            },
            "timeouts": null
          },
          "sensitive_attributes": [],
          "private": "eyJlMmJmYjczMC1lY2FhLTExZTYtOGY4OC0zNDM2M2JjN2M0YzAiOnsiY3JlYXRlIjoxMjAwMDAwMDAwMDB9fQ==",
          "dependencies": [
            "module.eks.aws_iam_role.this",
            "module.eks.data.aws_caller_identity.current",
            "module.eks.data.aws_iam_policy_document.assume_role_policy",
            "module.eks.data.aws_iam_session_context.current",
            "module.eks.data.aws_partition.current",
            "module.eks.module.kms.data.aws_caller_identity.current",
            "module.eks.module.kms.data.aws_iam_policy_document.this",
            "module.eks.module.kms.data.aws_partition.current"
          ],
          "create_before_destroy": true
        }
      ]
    },
    {
      "module": "module.eks.module.self_managed_node_group[\"default_node_group\"]",
      "mode": "data",
      "type": "aws_ami",
      "name": "eks_default",
      "provider": "provider[\"registry.terraform.io/hashicorp/aws\"]",
      "instances": [
        {
          "index_key": 0,
          "schema_version": 0,
          "attributes": {
            "architecture": "x86_64",
            "arn": "arn:aws:ec2:sa-east-1::image/ami-04db11f9b6ad38349",
            "block_device_mappings": [
              {
                "device_name": "/dev/xvda",
                "ebs": {
                  "delete_on_termination": "true",
                  "encrypted": "false",
                  "iops": "0",
                  "snapshot_id": "snap-09554785e857a8f77",
                  "throughput": "0",
                  "volume_size": "20",
                  "volume_type": "gp2"
                },
                "no_device": "",
                "virtual_name": ""
              }
            ],
            "boot_mode": "",
            "creation_date": "2023-10-03T04:23:27.000Z",
            "deprecation_time": "2025-10-03T04:23:27.000Z",
            "description": "EKS Kubernetes Worker AMI with AmazonLinux2 image, (k8s: 1.26.8, containerd: 1.6.*)",
            "ena_support": true,
            "executable_users": null,
            "filter": [
              {
                "name": "name",
                "values": [
                  "amazon-eks-node-1.26-v*"
                ]
              }
            ],
            "hypervisor": "xen",
            "id": "ami-04db11f9b6ad38349",
            "image_id": "ami-04db11f9b6ad38349",
            "image_location": "amazon/amazon-eks-node-1.26-v20231002",
            "image_owner_alias": "amazon",
            "image_type": "machine",
            "imds_support": "",
            "include_deprecated": false,
            "kernel_id": "",
            "most_recent": true,
            "name": "amazon-eks-node-1.26-v20231002",
            "name_regex": null,
            "owner_id": "602401143452",
            "owners": [
              "amazon"
            ],
            "platform": "",
            "platform_details": "Linux/UNIX",
            "product_codes": [],
            "public": true,
            "ramdisk_id": "",
            "root_device_name": "/dev/xvda",
            "root_device_type": "ebs",
            "root_snapshot_id": "snap-09554785e857a8f77",
            "sriov_net_support": "simple",
            "state": "available",
            "state_reason": {
              "code": "UNSET",
              "message": "UNSET"
            },
            "tags": {},
            "timeouts": null,
            "tpm_support": "",
            "usage_operation": "RunInstances",
            "virtualization_type": "hvm"
          },
          "sensitive_attributes": []
        }
      ]
    },
    {
      "module": "module.eks.module.self_managed_node_group[\"default_node_group\"]",
      "mode": "data",
      "type": "aws_caller_identity",
      "name": "current",
      "provider": "provider[\"registry.terraform.io/hashicorp/aws\"]",
      "instances": [
        {
          "schema_version": 0,
          "attributes": {
            "account_id": "790817841652",
            "arn": "arn:aws:iam::790817841652:user/jp",
            "id": "790817841652",
            "user_id": "AIDA3QIDKUH2DGQZNQGY4"
          },
          "sensitive_attributes": []
        }
      ]
    },
    {
      "module": "module.eks.module.self_managed_node_group[\"default_node_group\"]",
      "mode": "data",
      "type": "aws_iam_policy_document",
      "name": "assume_role_policy",
      "provider": "provider[\"registry.terraform.io/hashicorp/aws\"]",
      "instances": [
        {
          "index_key": 0,
          "schema_version": 0,
          "attributes": {
            "id": "2560088296",
            "json": "{\n  \"Version\": \"2012-10-17\",\n  \"Statement\": [\n    {\n      \"Sid\": \"EKSNodeAssumeRole\",\n      \"Effect\": \"Allow\",\n      \"Action\": \"sts:AssumeRole\",\n      \"Principal\": {\n        \"Service\": \"ec2.amazonaws.com\"\n      }\n    }\n  ]\n}",
            "override_policy_documents": null,
            "policy_id": null,
            "source_policy_documents": null,
            "statement": [
              {
                "actions": [
                  "sts:AssumeRole"
                ],
                "condition": [],
                "effect": "Allow",
                "not_actions": [],
                "not_principals": [],
                "not_resources": [],
                "principals": [
                  {
                    "identifiers": [
                      "ec2.amazonaws.com"
                    ],
                    "type": "Service"
                  }
                ],
                "resources": [],
                "sid": "EKSNodeAssumeRole"
              }
            ],
            "version": "2012-10-17"
          },
          "sensitive_attributes": []
        }
      ]
    },
    {
      "module": "module.eks.module.self_managed_node_group[\"default_node_group\"]",
      "mode": "data",
      "type": "aws_partition",
      "name": "current",
      "provider": "provider[\"registry.terraform.io/hashicorp/aws\"]",
      "instances": [
        {
          "schema_version": 0,
          "attributes": {
            "dns_suffix": "amazonaws.com",
            "id": "aws",
            "partition": "aws",
            "reverse_dns_prefix": "com.amazonaws"
          },
          "sensitive_attributes": []
        }
      ]
    },
    {
      "module": "module.eks.module.self_managed_node_group[\"default_node_group\"]",
      "mode": "managed",
      "type": "aws_autoscaling_group",
      "name": "this",
      "provider": "provider[\"registry.terraform.io/hashicorp/aws\"]",
      "instances": [
        {
          "index_key": 0,
          "schema_version": 1,
          "attributes": {
            "arn": "arn:aws:autoscaling:sa-east-1:790817841652:autoScalingGroup:a6ab0281-f106-4857-8a8f-40e99e177668:autoScalingGroupName/default_node_group-20231028193326250000000001",
            "availability_zones": [
              "sa-east-1a",
              "sa-east-1b",
              "sa-east-1c"
            ],
            "capacity_rebalance": false,
            "context": "",
            "default_cooldown": 300,
            "default_instance_warmup": 0,
            "desired_capacity": 1,
            "desired_capacity_type": "",
            "enabled_metrics": [],
            "force_delete": false,
            "force_delete_warm_pool": false,
            "health_check_grace_period": 300,
            "health_check_type": "EC2",
            "id": "default_node_group-20231028193326250000000001",
            "ignore_failed_scaling_activities": false,
            "initial_lifecycle_hook": [],
            "instance_refresh": [
              {
                "preferences": [
                  {
                    "auto_rollback": false,
                    "checkpoint_delay": "",
                    "checkpoint_percentages": [],
                    "instance_warmup": "",
                    "min_healthy_percentage": 66,
                    "scale_in_protected_instances": "Ignore",
                    "skip_matching": false,
                    "standby_instances": "Ignore"
                  }
                ],
                "strategy": "Rolling",
                "triggers": []
              }
            ],
            "launch_configuration": "",
            "launch_template": [
              {
                "id": "lt-0f3a4d6c272aafca4",
                "name": "default_node_group-20231028184907985000000015",
                "version": "2"
              }
            ],
            "load_balancers": [],
            "max_instance_lifetime": 0,
            "max_size": 3,
            "metrics_granularity": "1Minute",
            "min_elb_capacity": null,
            "min_size": 0,
            "mixed_instances_policy": [],
            "name": "default_node_group-20231028193326250000000001",
            "name_prefix": "default_node_group-",
            "placement_group": "",
            "predicted_capacity": 0,
            "protect_from_scale_in": false,
            "service_linked_role_arn": "arn:aws:iam::790817841652:role/aws-service-role/autoscaling.amazonaws.com/AWSServiceRoleForAutoScaling",
            "suspended_processes": [],
            "tag": [
              {
                "key": "GithubOrg",
                "propagate_at_launch": true,
                "value": "elvenproject-sre"
              },
              {
                "key": "GithubRepo",
                "propagate_at_launch": true,
                "value": "github.com/jpedrobf/elvenworks-project"
              },
              {
                "key": "Name",
                "propagate_at_launch": true,
                "value": "default_node_group"
              },
              {
                "key": "Project",
                "propagate_at_launch": true,
                "value": "elvenworks-project"
              },
              {
                "key": "application",
                "propagate_at_launch": true,
                "value": ""
              },
              {
                "key": "bu",
                "propagate_at_launch": true,
                "value": "tech_cross"
              },
              {
                "key": "cost_optimized",
                "propagate_at_launch": true,
                "value": "true"
              },
              {
                "key": "environment",
                "propagate_at_launch": true,
                "value": "dev"
              },
              {
                "key": "k8s.io/cluster-autoscaler/elven-cluster",
                "propagate_at_launch": true,
                "value": "owned"
              },
              {
                "key": "k8s.io/cluster-autoscaler/enabled",
                "propagate_at_launch": true,
                "value": "true"
              },
              {
                "key": "k8s.io/cluster/elven-cluster",
                "propagate_at_launch": true,
                "value": "owned"
              },
              {
                "key": "kubernetes.io/cluster/elven-cluster",
                "propagate_at_launch": true,
                "value": "owned"
              },
              {
                "key": "managed_by",
                "propagate_at_launch": true,
                "value": "test-elvenwork-project"
              },
              {
                "key": "shared",
                "propagate_at_launch": true,
                "value": "true"
              },
              {
                "key": "squad",
                "propagate_at_launch": true,
                "value": "sre"
              },
              {
                "key": "terraform",
                "propagate_at_launch": true,
                "value": "true"
              },
              {
                "key": "tribe",
                "propagate_at_launch": true,
                "value": "tech_cross"
              }
            ],
            "target_group_arns": [],
            "termination_policies": [],
            "timeouts": {
              "delete": null,
              "update": null
            },
            "traffic_source": [],
            "vpc_zone_identifier": [
              "subnet-06e9656596980d2f3",
              "subnet-0a866705f5d7c6a97",
              "subnet-0e30b8f58d262c9f8"
            ],
            "wait_for_capacity_timeout": "10m",
            "wait_for_elb_capacity": null,
            "warm_pool": [],
            "warm_pool_size": 0
          },
          "sensitive_attributes": [],
          "private": "eyJlMmJmYjczMC1lY2FhLTExZTYtOGY4OC0zNDM2M2JjN2M0YzAiOnsiZGVsZXRlIjo2MDAwMDAwMDAwMDAsInVwZGF0ZSI6NjAwMDAwMDAwMDAwfSwic2NoZW1hX3ZlcnNpb24iOiIxIn0=",
          "dependencies": [
            "data.aws_ami.eks_default",
            "module.eks.aws_cloudwatch_log_group.this",
            "module.eks.aws_eks_cluster.this",
            "module.eks.aws_iam_policy.cni_ipv6_policy",
            "module.eks.aws_iam_role.this",
            "module.eks.aws_iam_role_policy_attachment.this",
            "module.eks.aws_security_group.cluster",
            "module.eks.aws_security_group.node",
            "module.eks.aws_security_group_rule.cluster",
            "module.eks.aws_security_group_rule.node",
            "module.eks.data.aws_caller_identity.current",
            "module.eks.data.aws_iam_policy_document.assume_role_policy",
            "module.eks.data.aws_iam_policy_document.cni_ipv6_policy",
            "module.eks.data.aws_iam_session_context.current",
            "module.eks.data.aws_partition.current",
            "module.eks.module.kms.aws_kms_external_key.this",
            "module.eks.module.kms.aws_kms_key.this",
            "module.eks.module.kms.data.aws_caller_identity.current",
            "module.eks.module.kms.data.aws_iam_policy_document.this",
            "module.eks.module.kms.data.aws_partition.current",
            "module.eks.module.self_managed_node_group.aws_iam_instance_profile.this",
            "module.eks.module.self_managed_node_group.aws_iam_role.this",
            "module.eks.module.self_managed_node_group.aws_iam_role_policy_attachment.this",
            "module.eks.module.self_managed_node_group.aws_launch_template.this",
            "module.eks.module.self_managed_node_group.data.aws_ami.eks_default",
            "module.eks.module.self_managed_node_group.data.aws_caller_identity.current",
            "module.eks.module.self_managed_node_group.data.aws_iam_policy_document.assume_role_policy",
            "module.eks.module.self_managed_node_group.data.aws_partition.current",
            "module.eks.module.self_managed_node_group.module.user_data.data.cloudinit_config.linux_eks_managed_node_group",
            "module.eks.time_sleep.this"
          ],
          "create_before_destroy": true
        }
      ]
    },
    {
      "module": "module.eks.module.self_managed_node_group[\"default_node_group\"]",
      "mode": "managed",
      "type": "aws_iam_instance_profile",
      "name": "this",
      "provider": "provider[\"registry.terraform.io/hashicorp/aws\"]",
      "instances": [
        {
          "index_key": 0,
          "schema_version": 0,
          "attributes": {
            "arn": "arn:aws:iam::790817841652:instance-profile/default_node_group-node-group-20231028184840114000000009",
            "create_date": "2023-10-28T18:48:36Z",
            "id": "default_node_group-node-group-20231028184840114000000009",
            "name": "default_node_group-node-group-20231028184840114000000009",
            "name_prefix": "default_node_group-node-group-",
            "path": "/",
            "role": "default_node_group-node-group-20231028184838900800000006",
            "tags": {},
            "tags_all": {},
            "unique_id": "AIPA3QIDKUH2EH4ZLGSLC"
          },
          "sensitive_attributes": [],
          "private": "bnVsbA==",
          "dependencies": [
            "data.aws_ami.eks_default",
            "module.eks.aws_cloudwatch_log_group.this",
            "module.eks.aws_eks_cluster.this",
            "module.eks.aws_iam_policy.cni_ipv6_policy",
            "module.eks.aws_iam_role.this",
            "module.eks.aws_iam_role_policy_attachment.this",
            "module.eks.aws_security_group.cluster",
            "module.eks.aws_security_group.node",
            "module.eks.aws_security_group_rule.cluster",
            "module.eks.aws_security_group_rule.node",
            "module.eks.data.aws_caller_identity.current",
            "module.eks.data.aws_iam_policy_document.assume_role_policy",
            "module.eks.data.aws_iam_policy_document.cni_ipv6_policy",
            "module.eks.data.aws_iam_session_context.current",
            "module.eks.data.aws_partition.current",
            "module.eks.module.kms.aws_kms_external_key.this",
            "module.eks.module.kms.aws_kms_key.this",
            "module.eks.module.kms.data.aws_caller_identity.current",
            "module.eks.module.kms.data.aws_iam_policy_document.this",
            "module.eks.module.kms.data.aws_partition.current",
            "module.eks.module.self_managed_node_group.aws_iam_role.this",
            "module.eks.module.self_managed_node_group.data.aws_iam_policy_document.assume_role_policy",
            "module.eks.module.self_managed_node_group.data.aws_partition.current"
          ],
          "create_before_destroy": true
        }
      ]
    },
    {
      "module": "module.eks.module.self_managed_node_group[\"default_node_group\"]",
      "mode": "managed",
      "type": "aws_iam_role",
      "name": "this",
      "provider": "provider[\"registry.terraform.io/hashicorp/aws\"]",
      "instances": [
        {
          "index_key": 0,
          "schema_version": 0,
          "attributes": {
            "arn": "arn:aws:iam::790817841652:role/default_node_group-node-group-20231028184838900800000006",
            "assume_role_policy": "{\"Statement\":[{\"Action\":\"sts:AssumeRole\",\"Effect\":\"Allow\",\"Principal\":{\"Service\":\"ec2.amazonaws.com\"},\"Sid\":\"EKSNodeAssumeRole\"}],\"Version\":\"2012-10-17\"}",
            "create_date": "2023-10-28T18:48:35Z",
            "description": "Self managed node group IAM role",
            "force_detach_policies": true,
            "id": "default_node_group-node-group-20231028184838900800000006",
            "inline_policy": [],
            "managed_policy_arns": [
              "arn:aws:iam::aws:policy/AmazonEC2ContainerRegistryReadOnly",
              "arn:aws:iam::aws:policy/AmazonEKSWorkerNodePolicy",
              "arn:aws:iam::aws:policy/AmazonEKS_CNI_Policy"
            ],
            "max_session_duration": 3600,
            "name": "default_node_group-node-group-20231028184838900800000006",
            "name_prefix": "default_node_group-node-group-",
            "path": "/",
            "permissions_boundary": "",
            "tags": {},
            "tags_all": {},
            "unique_id": "AROA3QIDKUH2LR6MZCJSA"
          },
          "sensitive_attributes": [],
          "private": "bnVsbA==",
          "dependencies": [
            "data.aws_ami.eks_default",
            "module.eks.aws_cloudwatch_log_group.this",
            "module.eks.aws_eks_cluster.this",
            "module.eks.aws_iam_policy.cni_ipv6_policy",
            "module.eks.aws_iam_role.this",
            "module.eks.aws_iam_role_policy_attachment.this",
            "module.eks.aws_security_group.cluster",
            "module.eks.aws_security_group.node",
            "module.eks.aws_security_group_rule.cluster",
            "module.eks.aws_security_group_rule.node",
            "module.eks.data.aws_caller_identity.current",
            "module.eks.data.aws_iam_policy_document.assume_role_policy",
            "module.eks.data.aws_iam_policy_document.cni_ipv6_policy",
            "module.eks.data.aws_iam_session_context.current",
            "module.eks.data.aws_partition.current",
            "module.eks.module.kms.aws_kms_external_key.this",
            "module.eks.module.kms.aws_kms_key.this",
            "module.eks.module.kms.data.aws_caller_identity.current",
            "module.eks.module.kms.data.aws_iam_policy_document.this",
            "module.eks.module.kms.data.aws_partition.current",
            "module.eks.module.self_managed_node_group.data.aws_iam_policy_document.assume_role_policy",
            "module.eks.module.self_managed_node_group.data.aws_partition.current"
          ],
          "create_before_destroy": true
        }
      ]
    },
    {
      "module": "module.eks.module.self_managed_node_group[\"default_node_group\"]",
      "mode": "managed",
      "type": "aws_iam_role_policy_attachment",
      "name": "this",
      "provider": "provider[\"registry.terraform.io/hashicorp/aws\"]",
      "instances": [
        {
          "index_key": "arn:aws:iam::aws:policy/AmazonEC2ContainerRegistryReadOnly",
          "schema_version": 0,
          "attributes": {
            "id": "default_node_group-node-group-20231028184838900800000006-2023102818484032900000000b",
            "policy_arn": "arn:aws:iam::aws:policy/AmazonEC2ContainerRegistryReadOnly",
            "role": "default_node_group-node-group-20231028184838900800000006"
          },
          "sensitive_attributes": [],
          "private": "bnVsbA==",
          "dependencies": [
            "data.aws_ami.eks_default",
            "module.eks.aws_cloudwatch_log_group.this",
            "module.eks.aws_eks_cluster.this",
            "module.eks.aws_iam_policy.cni_ipv6_policy",
            "module.eks.aws_iam_role.this",
            "module.eks.aws_iam_role_policy_attachment.this",
            "module.eks.aws_security_group.cluster",
            "module.eks.aws_security_group.node",
            "module.eks.aws_security_group_rule.cluster",
            "module.eks.aws_security_group_rule.node",
            "module.eks.data.aws_caller_identity.current",
            "module.eks.data.aws_iam_policy_document.assume_role_policy",
            "module.eks.data.aws_iam_policy_document.cni_ipv6_policy",
            "module.eks.data.aws_iam_session_context.current",
            "module.eks.data.aws_partition.current",
            "module.eks.module.kms.aws_kms_external_key.this",
            "module.eks.module.kms.aws_kms_key.this",
            "module.eks.module.kms.data.aws_caller_identity.current",
            "module.eks.module.kms.data.aws_iam_policy_document.this",
            "module.eks.module.kms.data.aws_partition.current",
            "module.eks.module.self_managed_node_group.aws_iam_role.this",
            "module.eks.module.self_managed_node_group.data.aws_caller_identity.current",
            "module.eks.module.self_managed_node_group.data.aws_iam_policy_document.assume_role_policy",
            "module.eks.module.self_managed_node_group.data.aws_partition.current"
          ],
          "create_before_destroy": true
        },
        {
          "index_key": "arn:aws:iam::aws:policy/AmazonEKSWorkerNodePolicy",
          "schema_version": 0,
          "attributes": {
            "id": "default_node_group-node-group-20231028184838900800000006-2023102818484038510000000c",
            "policy_arn": "arn:aws:iam::aws:policy/AmazonEKSWorkerNodePolicy",
            "role": "default_node_group-node-group-20231028184838900800000006"
          },
          "sensitive_attributes": [],
          "private": "bnVsbA==",
          "dependencies": [
            "data.aws_ami.eks_default",
            "module.eks.aws_cloudwatch_log_group.this",
            "module.eks.aws_eks_cluster.this",
            "module.eks.aws_iam_policy.cni_ipv6_policy",
            "module.eks.aws_iam_role.this",
            "module.eks.aws_iam_role_policy_attachment.this",
            "module.eks.aws_security_group.cluster",
            "module.eks.aws_security_group.node",
            "module.eks.aws_security_group_rule.cluster",
            "module.eks.aws_security_group_rule.node",
            "module.eks.data.aws_caller_identity.current",
            "module.eks.data.aws_iam_policy_document.assume_role_policy",
            "module.eks.data.aws_iam_policy_document.cni_ipv6_policy",
            "module.eks.data.aws_iam_session_context.current",
            "module.eks.data.aws_partition.current",
            "module.eks.module.kms.aws_kms_external_key.this",
            "module.eks.module.kms.aws_kms_key.this",
            "module.eks.module.kms.data.aws_caller_identity.current",
            "module.eks.module.kms.data.aws_iam_policy_document.this",
            "module.eks.module.kms.data.aws_partition.current",
            "module.eks.module.self_managed_node_group.aws_iam_role.this",
            "module.eks.module.self_managed_node_group.data.aws_caller_identity.current",
            "module.eks.module.self_managed_node_group.data.aws_iam_policy_document.assume_role_policy",
            "module.eks.module.self_managed_node_group.data.aws_partition.current"
          ],
          "create_before_destroy": true
        },
        {
          "index_key": "arn:aws:iam::aws:policy/AmazonEKS_CNI_Policy",
          "schema_version": 0,
          "attributes": {
            "id": "default_node_group-node-group-20231028184838900800000006-2023102818484045280000000d",
            "policy_arn": "arn:aws:iam::aws:policy/AmazonEKS_CNI_Policy",
            "role": "default_node_group-node-group-20231028184838900800000006"
          },
          "sensitive_attributes": [],
          "private": "bnVsbA==",
          "dependencies": [
            "data.aws_ami.eks_default",
            "module.eks.aws_cloudwatch_log_group.this",
            "module.eks.aws_eks_cluster.this",
            "module.eks.aws_iam_policy.cni_ipv6_policy",
            "module.eks.aws_iam_role.this",
            "module.eks.aws_iam_role_policy_attachment.this",
            "module.eks.aws_security_group.cluster",
            "module.eks.aws_security_group.node",
            "module.eks.aws_security_group_rule.cluster",
            "module.eks.aws_security_group_rule.node",
            "module.eks.data.aws_caller_identity.current",
            "module.eks.data.aws_iam_policy_document.assume_role_policy",
            "module.eks.data.aws_iam_policy_document.cni_ipv6_policy",
            "module.eks.data.aws_iam_session_context.current",
            "module.eks.data.aws_partition.current",
            "module.eks.module.kms.aws_kms_external_key.this",
            "module.eks.module.kms.aws_kms_key.this",
            "module.eks.module.kms.data.aws_caller_identity.current",
            "module.eks.module.kms.data.aws_iam_policy_document.this",
            "module.eks.module.kms.data.aws_partition.current",
            "module.eks.module.self_managed_node_group.aws_iam_role.this",
            "module.eks.module.self_managed_node_group.data.aws_caller_identity.current",
            "module.eks.module.self_managed_node_group.data.aws_iam_policy_document.assume_role_policy",
            "module.eks.module.self_managed_node_group.data.aws_partition.current"
          ],
          "create_before_destroy": true
        }
      ]
    },
    {
      "module": "module.eks.module.self_managed_node_group[\"default_node_group\"]",
      "mode": "managed",
      "type": "aws_launch_template",
      "name": "this",
      "provider": "provider[\"registry.terraform.io/hashicorp/aws\"]",
      "instances": [
        {
          "index_key": 0,
          "schema_version": 0,
          "attributes": {
            "arn": "arn:aws:ec2:sa-east-1:790817841652:launch-template/lt-0f3a4d6c272aafca4",
            "block_device_mappings": [],
            "capacity_reservation_specification": [],
            "cpu_options": [],
            "credit_specification": [],
            "default_version": 2,
            "description": "Custom launch template for default_node_group self managed node group",
            "disable_api_stop": false,
            "disable_api_termination": false,
            "ebs_optimized": "",
            "elastic_gpu_specifications": [],
            "elastic_inference_accelerator": [],
            "enclave_options": [],
            "hibernation_options": [],
            "iam_instance_profile": [
              {
                "arn": "arn:aws:iam::790817841652:instance-profile/default_node_group-node-group-20231028184840114000000009",
                "name": ""
              }
            ],
            "id": "lt-0f3a4d6c272aafca4",
            "image_id": "ami-04db11f9b6ad38349",
            "instance_initiated_shutdown_behavior": "",
            "instance_market_options": [],
            "instance_requirements": [],
            "instance_type": "m6i.large",
            "kernel_id": "",
            "key_name": "",
            "latest_version": 2,
            "license_specification": [],
            "maintenance_options": [],
            "metadata_options": [
              {
                "http_endpoint": "enabled",
                "http_protocol_ipv6": "",
                "http_put_response_hop_limit": 2,
                "http_tokens": "required",
                "instance_metadata_tags": ""
              }
            ],
            "monitoring": [
              {
                "enabled": true
              }
            ],
            "name": "default_node_group-20231028184907985000000015",
            "name_prefix": "default_node_group-",
            "network_interfaces": [],
            "placement": [],
            "private_dns_name_options": [],
            "ram_disk_id": "",
            "security_group_names": [],
            "tag_specifications": [
              {
                "resource_type": "instance",
                "tags": {
                  "GithubOrg": "elvenproject-sre",
                  "GithubRepo": "github.com/jpedrobf/elvenworks-project",
                  "Name": "default_node_group",
                  "Project": "elvenworks-project",
                  "application": "",
                  "bu": "tech_cross",
                  "cost_optimized": "true",
                  "environment": "dev",
                  "k8s.io/cluster-autoscaler/elven-cluster": "owned",
                  "k8s.io/cluster-autoscaler/enabled": "true",
                  "managed_by": "test-elvenwork-project",
                  "shared": "true",
                  "squad": "sre",
                  "terraform": "true",
                  "tribe": "tech_cross"
                }
              },
              {
                "resource_type": "network-interface",
                "tags": {
                  "GithubOrg": "elvenproject-sre",
                  "GithubRepo": "github.com/jpedrobf/elvenworks-project",
                  "Name": "default_node_group",
                  "Project": "elvenworks-project",
                  "application": "",
                  "bu": "tech_cross",
                  "cost_optimized": "true",
                  "environment": "dev",
                  "k8s.io/cluster-autoscaler/elven-cluster": "owned",
                  "k8s.io/cluster-autoscaler/enabled": "true",
                  "managed_by": "test-elvenwork-project",
                  "shared": "true",
                  "squad": "sre",
                  "terraform": "true",
                  "tribe": "tech_cross"
                }
              },
              {
                "resource_type": "volume",
                "tags": {
                  "GithubOrg": "elvenproject-sre",
                  "GithubRepo": "github.com/jpedrobf/elvenworks-project",
                  "Name": "default_node_group",
                  "Project": "elvenworks-project",
                  "application": "",
                  "bu": "tech_cross",
                  "cost_optimized": "true",
                  "environment": "dev",
                  "k8s.io/cluster-autoscaler/elven-cluster": "owned",
                  "k8s.io/cluster-autoscaler/enabled": "true",
                  "managed_by": "test-elvenwork-project",
                  "shared": "true",
                  "squad": "sre",
                  "terraform": "true",
                  "tribe": "tech_cross"
                }
              }
            ],
            "tags": {
              "GithubOrg": "elvenproject-sre",
              "GithubRepo": "github.com/jpedrobf/elvenworks-project",
              "Project": "elvenworks-project",
              "application": "",
              "bu": "tech_cross",
              "cost_optimized": "true",
              "environment": "dev",
              "k8s.io/cluster-autoscaler/elven-cluster": "owned",
              "k8s.io/cluster-autoscaler/enabled": "true",
              "managed_by": "test-elvenwork-project",
              "shared": "true",
              "squad": "sre",
              "terraform": "true",
              "tribe": "tech_cross"
            },
            "tags_all": {
              "GithubOrg": "elvenproject-sre",
              "GithubRepo": "github.com/jpedrobf/elvenworks-project",
              "Project": "elvenworks-project",
              "application": "",
              "bu": "tech_cross",
              "cost_optimized": "true",
              "environment": "dev",
              "k8s.io/cluster-autoscaler/elven-cluster": "owned",
              "k8s.io/cluster-autoscaler/enabled": "true",
              "managed_by": "test-elvenwork-project",
              "shared": "true",
              "squad": "sre",
              "terraform": "true",
              "tribe": "tech_cross"
            },
            "update_default_version": true,
            "user_data": "IyEvYmluL2Jhc2gKc2V0IC1lCkI2NF9DTFVTVEVSX0NBPUxTMHRMUzFDUlVkSlRpQkRSVkpVU1VaSlEwRlVSUzB0TFMwdENrMUpTVVJDVkVORFFXVXlaMEYzU1VKQlowbEpSbXBHY0ZkSE5HZFVWamgzUkZGWlNrdHZXa2xvZG1OT1FWRkZURUpSUVhkR1ZFVlVUVUpGUjBFeFZVVUtRWGhOUzJFelZtbGFXRXAxV2xoU2JHTjZRV1ZHZHpCNVRYcEZkMDFxWjNoUFJFMDFUbFJDWVVaM01IcE5la1YzVFdwVmVFOUVVVEJPVkVKaFRVSlZlQXBGZWtGU1FtZE9Wa0pCVFZSRGJYUXhXVzFXZVdKdFZqQmFXRTEzWjJkRmFVMUJNRWREVTNGSFUwbGlNMFJSUlVKQlVWVkJRVFJKUWtSM1FYZG5aMFZMQ2tGdlNVSkJVVU15WWpWNFFUTnFSMVZLWkZWS2Nua3ZVRXBXTWtWVlZYUlhWSEJCTm5wVmEwODNhMjlDTmpsNVRVcFVObTgyZG5WeEwyNDFXRWQ2TjJjS2F6bEhlREY2TjI5VU5XOVNSQzlsVm1Nd2NVZHZaMUpKWnpaNUt6VjZjRkJDVmpSb1NHOXVUV05YY0VkV1pWRlZMMUJrSzNBNWFuQmpWVmh0Y1RKbGR3cDZkRVYwTWpjMVVEQTRRVUZwY0ZOcVZXZGtWWEV4U2xaMGMwTklSMVpXY1VwTWJWTTVTR1ZVZW1OTlEwMWpXRnBHTjNoa1YzUlZSM04wV0Vobk4wZGhDbk5TYzNCb2FHZFJNVzlYVjNwc1NUQkZRalJHVldwU09YWXJXVGhzVEhWTmNVaHVRMHROUWt4WVdDdERiMUJYVGxaUFdqZEJUV1JxTlc1V2JGQXhTVzBLWVRCaVVIVTRXSGRHYzNreU4wUk5jSEZTTjFSSlR6ZEljMFZoYTBOM09WQkpaWE5EYkc5VVptbFhUbVZ2Um04MVJXRTFSekpzUTNFelExSlhWV3QwYXdvMFVIRjFURzVIWm1sUGVWaHFUelZyUkhObFlqbFZabU4zVURab1FXZE5Ra0ZCUjJwWFZFSllUVUUwUjBFeFZXUkVkMFZDTDNkUlJVRjNTVU53UkVGUUNrSm5UbFpJVWsxQ1FXWTRSVUpVUVVSQlVVZ3ZUVUl3UjBFeFZXUkVaMUZYUWtKUlNHTnNjMEYwTWxoWE9FWktWREZ5V1VaWE5tcHRkVEJ1UkdKVVFWWUtRbWRPVmtoU1JVVkVha0ZOWjJkd2NtUlhTbXhqYlRWc1pFZFdlazFCTUVkRFUzRkhVMGxpTTBSUlJVSkRkMVZCUVRSSlFrRlJRbVpGVUhJeFEweHJhUXBwWmtOTmQzRkhPR28xWnpKT1lubFJiMGwwVWxWVFVGWXZNa2t6YXpBemFsbHdLM0ZuZUZGM1UxRm5SeTloY1UwMVVUTmlUVzkwYzFZeFowMXBRWE5GQ2xOS1lsZHlkMDFOVjFnMGFrcE9kbFpzWml0MGVUSkxhbEEyTkZobmJGTlRWVEZ1WXpkclEwYzNUVzkxTWxGTlR6aERiMU5ITVhwNGQwdGxOWG96Ynk4S1YyVndaR0pvWjJWVWFIcFRlVTVOVW1vMmNteFZNVVZDZWtGM1ZrSnBMMjUxV1ZJclYza3ZPVEo1YmpWb1R6bGtWRXRTYldWWkswcHhOak5zU2tvNFNBbzBlVlZ2Y1daVGFITXdVR2xJVFhKU1QwRXZWMU5FSzNGbU4zTkdia1IzSzJFMmExbE9Sa0ZxZEVneVRsQlNaVXRGYjJScmF6ZHlaRUZIZUhaMVZtbFdDbTFHTTBSb1FuVXlSRkZIWVRKRllWRTRTV2R1U1ZKeVVFMVRkVkZ1UW5Cdk9GQjNjVTVTVVdVMFlVRlNkMUpvVGxWWFFXcFNNbGxLYmpaNk5sRnZlVVFLVkdkd01IQlVMMVptYlZkT0NpMHRMUzB0UlU1RUlFTkZVbFJKUmtsRFFWUkZMUzB0TFMwSwpBUElfU0VSVkVSX1VSTD1odHRwczovLzlBMUVBNzlDRUJGOTM0RjE2N0RBQjE1N0RFNDA5MzUzLnNrMS5zYS1lYXN0LTEuZWtzLmFtYXpvbmF3cy5jb20KL2V0Yy9la3MvYm9vdHN0cmFwLnNoIGVsdmVuLWNsdXN0ZXIgLS1rdWJlbGV0LWV4dHJhLWFyZ3MgJy0tbm9kZS1sYWJlbHM9d29ya2xvYWQ9Y3JpdGljYWwnIC0tYjY0LWNsdXN0ZXItY2EgJEI2NF9DTFVTVEVSX0NBIC0tYXBpc2VydmVyLWVuZHBvaW50ICRBUElfU0VSVkVSX1VSTAo=",
            "vpc_security_group_ids": [
              "sg-0fb33d24cd4657d6f"
            ]
          },
          "sensitive_attributes": [],
          "private": "bnVsbA==",
          "dependencies": [
            "data.aws_ami.eks_default",
            "module.eks.aws_cloudwatch_log_group.this",
            "module.eks.aws_eks_cluster.this",
            "module.eks.aws_iam_policy.cni_ipv6_policy",
            "module.eks.aws_iam_role.this",
            "module.eks.aws_iam_role_policy_attachment.this",
            "module.eks.aws_security_group.cluster",
            "module.eks.aws_security_group.node",
            "module.eks.aws_security_group_rule.cluster",
            "module.eks.aws_security_group_rule.node",
            "module.eks.data.aws_caller_identity.current",
            "module.eks.data.aws_iam_policy_document.assume_role_policy",
            "module.eks.data.aws_iam_policy_document.cni_ipv6_policy",
            "module.eks.data.aws_iam_session_context.current",
            "module.eks.data.aws_partition.current",
            "module.eks.module.kms.aws_kms_external_key.this",
            "module.eks.module.kms.aws_kms_key.this",
            "module.eks.module.kms.data.aws_caller_identity.current",
            "module.eks.module.kms.data.aws_iam_policy_document.this",
            "module.eks.module.kms.data.aws_partition.current",
            "module.eks.module.self_managed_node_group.aws_iam_instance_profile.this",
            "module.eks.module.self_managed_node_group.aws_iam_role.this",
            "module.eks.module.self_managed_node_group.aws_iam_role_policy_attachment.this",
            "module.eks.module.self_managed_node_group.data.aws_ami.eks_default",
            "module.eks.module.self_managed_node_group.data.aws_caller_identity.current",
            "module.eks.module.self_managed_node_group.data.aws_iam_policy_document.assume_role_policy",
            "module.eks.module.self_managed_node_group.data.aws_partition.current",
            "module.eks.module.self_managed_node_group.module.user_data.data.cloudinit_config.linux_eks_managed_node_group",
            "module.eks.time_sleep.this"
          ],
          "create_before_destroy": true
        }
      ]
    },
    {
      "module": "module.eks.module.self_managed_node_group[\"one\"]",
      "mode": "data",
      "type": "aws_ami",
      "name": "eks_default",
      "provider": "provider[\"registry.terraform.io/hashicorp/aws\"]",
      "instances": [
        {
          "index_key": 0,
          "schema_version": 0,
          "attributes": {
            "architecture": "x86_64",
            "arn": "arn:aws:ec2:sa-east-1::image/ami-04db11f9b6ad38349",
            "block_device_mappings": [
              {
                "device_name": "/dev/xvda",
                "ebs": {
                  "delete_on_termination": "true",
                  "encrypted": "false",
                  "iops": "0",
                  "snapshot_id": "snap-09554785e857a8f77",
                  "throughput": "0",
                  "volume_size": "20",
                  "volume_type": "gp2"
                },
                "no_device": "",
                "virtual_name": ""
              }
            ],
            "boot_mode": "",
            "creation_date": "2023-10-03T04:23:27.000Z",
            "deprecation_time": "2025-10-03T04:23:27.000Z",
            "description": "EKS Kubernetes Worker AMI with AmazonLinux2 image, (k8s: 1.26.8, containerd: 1.6.*)",
            "ena_support": true,
            "executable_users": null,
            "filter": [
              {
                "name": "name",
                "values": [
                  "amazon-eks-node-1.26-v*"
                ]
              }
            ],
            "hypervisor": "xen",
            "id": "ami-04db11f9b6ad38349",
            "image_id": "ami-04db11f9b6ad38349",
            "image_location": "amazon/amazon-eks-node-1.26-v20231002",
            "image_owner_alias": "amazon",
            "image_type": "machine",
            "imds_support": "",
            "include_deprecated": false,
            "kernel_id": "",
            "most_recent": true,
            "name": "amazon-eks-node-1.26-v20231002",
            "name_regex": null,
            "owner_id": "602401143452",
            "owners": [
              "amazon"
            ],
            "platform": "",
            "platform_details": "Linux/UNIX",
            "product_codes": [],
            "public": true,
            "ramdisk_id": "",
            "root_device_name": "/dev/xvda",
            "root_device_type": "ebs",
            "root_snapshot_id": "snap-09554785e857a8f77",
            "sriov_net_support": "simple",
            "state": "available",
            "state_reason": {
              "code": "UNSET",
              "message": "UNSET"
            },
            "tags": {},
            "timeouts": null,
            "tpm_support": "",
            "usage_operation": "RunInstances",
            "virtualization_type": "hvm"
          },
          "sensitive_attributes": []
        }
      ]
    },
    {
      "module": "module.eks.module.self_managed_node_group[\"one\"]",
      "mode": "data",
      "type": "aws_caller_identity",
      "name": "current",
      "provider": "provider[\"registry.terraform.io/hashicorp/aws\"]",
      "instances": [
        {
          "schema_version": 0,
          "attributes": {
            "account_id": "790817841652",
            "arn": "arn:aws:iam::790817841652:user/jp",
            "id": "790817841652",
            "user_id": "AIDA3QIDKUH2DGQZNQGY4"
          },
          "sensitive_attributes": []
        }
      ]
    },
    {
      "module": "module.eks.module.self_managed_node_group[\"one\"]",
      "mode": "data",
      "type": "aws_iam_policy_document",
      "name": "assume_role_policy",
      "provider": "provider[\"registry.terraform.io/hashicorp/aws\"]",
      "instances": [
        {
          "index_key": 0,
          "schema_version": 0,
          "attributes": {
            "id": "2560088296",
            "json": "{\n  \"Version\": \"2012-10-17\",\n  \"Statement\": [\n    {\n      \"Sid\": \"EKSNodeAssumeRole\",\n      \"Effect\": \"Allow\",\n      \"Action\": \"sts:AssumeRole\",\n      \"Principal\": {\n        \"Service\": \"ec2.amazonaws.com\"\n      }\n    }\n  ]\n}",
            "override_policy_documents": null,
            "policy_id": null,
            "source_policy_documents": null,
            "statement": [
              {
                "actions": [
                  "sts:AssumeRole"
                ],
                "condition": [],
                "effect": "Allow",
                "not_actions": [],
                "not_principals": [],
                "not_resources": [],
                "principals": [
                  {
                    "identifiers": [
                      "ec2.amazonaws.com"
                    ],
                    "type": "Service"
                  }
                ],
                "resources": [],
                "sid": "EKSNodeAssumeRole"
              }
            ],
            "version": "2012-10-17"
          },
          "sensitive_attributes": []
        }
      ]
    },
    {
      "module": "module.eks.module.self_managed_node_group[\"one\"]",
      "mode": "data",
      "type": "aws_partition",
      "name": "current",
      "provider": "provider[\"registry.terraform.io/hashicorp/aws\"]",
      "instances": [
        {
          "schema_version": 0,
          "attributes": {
            "dns_suffix": "amazonaws.com",
            "id": "aws",
            "partition": "aws",
            "reverse_dns_prefix": "com.amazonaws"
          },
          "sensitive_attributes": []
        }
      ]
    },
    {
      "module": "module.eks.module.self_managed_node_group[\"one\"]",
      "mode": "managed",
      "type": "aws_autoscaling_group",
      "name": "this",
      "provider": "provider[\"registry.terraform.io/hashicorp/aws\"]",
      "instances": [
        {
          "index_key": 0,
          "schema_version": 1,
          "attributes": {
            "arn": "arn:aws:autoscaling:sa-east-1:790817841652:autoScalingGroup:2b262dd6-58bb-412c-aaa7-0fbe76215ac5:autoScalingGroupName/apps1",
            "availability_zones": [
              "sa-east-1a",
              "sa-east-1b",
              "sa-east-1c"
            ],
            "capacity_rebalance": false,
            "context": "",
            "default_cooldown": 300,
            "default_instance_warmup": 0,
            "desired_capacity": 1,
            "desired_capacity_type": "",
            "enabled_metrics": [],
            "force_delete": false,
            "force_delete_warm_pool": false,
            "health_check_grace_period": 300,
            "health_check_type": "EC2",
            "id": "apps1",
            "ignore_failed_scaling_activities": false,
            "initial_lifecycle_hook": [],
            "instance_refresh": [
              {
                "preferences": [
                  {
                    "auto_rollback": false,
                    "checkpoint_delay": "",
                    "checkpoint_percentages": [],
                    "instance_warmup": "",
                    "min_healthy_percentage": 66,
                    "scale_in_protected_instances": "Ignore",
                    "skip_matching": false,
                    "standby_instances": "Ignore"
                  }
                ],
                "strategy": "Rolling",
                "triggers": []
              }
            ],
            "launch_configuration": "",
            "launch_template": [
              {
                "id": "lt-00cb1c02baaf3d21f",
                "name": "elven-cluster-apps1",
                "version": "8"
              }
            ],
            "load_balancers": [],
            "max_instance_lifetime": 0,
            "max_size": 5,
            "metrics_granularity": "1Minute",
            "min_elb_capacity": null,
            "min_size": 1,
            "mixed_instances_policy": [],
            "name": "apps1",
            "name_prefix": "",
            "placement_group": "",
            "predicted_capacity": 0,
            "protect_from_scale_in": false,
            "service_linked_role_arn": "arn:aws:iam::790817841652:role/aws-service-role/autoscaling.amazonaws.com/AWSServiceRoleForAutoScaling",
            "suspended_processes": [],
            "tag": [
              {
                "key": "GithubOrg",
                "propagate_at_launch": true,
                "value": "elvenproject-sre"
              },
              {
                "key": "GithubRepo",
                "propagate_at_launch": true,
                "value": "github.com/jpedrobf/elvenworks-project"
              },
              {
                "key": "Name",
                "propagate_at_launch": true,
                "value": "apps1"
              },
              {
                "key": "Project",
                "propagate_at_launch": true,
                "value": "elvenworks-project"
              },
              {
                "key": "application",
                "propagate_at_launch": true,
                "value": ""
              },
              {
                "key": "bu",
                "propagate_at_launch": true,
                "value": "tech_cross"
              },
              {
                "key": "cost_optimized",
                "propagate_at_launch": true,
                "value": "true"
              },
              {
                "key": "environment",
                "propagate_at_launch": true,
                "value": "dev"
              },
              {
                "key": "k8s.io/cluster-autoscaler/elven-cluster",
                "propagate_at_launch": true,
                "value": "owned"
              },
              {
                "key": "k8s.io/cluster-autoscaler/enabled",
                "propagate_at_launch": true,
                "value": "true"
              },
              {
                "key": "k8s.io/cluster/elven-cluster",
                "propagate_at_launch": true,
                "value": "owned"
              },
              {
                "key": "kubernetes.io/cluster/elven-cluster",
                "propagate_at_launch": true,
                "value": "owned"
              },
              {
                "key": "managed_by",
                "propagate_at_launch": true,
                "value": "test-elvenwork-project"
              },
              {
                "key": "shared",
                "propagate_at_launch": true,
                "value": "true"
              },
              {
                "key": "squad",
                "propagate_at_launch": true,
                "value": "sre"
              },
              {
                "key": "terraform",
                "propagate_at_launch": true,
                "value": "true"
              },
              {
                "key": "tribe",
                "propagate_at_launch": true,
                "value": "tech_cross"
              }
            ],
            "target_group_arns": [],
            "termination_policies": [],
            "timeouts": {
              "delete": null,
              "update": null
            },
            "traffic_source": [],
            "vpc_zone_identifier": [
              "subnet-06e9656596980d2f3",
              "subnet-0a866705f5d7c6a97",
              "subnet-0e30b8f58d262c9f8"
            ],
            "wait_for_capacity_timeout": "10m",
            "wait_for_elb_capacity": null,
            "warm_pool": [],
            "warm_pool_size": 0
          },
          "sensitive_attributes": [],
          "private": "eyJlMmJmYjczMC1lY2FhLTExZTYtOGY4OC0zNDM2M2JjN2M0YzAiOnsiZGVsZXRlIjo2MDAwMDAwMDAwMDAsInVwZGF0ZSI6NjAwMDAwMDAwMDAwfSwic2NoZW1hX3ZlcnNpb24iOiIxIn0=",
          "dependencies": [
            "data.aws_ami.eks_default",
            "module.eks.aws_cloudwatch_log_group.this",
            "module.eks.aws_eks_cluster.this",
            "module.eks.aws_iam_policy.cni_ipv6_policy",
            "module.eks.aws_iam_role.this",
            "module.eks.aws_iam_role_policy_attachment.this",
            "module.eks.aws_security_group.cluster",
            "module.eks.aws_security_group.node",
            "module.eks.aws_security_group_rule.cluster",
            "module.eks.aws_security_group_rule.node",
            "module.eks.data.aws_caller_identity.current",
            "module.eks.data.aws_iam_policy_document.assume_role_policy",
            "module.eks.data.aws_iam_policy_document.cni_ipv6_policy",
            "module.eks.data.aws_iam_session_context.current",
            "module.eks.data.aws_partition.current",
            "module.eks.module.kms.aws_kms_external_key.this",
            "module.eks.module.kms.aws_kms_key.this",
            "module.eks.module.kms.data.aws_caller_identity.current",
            "module.eks.module.kms.data.aws_iam_policy_document.this",
            "module.eks.module.kms.data.aws_partition.current",
            "module.eks.module.self_managed_node_group.aws_iam_instance_profile.this",
            "module.eks.module.self_managed_node_group.aws_iam_role.this",
            "module.eks.module.self_managed_node_group.aws_iam_role_policy_attachment.this",
            "module.eks.module.self_managed_node_group.aws_launch_template.this",
            "module.eks.module.self_managed_node_group.data.aws_ami.eks_default",
            "module.eks.module.self_managed_node_group.data.aws_caller_identity.current",
            "module.eks.module.self_managed_node_group.data.aws_iam_policy_document.assume_role_policy",
            "module.eks.module.self_managed_node_group.data.aws_partition.current",
            "module.eks.module.self_managed_node_group.module.user_data.data.cloudinit_config.linux_eks_managed_node_group",
            "module.eks.time_sleep.this"
          ],
          "create_before_destroy": true
        }
      ]
    },
    {
      "module": "module.eks.module.self_managed_node_group[\"one\"]",
      "mode": "managed",
      "type": "aws_iam_instance_profile",
      "name": "this",
      "provider": "provider[\"registry.terraform.io/hashicorp/aws\"]",
      "instances": [
        {
          "index_key": 0,
          "schema_version": 0,
          "attributes": {
            "arn": "arn:aws:iam::790817841652:instance-profile/apps1-node-group-20231028184840855000000012",
            "create_date": "2023-10-28T18:48:37Z",
            "id": "apps1-node-group-20231028184840855000000012",
            "name": "apps1-node-group-20231028184840855000000012",
            "name_prefix": "apps1-node-group-",
            "path": "/",
            "role": "apps1-node-group-20231028184839031500000008",
            "tags": {},
            "tags_all": {},
            "unique_id": "AIPA3QIDKUH2OBJSYJXV5"
          },
          "sensitive_attributes": [],
          "private": "bnVsbA==",
          "dependencies": [
            "data.aws_ami.eks_default",
            "module.eks.aws_cloudwatch_log_group.this",
            "module.eks.aws_eks_cluster.this",
            "module.eks.aws_iam_policy.cni_ipv6_policy",
            "module.eks.aws_iam_role.this",
            "module.eks.aws_iam_role_policy_attachment.this",
            "module.eks.aws_security_group.cluster",
            "module.eks.aws_security_group.node",
            "module.eks.aws_security_group_rule.cluster",
            "module.eks.aws_security_group_rule.node",
            "module.eks.data.aws_caller_identity.current",
            "module.eks.data.aws_iam_policy_document.assume_role_policy",
            "module.eks.data.aws_iam_policy_document.cni_ipv6_policy",
            "module.eks.data.aws_iam_session_context.current",
            "module.eks.data.aws_partition.current",
            "module.eks.module.kms.aws_kms_external_key.this",
            "module.eks.module.kms.aws_kms_key.this",
            "module.eks.module.kms.data.aws_caller_identity.current",
            "module.eks.module.kms.data.aws_iam_policy_document.this",
            "module.eks.module.kms.data.aws_partition.current",
            "module.eks.module.self_managed_node_group.aws_iam_role.this",
            "module.eks.module.self_managed_node_group.data.aws_iam_policy_document.assume_role_policy",
            "module.eks.module.self_managed_node_group.data.aws_partition.current"
          ],
          "create_before_destroy": true
        }
      ]
    },
    {
      "module": "module.eks.module.self_managed_node_group[\"one\"]",
      "mode": "managed",
      "type": "aws_iam_role",
      "name": "this",
      "provider": "provider[\"registry.terraform.io/hashicorp/aws\"]",
      "instances": [
        {
          "index_key": 0,
          "schema_version": 0,
          "attributes": {
            "arn": "arn:aws:iam::790817841652:role/apps1-node-group-20231028184839031500000008",
            "assume_role_policy": "{\"Statement\":[{\"Action\":\"sts:AssumeRole\",\"Effect\":\"Allow\",\"Principal\":{\"Service\":\"ec2.amazonaws.com\"},\"Sid\":\"EKSNodeAssumeRole\"}],\"Version\":\"2012-10-17\"}",
            "create_date": "2023-10-28T18:48:35Z",
            "description": "Self managed node group IAM role",
            "force_detach_policies": true,
            "id": "apps1-node-group-20231028184839031500000008",
            "inline_policy": [],
            "managed_policy_arns": [
              "arn:aws:iam::aws:policy/AmazonEC2ContainerRegistryReadOnly",
              "arn:aws:iam::aws:policy/AmazonEKSWorkerNodePolicy",
              "arn:aws:iam::aws:policy/AmazonEKS_CNI_Policy"
            ],
            "max_session_duration": 3600,
            "name": "apps1-node-group-20231028184839031500000008",
            "name_prefix": "apps1-node-group-",
            "path": "/",
            "permissions_boundary": "",
            "tags": {},
            "tags_all": {},
            "unique_id": "AROA3QIDKUH2L4V46GAAB"
          },
          "sensitive_attributes": [],
          "private": "bnVsbA==",
          "dependencies": [
            "data.aws_ami.eks_default",
            "module.eks.aws_cloudwatch_log_group.this",
            "module.eks.aws_eks_cluster.this",
            "module.eks.aws_iam_policy.cni_ipv6_policy",
            "module.eks.aws_iam_role.this",
            "module.eks.aws_iam_role_policy_attachment.this",
            "module.eks.aws_security_group.cluster",
            "module.eks.aws_security_group.node",
            "module.eks.aws_security_group_rule.cluster",
            "module.eks.aws_security_group_rule.node",
            "module.eks.data.aws_caller_identity.current",
            "module.eks.data.aws_iam_policy_document.assume_role_policy",
            "module.eks.data.aws_iam_policy_document.cni_ipv6_policy",
            "module.eks.data.aws_iam_session_context.current",
            "module.eks.data.aws_partition.current",
            "module.eks.module.kms.aws_kms_external_key.this",
            "module.eks.module.kms.aws_kms_key.this",
            "module.eks.module.kms.data.aws_caller_identity.current",
            "module.eks.module.kms.data.aws_iam_policy_document.this",
            "module.eks.module.kms.data.aws_partition.current",
            "module.eks.module.self_managed_node_group.data.aws_iam_policy_document.assume_role_policy",
            "module.eks.module.self_managed_node_group.data.aws_partition.current"
          ],
          "create_before_destroy": true
        }
      ]
    },
    {
      "module": "module.eks.module.self_managed_node_group[\"one\"]",
      "mode": "managed",
      "type": "aws_iam_role_policy_attachment",
      "name": "this",
      "provider": "provider[\"registry.terraform.io/hashicorp/aws\"]",
      "instances": [
        {
          "index_key": "arn:aws:iam::aws:policy/AmazonEC2ContainerRegistryReadOnly",
          "schema_version": 0,
          "attributes": {
            "id": "apps1-node-group-20231028184839031500000008-20231028184840970700000014",
            "policy_arn": "arn:aws:iam::aws:policy/AmazonEC2ContainerRegistryReadOnly",
            "role": "apps1-node-group-20231028184839031500000008"
          },
          "sensitive_attributes": [],
          "private": "bnVsbA==",
          "dependencies": [
            "data.aws_ami.eks_default",
            "module.eks.aws_cloudwatch_log_group.this",
            "module.eks.aws_eks_cluster.this",
            "module.eks.aws_iam_policy.cni_ipv6_policy",
            "module.eks.aws_iam_role.this",
            "module.eks.aws_iam_role_policy_attachment.this",
            "module.eks.aws_security_group.cluster",
            "module.eks.aws_security_group.node",
            "module.eks.aws_security_group_rule.cluster",
            "module.eks.aws_security_group_rule.node",
            "module.eks.data.aws_caller_identity.current",
            "module.eks.data.aws_iam_policy_document.assume_role_policy",
            "module.eks.data.aws_iam_policy_document.cni_ipv6_policy",
            "module.eks.data.aws_iam_session_context.current",
            "module.eks.data.aws_partition.current",
            "module.eks.module.kms.aws_kms_external_key.this",
            "module.eks.module.kms.aws_kms_key.this",
            "module.eks.module.kms.data.aws_caller_identity.current",
            "module.eks.module.kms.data.aws_iam_policy_document.this",
            "module.eks.module.kms.data.aws_partition.current",
            "module.eks.module.self_managed_node_group.aws_iam_role.this",
            "module.eks.module.self_managed_node_group.data.aws_caller_identity.current",
            "module.eks.module.self_managed_node_group.data.aws_iam_policy_document.assume_role_policy",
            "module.eks.module.self_managed_node_group.data.aws_partition.current"
          ],
          "create_before_destroy": true
        },
        {
          "index_key": "arn:aws:iam::aws:policy/AmazonEKSWorkerNodePolicy",
          "schema_version": 0,
          "attributes": {
            "id": "apps1-node-group-20231028184839031500000008-20231028184840718100000011",
            "policy_arn": "arn:aws:iam::aws:policy/AmazonEKSWorkerNodePolicy",
            "role": "apps1-node-group-20231028184839031500000008"
          },
          "sensitive_attributes": [],
          "private": "bnVsbA==",
          "dependencies": [
            "data.aws_ami.eks_default",
            "module.eks.aws_cloudwatch_log_group.this",
            "module.eks.aws_eks_cluster.this",
            "module.eks.aws_iam_policy.cni_ipv6_policy",
            "module.eks.aws_iam_role.this",
            "module.eks.aws_iam_role_policy_attachment.this",
            "module.eks.aws_security_group.cluster",
            "module.eks.aws_security_group.node",
            "module.eks.aws_security_group_rule.cluster",
            "module.eks.aws_security_group_rule.node",
            "module.eks.data.aws_caller_identity.current",
            "module.eks.data.aws_iam_policy_document.assume_role_policy",
            "module.eks.data.aws_iam_policy_document.cni_ipv6_policy",
            "module.eks.data.aws_iam_session_context.current",
            "module.eks.data.aws_partition.current",
            "module.eks.module.kms.aws_kms_external_key.this",
            "module.eks.module.kms.aws_kms_key.this",
            "module.eks.module.kms.data.aws_caller_identity.current",
            "module.eks.module.kms.data.aws_iam_policy_document.this",
            "module.eks.module.kms.data.aws_partition.current",
            "module.eks.module.self_managed_node_group.aws_iam_role.this",
            "module.eks.module.self_managed_node_group.data.aws_caller_identity.current",
            "module.eks.module.self_managed_node_group.data.aws_iam_policy_document.assume_role_policy",
            "module.eks.module.self_managed_node_group.data.aws_partition.current"
          ],
          "create_before_destroy": true
        },
        {
          "index_key": "arn:aws:iam::aws:policy/AmazonEKS_CNI_Policy",
          "schema_version": 0,
          "attributes": {
            "id": "apps1-node-group-20231028184839031500000008-20231028184840970400000013",
            "policy_arn": "arn:aws:iam::aws:policy/AmazonEKS_CNI_Policy",
            "role": "apps1-node-group-20231028184839031500000008"
          },
          "sensitive_attributes": [],
          "private": "bnVsbA==",
          "dependencies": [
            "data.aws_ami.eks_default",
            "module.eks.aws_cloudwatch_log_group.this",
            "module.eks.aws_eks_cluster.this",
            "module.eks.aws_iam_policy.cni_ipv6_policy",
            "module.eks.aws_iam_role.this",
            "module.eks.aws_iam_role_policy_attachment.this",
            "module.eks.aws_security_group.cluster",
            "module.eks.aws_security_group.node",
            "module.eks.aws_security_group_rule.cluster",
            "module.eks.aws_security_group_rule.node",
            "module.eks.data.aws_caller_identity.current",
            "module.eks.data.aws_iam_policy_document.assume_role_policy",
            "module.eks.data.aws_iam_policy_document.cni_ipv6_policy",
            "module.eks.data.aws_iam_session_context.current",
            "module.eks.data.aws_partition.current",
            "module.eks.module.kms.aws_kms_external_key.this",
            "module.eks.module.kms.aws_kms_key.this",
            "module.eks.module.kms.data.aws_caller_identity.current",
            "module.eks.module.kms.data.aws_iam_policy_document.this",
            "module.eks.module.kms.data.aws_partition.current",
            "module.eks.module.self_managed_node_group.aws_iam_role.this",
            "module.eks.module.self_managed_node_group.data.aws_caller_identity.current",
            "module.eks.module.self_managed_node_group.data.aws_iam_policy_document.assume_role_policy",
            "module.eks.module.self_managed_node_group.data.aws_partition.current"
          ],
          "create_before_destroy": true
        }
      ]
    },
    {
      "module": "module.eks.module.self_managed_node_group[\"one\"]",
      "mode": "managed",
      "type": "aws_launch_template",
      "name": "this",
      "provider": "provider[\"registry.terraform.io/hashicorp/aws\"]",
      "instances": [
        {
          "index_key": 0,
          "schema_version": 0,
          "attributes": {
            "arn": "arn:aws:ec2:sa-east-1:790817841652:launch-template/lt-00cb1c02baaf3d21f",
            "block_device_mappings": [
              {
                "device_name": "/dev/xvda",
                "ebs": [
                  {
                    "delete_on_termination": "true",
                    "encrypted": "false",
                    "iops": 3000,
                    "kms_key_id": "",
                    "snapshot_id": "",
                    "throughput": 150,
                    "volume_size": 100,
                    "volume_type": "gp3"
                  }
                ],
                "no_device": "",
                "virtual_name": ""
              }
            ],
            "capacity_reservation_specification": [],
            "cpu_options": [],
            "credit_specification": [],
            "default_version": 8,
            "description": "Self managed node group for apps1 nodes",
            "disable_api_stop": false,
            "disable_api_termination": false,
            "ebs_optimized": "true",
            "elastic_gpu_specifications": [],
            "elastic_inference_accelerator": [],
            "enclave_options": [],
            "hibernation_options": [],
            "iam_instance_profile": [
              {
                "arn": "arn:aws:iam::790817841652:instance-profile/apps1-node-group-20231028184840855000000012",
                "name": ""
              }
            ],
            "id": "lt-00cb1c02baaf3d21f",
            "image_id": "ami-04db11f9b6ad38349",
            "instance_initiated_shutdown_behavior": "",
            "instance_market_options": [],
            "instance_requirements": [],
            "instance_type": "m6i.large",
            "kernel_id": "",
            "key_name": "",
            "latest_version": 8,
            "license_specification": [],
            "maintenance_options": [],
            "metadata_options": [
              {
                "http_endpoint": "enabled",
                "http_protocol_ipv6": "",
                "http_put_response_hop_limit": 2,
                "http_tokens": "required",
                "instance_metadata_tags": "disabled"
              }
            ],
            "monitoring": [
              {
                "enabled": true
              }
            ],
            "name": "elven-cluster-apps1",
            "name_prefix": "",
            "network_interfaces": [],
            "placement": [],
            "private_dns_name_options": [],
            "ram_disk_id": "",
            "security_group_names": [],
            "tag_specifications": [
              {
                "resource_type": "instance",
                "tags": {
                  "GithubOrg": "elvenproject-sre",
                  "GithubRepo": "github.com/jpedrobf/elvenworks-project",
                  "Name": "apps1",
                  "Project": "elvenworks-project",
                  "application": "",
                  "bu": "tech_cross",
                  "cost_optimized": "true",
                  "environment": "dev",
                  "k8s.io/cluster-autoscaler/elven-cluster": "owned",
                  "k8s.io/cluster-autoscaler/enabled": "true",
                  "managed_by": "test-elvenwork-project",
                  "shared": "true",
                  "squad": "sre",
                  "terraform": "true",
                  "tribe": "tech_cross"
                }
              },
              {
                "resource_type": "network-interface",
                "tags": {
                  "GithubOrg": "elvenproject-sre",
                  "GithubRepo": "github.com/jpedrobf/elvenworks-project",
                  "Name": "apps1",
                  "Project": "elvenworks-project",
                  "application": "",
                  "bu": "tech_cross",
                  "cost_optimized": "true",
                  "environment": "dev",
                  "k8s.io/cluster-autoscaler/elven-cluster": "owned",
                  "k8s.io/cluster-autoscaler/enabled": "true",
                  "managed_by": "test-elvenwork-project",
                  "shared": "true",
                  "squad": "sre",
                  "terraform": "true",
                  "tribe": "tech_cross"
                }
              },
              {
                "resource_type": "volume",
                "tags": {
                  "GithubOrg": "elvenproject-sre",
                  "GithubRepo": "github.com/jpedrobf/elvenworks-project",
                  "Name": "apps1",
                  "Project": "elvenworks-project",
                  "application": "",
                  "bu": "tech_cross",
                  "cost_optimized": "true",
                  "environment": "dev",
                  "k8s.io/cluster-autoscaler/elven-cluster": "owned",
                  "k8s.io/cluster-autoscaler/enabled": "true",
                  "managed_by": "test-elvenwork-project",
                  "shared": "true",
                  "squad": "sre",
                  "terraform": "true",
                  "tribe": "tech_cross"
                }
              }
            ],
            "tags": {
              "GithubOrg": "elvenproject-sre",
              "GithubRepo": "github.com/jpedrobf/elvenworks-project",
              "Project": "elvenworks-project",
              "application": "",
              "bu": "tech_cross",
              "cost_optimized": "true",
              "environment": "dev",
              "k8s.io/cluster-autoscaler/elven-cluster": "owned",
              "k8s.io/cluster-autoscaler/enabled": "true",
              "managed_by": "test-elvenwork-project",
              "shared": "true",
              "squad": "sre",
              "terraform": "true",
              "tribe": "tech_cross"
            },
            "tags_all": {
              "GithubOrg": "elvenproject-sre",
              "GithubRepo": "github.com/jpedrobf/elvenworks-project",
              "Project": "elvenworks-project",
              "application": "",
              "bu": "tech_cross",
              "cost_optimized": "true",
              "environment": "dev",
              "k8s.io/cluster-autoscaler/elven-cluster": "owned",
              "k8s.io/cluster-autoscaler/enabled": "true",
              "managed_by": "test-elvenwork-project",
              "shared": "true",
              "squad": "sre",
              "terraform": "true",
              "tribe": "tech_cross"
            },
            "update_default_version": true,
            "user_data": "IyEvYmluL2Jhc2gKc2V0IC1lCmluc3RhbmNlX2lkPSQoY3VybCAtcyBodHRwOi8vMTY5LjI1NC4xNjkuMjU0L2xhdGVzdC9tZXRhLWRhdGEvaW5zdGFuY2UtaWQpCmluc3RhbmNlX2xpZmVfY3ljbGU9YGF3cyBlYzIgZGVzY3JpYmUtaW5zdGFuY2VzIC0tcmVnaW9uIHVzLWVhc3QtMiAtLWluc3RhbmNlLWlkcyAkaW5zdGFuY2VfaWQgLS1xdWVyeSAnUmVzZXJ2YXRpb25zWzBdLkluc3RhbmNlc1swXS5JbnN0YW5jZUxpZmVjeWNsZScgLS1vdXRwdXQgdGV4dGAKTk9ERV9MQUJFTFM9Ii0tbm9kZS1sYWJlbHM9aW5zdGFuY2U9JGluc3RhbmNlX2lkLGZhbWlseT1hLGs4cy12ZXJzaW9uPTEuMjEiICAKaWYgWyAiJGluc3RhbmNlX2xpZmVfY3ljbGUiID09ICJzcG90IiBdOyB0aGVuCiAgICBOT0RFX0xBQkVMUz0iJE5PREVfTEFCRUxTLGxpZmVjeWNsZT1FYzJTcG90IgplbHNlCiAgICBOT0RFX0xBQkVMUz0iJE5PREVfTEFCRUxTLGxpZmVjeWNsZT1PbkRlbWFuZCIKZmkKQjY0X0NMVVNURVJfQ0E9TFMwdExTMUNSVWRKVGlCRFJWSlVTVVpKUTBGVVJTMHRMUzB0Q2sxSlNVUkNWRU5EUVdVeVowRjNTVUpCWjBsSlJtcEdjRmRITkdkVVZqaDNSRkZaU2t0dldrbG9kbU5PUVZGRlRFSlJRWGRHVkVWVVRVSkZSMEV4VlVVS1FYaE5TMkV6Vm1sYVdFcDFXbGhTYkdONlFXVkdkekI1VFhwRmQwMXFaM2hQUkUwMVRsUkNZVVozTUhwTmVrVjNUV3BWZUU5RVVUQk9WRUpoVFVKVmVBcEZla0ZTUW1kT1ZrSkJUVlJEYlhReFdXMVdlV0p0VmpCYVdFMTNaMmRGYVUxQk1FZERVM0ZIVTBsaU0wUlJSVUpCVVZWQlFUUkpRa1IzUVhkblowVkxDa0Z2U1VKQlVVTXlZalY0UVROcVIxVktaRlZLY25rdlVFcFdNa1ZWVlhSWFZIQkJObnBWYTA4M2EyOUNOamw1VFVwVU5tODJkblZ4TDI0MVdFZDZOMmNLYXpsSGVERjZOMjlVTlc5U1JDOWxWbU13Y1VkdloxSkpaelo1S3pWNmNGQkNWalJvU0c5dVRXTlhjRWRXWlZGVkwxQmtLM0E1YW5CalZWaHRjVEpsZHdwNmRFVjBNamMxVURBNFFVRnBjRk5xVldka1ZYRXhTbFowYzBOSVIxWldjVXBNYlZNNVNHVlVlbU5OUTAxaldGcEdOM2hrVjNSVlIzTjBXRWhuTjBkaENuTlNjM0JvYUdkUk1XOVhWM3BzU1RCRlFqUkdWV3BTT1hZcldUaHNUSFZOY1VodVEwdE5Ra3hZV0N0RGIxQlhUbFpQV2pkQlRXUnFOVzVXYkZBeFNXMEtZVEJpVUhVNFdIZEdjM2t5TjBSTmNIRlNOMVJKVHpkSWMwVmhhME4zT1ZCSlpYTkRiRzlVWm1sWFRtVnZSbTgxUldFMVJ6SnNRM0V6UTFKWFZXdDBhd28wVUhGMVRHNUhabWxQZVZocVR6VnJSSE5sWWpsVlptTjNVRFpvUVdkTlFrRkJSMnBYVkVKWVRVRTBSMEV4VldSRWQwVkNMM2RSUlVGM1NVTndSRUZRQ2tKblRsWklVazFDUVdZNFJVSlVRVVJCVVVndlRVSXdSMEV4VldSRVoxRlhRa0pSU0dOc2MwRjBNbGhYT0VaS1ZERnlXVVpYTm1wdGRUQnVSR0pVUVZZS1FtZE9Wa2hTUlVWRWFrRk5aMmR3Y21SWFNteGpiVFZzWkVkV2VrMUJNRWREVTNGSFUwbGlNMFJSUlVKRGQxVkJRVFJKUWtGUlFtWkZVSEl4UTB4cmFRcHBaa05OZDNGSE9HbzFaekpPWW5sUmIwbDBVbFZUVUZZdk1ra3phekF6YWxsd0szRm5lRkYzVTFGblJ5OWhjVTAxVVROaVRXOTBjMVl4WjAxcFFYTkZDbE5LWWxkeWQwMU5WMWcwYWtwT2RsWnNaaXQwZVRKTGFsQTJORmhuYkZOVFZURnVZemRyUTBjM1RXOTFNbEZOVHpoRGIxTkhNWHA0ZDB0bE5Yb3pieThLVjJWd1pHSm9aMlZVYUhwVGVVNU5VbW8yY214Vk1VVkNla0YzVmtKcEwyNTFXVklyVjNrdk9USjVialZvVHpsa1ZFdFNiV1ZaSzBweE5qTnNTa280U0FvMGVWVnZjV1pUYUhNd1VHbElUWEpTVDBFdlYxTkVLM0ZtTjNOR2JrUjNLMkUyYTFsT1JrRnFkRWd5VGxCU1pVdEZiMlJyYXpkeVpFRkhlSFoxVm1sV0NtMUdNMFJvUW5VeVJGRkhZVEpGWVZFNFNXZHVTVkp5VUUxVGRWRnVRbkJ2T0ZCM2NVNVNVV1UwWVVGU2QxSm9UbFZYUVdwU01sbEtialo2TmxGdmVVUUtWR2R3TUhCVUwxWm1iVmRPQ2kwdExTMHRSVTVFSUVORlVsUkpSa2xEUVZSRkxTMHRMUzBLCkFQSV9TRVJWRVJfVVJMPWh0dHBzOi8vOUExRUE3OUNFQkY5MzRGMTY3REFCMTU3REU0MDkzNTMuc2sxLnNhLWVhc3QtMS5la3MuYW1hem9uYXdzLmNvbQovZXRjL2Vrcy9ib290c3RyYXAuc2ggZWx2ZW4tY2x1c3RlciAtLWt1YmVsZXQtZXh0cmEtYXJncyAnLS1ub2RlLWxhYmVscz13b3JrbG9hZD1hcHBzMScgLS1iNjQtY2x1c3Rlci1jYSAkQjY0X0NMVVNURVJfQ0EgLS1hcGlzZXJ2ZXItZW5kcG9pbnQgJEFQSV9TRVJWRVJfVVJMCmNkIC90bXAKc3VkbyB5dW0gaW5zdGFsbCAteSBodHRwczovL3MzLmFtYXpvbmF3cy5jb20vZWMyLWRvd25sb2Fkcy13aW5kb3dzL1NTTUFnZW50L2xhdGVzdC9saW51eF9hbWQ2NC9hbWF6b24tc3NtLWFnZW50LnJwbQpzdWRvIHN5c3RlbWN0bCBlbmFibGUgYW1hem9uLXNzbS1hZ2VudApzdWRvIHN5c3RlbWN0bCBzdGFydCBhbWF6b24tc3NtLWFnZW50Cg==",
            "vpc_security_group_ids": [
              "sg-0fb33d24cd4657d6f"
            ]
          },
          "sensitive_attributes": [],
          "private": "bnVsbA==",
          "dependencies": [
            "data.aws_ami.eks_default",
            "module.eks.aws_cloudwatch_log_group.this",
            "module.eks.aws_eks_cluster.this",
            "module.eks.aws_iam_policy.cni_ipv6_policy",
            "module.eks.aws_iam_role.this",
            "module.eks.aws_iam_role_policy_attachment.this",
            "module.eks.aws_security_group.cluster",
            "module.eks.aws_security_group.node",
            "module.eks.aws_security_group_rule.cluster",
            "module.eks.aws_security_group_rule.node",
            "module.eks.data.aws_caller_identity.current",
            "module.eks.data.aws_iam_policy_document.assume_role_policy",
            "module.eks.data.aws_iam_policy_document.cni_ipv6_policy",
            "module.eks.data.aws_iam_session_context.current",
            "module.eks.data.aws_partition.current",
            "module.eks.module.kms.aws_kms_external_key.this",
            "module.eks.module.kms.aws_kms_key.this",
            "module.eks.module.kms.data.aws_caller_identity.current",
            "module.eks.module.kms.data.aws_iam_policy_document.this",
            "module.eks.module.kms.data.aws_partition.current",
            "module.eks.module.self_managed_node_group.aws_iam_instance_profile.this",
            "module.eks.module.self_managed_node_group.aws_iam_role.this",
            "module.eks.module.self_managed_node_group.aws_iam_role_policy_attachment.this",
            "module.eks.module.self_managed_node_group.data.aws_ami.eks_default",
            "module.eks.module.self_managed_node_group.data.aws_caller_identity.current",
            "module.eks.module.self_managed_node_group.data.aws_iam_policy_document.assume_role_policy",
            "module.eks.module.self_managed_node_group.data.aws_partition.current",
            "module.eks.module.self_managed_node_group.module.user_data.data.cloudinit_config.linux_eks_managed_node_group",
            "module.eks.time_sleep.this"
          ],
          "create_before_destroy": true
        }
      ]
    },
    {
      "module": "module.eks.module.self_managed_node_group[\"two\"]",
      "mode": "data",
      "type": "aws_ami",
      "name": "eks_default",
      "provider": "provider[\"registry.terraform.io/hashicorp/aws\"]",
      "instances": [
        {
          "index_key": 0,
          "schema_version": 0,
          "attributes": {
            "architecture": "x86_64",
            "arn": "arn:aws:ec2:sa-east-1::image/ami-04db11f9b6ad38349",
            "block_device_mappings": [
              {
                "device_name": "/dev/xvda",
                "ebs": {
                  "delete_on_termination": "true",
                  "encrypted": "false",
                  "iops": "0",
                  "snapshot_id": "snap-09554785e857a8f77",
                  "throughput": "0",
                  "volume_size": "20",
                  "volume_type": "gp2"
                },
                "no_device": "",
                "virtual_name": ""
              }
            ],
            "boot_mode": "",
            "creation_date": "2023-10-03T04:23:27.000Z",
            "deprecation_time": "2025-10-03T04:23:27.000Z",
            "description": "EKS Kubernetes Worker AMI with AmazonLinux2 image, (k8s: 1.26.8, containerd: 1.6.*)",
            "ena_support": true,
            "executable_users": null,
            "filter": [
              {
                "name": "name",
                "values": [
                  "amazon-eks-node-1.26-v*"
                ]
              }
            ],
            "hypervisor": "xen",
            "id": "ami-04db11f9b6ad38349",
            "image_id": "ami-04db11f9b6ad38349",
            "image_location": "amazon/amazon-eks-node-1.26-v20231002",
            "image_owner_alias": "amazon",
            "image_type": "machine",
            "imds_support": "",
            "include_deprecated": false,
            "kernel_id": "",
            "most_recent": true,
            "name": "amazon-eks-node-1.26-v20231002",
            "name_regex": null,
            "owner_id": "602401143452",
            "owners": [
              "amazon"
            ],
            "platform": "",
            "platform_details": "Linux/UNIX",
            "product_codes": [],
            "public": true,
            "ramdisk_id": "",
            "root_device_name": "/dev/xvda",
            "root_device_type": "ebs",
            "root_snapshot_id": "snap-09554785e857a8f77",
            "sriov_net_support": "simple",
            "state": "available",
            "state_reason": {
              "code": "UNSET",
              "message": "UNSET"
            },
            "tags": {},
            "timeouts": null,
            "tpm_support": "",
            "usage_operation": "RunInstances",
            "virtualization_type": "hvm"
          },
          "sensitive_attributes": []
        }
      ]
    },
    {
      "module": "module.eks.module.self_managed_node_group[\"two\"]",
      "mode": "data",
      "type": "aws_caller_identity",
      "name": "current",
      "provider": "provider[\"registry.terraform.io/hashicorp/aws\"]",
      "instances": [
        {
          "schema_version": 0,
          "attributes": {
            "account_id": "790817841652",
            "arn": "arn:aws:iam::790817841652:user/jp",
            "id": "790817841652",
            "user_id": "AIDA3QIDKUH2DGQZNQGY4"
          },
          "sensitive_attributes": []
        }
      ]
    },
    {
      "module": "module.eks.module.self_managed_node_group[\"two\"]",
      "mode": "data",
      "type": "aws_iam_policy_document",
      "name": "assume_role_policy",
      "provider": "provider[\"registry.terraform.io/hashicorp/aws\"]",
      "instances": [
        {
          "index_key": 0,
          "schema_version": 0,
          "attributes": {
            "id": "2560088296",
            "json": "{\n  \"Version\": \"2012-10-17\",\n  \"Statement\": [\n    {\n      \"Sid\": \"EKSNodeAssumeRole\",\n      \"Effect\": \"Allow\",\n      \"Action\": \"sts:AssumeRole\",\n      \"Principal\": {\n        \"Service\": \"ec2.amazonaws.com\"\n      }\n    }\n  ]\n}",
            "override_policy_documents": null,
            "policy_id": null,
            "source_policy_documents": null,
            "statement": [
              {
                "actions": [
                  "sts:AssumeRole"
                ],
                "condition": [],
                "effect": "Allow",
                "not_actions": [],
                "not_principals": [],
                "not_resources": [],
                "principals": [
                  {
                    "identifiers": [
                      "ec2.amazonaws.com"
                    ],
                    "type": "Service"
                  }
                ],
                "resources": [],
                "sid": "EKSNodeAssumeRole"
              }
            ],
            "version": "2012-10-17"
          },
          "sensitive_attributes": []
        }
      ]
    },
    {
      "module": "module.eks.module.self_managed_node_group[\"two\"]",
      "mode": "data",
      "type": "aws_partition",
      "name": "current",
      "provider": "provider[\"registry.terraform.io/hashicorp/aws\"]",
      "instances": [
        {
          "schema_version": 0,
          "attributes": {
            "dns_suffix": "amazonaws.com",
            "id": "aws",
            "partition": "aws",
            "reverse_dns_prefix": "com.amazonaws"
          },
          "sensitive_attributes": []
        }
      ]
    },
    {
      "module": "module.eks.module.self_managed_node_group[\"two\"]",
      "mode": "managed",
      "type": "aws_autoscaling_group",
      "name": "this",
      "provider": "provider[\"registry.terraform.io/hashicorp/aws\"]",
      "instances": [
        {
          "index_key": 0,
          "schema_version": 1,
          "attributes": {
            "arn": "arn:aws:autoscaling:sa-east-1:790817841652:autoScalingGroup:13821737-0d0d-4dd3-9b79-91a48eeb0657:autoScalingGroupName/monitoring",
            "availability_zones": [
              "sa-east-1a",
              "sa-east-1b",
              "sa-east-1c"
            ],
            "capacity_rebalance": false,
            "context": "",
            "default_cooldown": 300,
            "default_instance_warmup": 0,
            "desired_capacity": 1,
            "desired_capacity_type": "",
            "enabled_metrics": [],
            "force_delete": false,
            "force_delete_warm_pool": false,
            "health_check_grace_period": 300,
            "health_check_type": "EC2",
            "id": "monitoring",
            "ignore_failed_scaling_activities": false,
            "initial_lifecycle_hook": [],
            "instance_refresh": [
              {
                "preferences": [
                  {
                    "auto_rollback": false,
                    "checkpoint_delay": "",
                    "checkpoint_percentages": [],
                    "instance_warmup": "",
                    "min_healthy_percentage": 66,
                    "scale_in_protected_instances": "Ignore",
                    "skip_matching": false,
                    "standby_instances": "Ignore"
                  }
                ],
                "strategy": "Rolling",
                "triggers": []
              }
            ],
            "launch_configuration": "",
            "launch_template": [
              {
                "id": "lt-0abdad685a248be30",
                "name": "elven-cluster-monitoring",
                "version": "6"
              }
            ],
            "load_balancers": [],
            "max_instance_lifetime": 0,
            "max_size": 2,
            "metrics_granularity": "1Minute",
            "min_elb_capacity": null,
            "min_size": 1,
            "mixed_instances_policy": [],
            "name": "monitoring",
            "name_prefix": "",
            "placement_group": "",
            "predicted_capacity": 0,
            "protect_from_scale_in": false,
            "service_linked_role_arn": "arn:aws:iam::790817841652:role/aws-service-role/autoscaling.amazonaws.com/AWSServiceRoleForAutoScaling",
            "suspended_processes": [],
            "tag": [
              {
                "key": "GithubOrg",
                "propagate_at_launch": true,
                "value": "elvenproject-sre"
              },
              {
                "key": "GithubRepo",
                "propagate_at_launch": true,
                "value": "github.com/jpedrobf/elvenworks-project"
              },
              {
                "key": "Name",
                "propagate_at_launch": true,
                "value": "monitoring"
              },
              {
                "key": "Project",
                "propagate_at_launch": true,
                "value": "elvenworks-project"
              },
              {
                "key": "application",
                "propagate_at_launch": true,
                "value": ""
              },
              {
                "key": "bu",
                "propagate_at_launch": true,
                "value": "tech_cross"
              },
              {
                "key": "cost_optimized",
                "propagate_at_launch": true,
                "value": "true"
              },
              {
                "key": "environment",
                "propagate_at_launch": true,
                "value": "dev"
              },
              {
                "key": "k8s.io/cluster-autoscaler/elven-cluster",
                "propagate_at_launch": true,
                "value": "owned"
              },
              {
                "key": "k8s.io/cluster-autoscaler/enabled",
                "propagate_at_launch": true,
                "value": "true"
              },
              {
                "key": "k8s.io/cluster/elven-cluster",
                "propagate_at_launch": true,
                "value": "owned"
              },
              {
                "key": "kubernetes.io/cluster/elven-cluster",
                "propagate_at_launch": true,
                "value": "owned"
              },
              {
                "key": "managed_by",
                "propagate_at_launch": true,
                "value": "test-elvenwork-project"
              },
              {
                "key": "shared",
                "propagate_at_launch": true,
                "value": "true"
              },
              {
                "key": "squad",
                "propagate_at_launch": true,
                "value": "sre"
              },
              {
                "key": "terraform",
                "propagate_at_launch": true,
                "value": "true"
              },
              {
                "key": "tribe",
                "propagate_at_launch": true,
                "value": "tech_cross"
              }
            ],
            "target_group_arns": [],
            "termination_policies": [],
            "timeouts": {
              "delete": null,
              "update": null
            },
            "traffic_source": [],
            "vpc_zone_identifier": [
              "subnet-06e9656596980d2f3",
              "subnet-0a866705f5d7c6a97",
              "subnet-0e30b8f58d262c9f8"
            ],
            "wait_for_capacity_timeout": "10m",
            "wait_for_elb_capacity": null,
            "warm_pool": [],
            "warm_pool_size": 0
          },
          "sensitive_attributes": [],
          "private": "eyJlMmJmYjczMC1lY2FhLTExZTYtOGY4OC0zNDM2M2JjN2M0YzAiOnsiZGVsZXRlIjo2MDAwMDAwMDAwMDAsInVwZGF0ZSI6NjAwMDAwMDAwMDAwfSwic2NoZW1hX3ZlcnNpb24iOiIxIn0=",
          "dependencies": [
            "data.aws_ami.eks_default",
            "module.eks.aws_cloudwatch_log_group.this",
            "module.eks.aws_eks_cluster.this",
            "module.eks.aws_iam_policy.cni_ipv6_policy",
            "module.eks.aws_iam_role.this",
            "module.eks.aws_iam_role_policy_attachment.this",
            "module.eks.aws_security_group.cluster",
            "module.eks.aws_security_group.node",
            "module.eks.aws_security_group_rule.cluster",
            "module.eks.aws_security_group_rule.node",
            "module.eks.data.aws_caller_identity.current",
            "module.eks.data.aws_iam_policy_document.assume_role_policy",
            "module.eks.data.aws_iam_policy_document.cni_ipv6_policy",
            "module.eks.data.aws_iam_session_context.current",
            "module.eks.data.aws_partition.current",
            "module.eks.module.kms.aws_kms_external_key.this",
            "module.eks.module.kms.aws_kms_key.this",
            "module.eks.module.kms.data.aws_caller_identity.current",
            "module.eks.module.kms.data.aws_iam_policy_document.this",
            "module.eks.module.kms.data.aws_partition.current",
            "module.eks.module.self_managed_node_group.aws_iam_instance_profile.this",
            "module.eks.module.self_managed_node_group.aws_iam_role.this",
            "module.eks.module.self_managed_node_group.aws_iam_role_policy_attachment.this",
            "module.eks.module.self_managed_node_group.aws_launch_template.this",
            "module.eks.module.self_managed_node_group.data.aws_ami.eks_default",
            "module.eks.module.self_managed_node_group.data.aws_caller_identity.current",
            "module.eks.module.self_managed_node_group.data.aws_iam_policy_document.assume_role_policy",
            "module.eks.module.self_managed_node_group.data.aws_partition.current",
            "module.eks.module.self_managed_node_group.module.user_data.data.cloudinit_config.linux_eks_managed_node_group",
            "module.eks.time_sleep.this"
          ],
          "create_before_destroy": true
        }
      ]
    },
    {
      "module": "module.eks.module.self_managed_node_group[\"two\"]",
      "mode": "managed",
      "type": "aws_iam_instance_profile",
      "name": "this",
      "provider": "provider[\"registry.terraform.io/hashicorp/aws\"]",
      "instances": [
        {
          "index_key": 0,
          "schema_version": 0,
          "attributes": {
            "arn": "arn:aws:iam::790817841652:instance-profile/monitoring-node-group-2023102818484022980000000a",
            "create_date": "2023-10-28T18:48:36Z",
            "id": "monitoring-node-group-2023102818484022980000000a",
            "name": "monitoring-node-group-2023102818484022980000000a",
            "name_prefix": "monitoring-node-group-",
            "path": "/",
            "role": "monitoring-node-group-20231028184838964600000007",
            "tags": {},
            "tags_all": {},
            "unique_id": "AIPA3QIDKUH2ADSXC4LBC"
          },
          "sensitive_attributes": [],
          "private": "bnVsbA==",
          "dependencies": [
            "data.aws_ami.eks_default",
            "module.eks.aws_cloudwatch_log_group.this",
            "module.eks.aws_eks_cluster.this",
            "module.eks.aws_iam_policy.cni_ipv6_policy",
            "module.eks.aws_iam_role.this",
            "module.eks.aws_iam_role_policy_attachment.this",
            "module.eks.aws_security_group.cluster",
            "module.eks.aws_security_group.node",
            "module.eks.aws_security_group_rule.cluster",
            "module.eks.aws_security_group_rule.node",
            "module.eks.data.aws_caller_identity.current",
            "module.eks.data.aws_iam_policy_document.assume_role_policy",
            "module.eks.data.aws_iam_policy_document.cni_ipv6_policy",
            "module.eks.data.aws_iam_session_context.current",
            "module.eks.data.aws_partition.current",
            "module.eks.module.kms.aws_kms_external_key.this",
            "module.eks.module.kms.aws_kms_key.this",
            "module.eks.module.kms.data.aws_caller_identity.current",
            "module.eks.module.kms.data.aws_iam_policy_document.this",
            "module.eks.module.kms.data.aws_partition.current",
            "module.eks.module.self_managed_node_group.aws_iam_role.this",
            "module.eks.module.self_managed_node_group.data.aws_iam_policy_document.assume_role_policy",
            "module.eks.module.self_managed_node_group.data.aws_partition.current"
          ],
          "create_before_destroy": true
        }
      ]
    },
    {
      "module": "module.eks.module.self_managed_node_group[\"two\"]",
      "mode": "managed",
      "type": "aws_iam_role",
      "name": "this",
      "provider": "provider[\"registry.terraform.io/hashicorp/aws\"]",
      "instances": [
        {
          "index_key": 0,
          "schema_version": 0,
          "attributes": {
            "arn": "arn:aws:iam::790817841652:role/monitoring-node-group-20231028184838964600000007",
            "assume_role_policy": "{\"Statement\":[{\"Action\":\"sts:AssumeRole\",\"Effect\":\"Allow\",\"Principal\":{\"Service\":\"ec2.amazonaws.com\"},\"Sid\":\"EKSNodeAssumeRole\"}],\"Version\":\"2012-10-17\"}",
            "create_date": "2023-10-28T18:48:35Z",
            "description": "Self managed node group IAM role",
            "force_detach_policies": true,
            "id": "monitoring-node-group-20231028184838964600000007",
            "inline_policy": [],
            "managed_policy_arns": [
              "arn:aws:iam::aws:policy/AmazonEC2ContainerRegistryReadOnly",
              "arn:aws:iam::aws:policy/AmazonEKSWorkerNodePolicy",
              "arn:aws:iam::aws:policy/AmazonEKS_CNI_Policy",
              "arn:aws:iam::aws:policy/AmazonSSMFullAccess",
              "arn:aws:iam::aws:policy/AmazonSSMManagedInstanceCore",
              "arn:aws:iam::aws:policy/service-role/AmazonEC2RoleforSSM"
            ],
            "max_session_duration": 3600,
            "name": "monitoring-node-group-20231028184838964600000007",
            "name_prefix": "monitoring-node-group-",
            "path": "/",
            "permissions_boundary": "",
            "tags": {},
            "tags_all": {},
            "unique_id": "AROA3QIDKUH2JFTEFCX2I"
          },
          "sensitive_attributes": [],
          "private": "bnVsbA==",
          "dependencies": [
            "data.aws_ami.eks_default",
            "module.eks.aws_cloudwatch_log_group.this",
            "module.eks.aws_eks_cluster.this",
            "module.eks.aws_iam_policy.cni_ipv6_policy",
            "module.eks.aws_iam_role.this",
            "module.eks.aws_iam_role_policy_attachment.this",
            "module.eks.aws_security_group.cluster",
            "module.eks.aws_security_group.node",
            "module.eks.aws_security_group_rule.cluster",
            "module.eks.aws_security_group_rule.node",
            "module.eks.data.aws_caller_identity.current",
            "module.eks.data.aws_iam_policy_document.assume_role_policy",
            "module.eks.data.aws_iam_policy_document.cni_ipv6_policy",
            "module.eks.data.aws_iam_session_context.current",
            "module.eks.data.aws_partition.current",
            "module.eks.module.kms.aws_kms_external_key.this",
            "module.eks.module.kms.aws_kms_key.this",
            "module.eks.module.kms.data.aws_caller_identity.current",
            "module.eks.module.kms.data.aws_iam_policy_document.this",
            "module.eks.module.kms.data.aws_partition.current",
            "module.eks.module.self_managed_node_group.data.aws_iam_policy_document.assume_role_policy",
            "module.eks.module.self_managed_node_group.data.aws_partition.current"
          ],
          "create_before_destroy": true
        }
      ]
    },
    {
      "module": "module.eks.module.self_managed_node_group[\"two\"]",
      "mode": "managed",
      "type": "aws_iam_role_policy_attachment",
      "name": "this",
      "provider": "provider[\"registry.terraform.io/hashicorp/aws\"]",
      "instances": [
        {
          "index_key": "arn:aws:iam::aws:policy/AmazonEC2ContainerRegistryReadOnly",
          "schema_version": 0,
          "attributes": {
            "id": "monitoring-node-group-20231028184838964600000007-2023102818484052010000000e",
            "policy_arn": "arn:aws:iam::aws:policy/AmazonEC2ContainerRegistryReadOnly",
            "role": "monitoring-node-group-20231028184838964600000007"
          },
          "sensitive_attributes": [],
          "private": "bnVsbA==",
          "dependencies": [
            "data.aws_ami.eks_default",
            "module.eks.aws_cloudwatch_log_group.this",
            "module.eks.aws_eks_cluster.this",
            "module.eks.aws_iam_policy.cni_ipv6_policy",
            "module.eks.aws_iam_role.this",
            "module.eks.aws_iam_role_policy_attachment.this",
            "module.eks.aws_security_group.cluster",
            "module.eks.aws_security_group.node",
            "module.eks.aws_security_group_rule.cluster",
            "module.eks.aws_security_group_rule.node",
            "module.eks.data.aws_caller_identity.current",
            "module.eks.data.aws_iam_policy_document.assume_role_policy",
            "module.eks.data.aws_iam_policy_document.cni_ipv6_policy",
            "module.eks.data.aws_iam_session_context.current",
            "module.eks.data.aws_partition.current",
            "module.eks.module.kms.aws_kms_external_key.this",
            "module.eks.module.kms.aws_kms_key.this",
            "module.eks.module.kms.data.aws_caller_identity.current",
            "module.eks.module.kms.data.aws_iam_policy_document.this",
            "module.eks.module.kms.data.aws_partition.current",
            "module.eks.module.self_managed_node_group.aws_iam_role.this",
            "module.eks.module.self_managed_node_group.data.aws_caller_identity.current",
            "module.eks.module.self_managed_node_group.data.aws_iam_policy_document.assume_role_policy",
            "module.eks.module.self_managed_node_group.data.aws_partition.current"
          ],
          "create_before_destroy": true
        },
        {
          "index_key": "arn:aws:iam::aws:policy/AmazonEKSWorkerNodePolicy",
          "schema_version": 0,
          "attributes": {
            "id": "monitoring-node-group-20231028184838964600000007-20231028184840658500000010",
            "policy_arn": "arn:aws:iam::aws:policy/AmazonEKSWorkerNodePolicy",
            "role": "monitoring-node-group-20231028184838964600000007"
          },
          "sensitive_attributes": [],
          "private": "bnVsbA==",
          "dependencies": [
            "data.aws_ami.eks_default",
            "module.eks.aws_cloudwatch_log_group.this",
            "module.eks.aws_eks_cluster.this",
            "module.eks.aws_iam_policy.cni_ipv6_policy",
            "module.eks.aws_iam_role.this",
            "module.eks.aws_iam_role_policy_attachment.this",
            "module.eks.aws_security_group.cluster",
            "module.eks.aws_security_group.node",
            "module.eks.aws_security_group_rule.cluster",
            "module.eks.aws_security_group_rule.node",
            "module.eks.data.aws_caller_identity.current",
            "module.eks.data.aws_iam_policy_document.assume_role_policy",
            "module.eks.data.aws_iam_policy_document.cni_ipv6_policy",
            "module.eks.data.aws_iam_session_context.current",
            "module.eks.data.aws_partition.current",
            "module.eks.module.kms.aws_kms_external_key.this",
            "module.eks.module.kms.aws_kms_key.this",
            "module.eks.module.kms.data.aws_caller_identity.current",
            "module.eks.module.kms.data.aws_iam_policy_document.this",
            "module.eks.module.kms.data.aws_partition.current",
            "module.eks.module.self_managed_node_group.aws_iam_role.this",
            "module.eks.module.self_managed_node_group.data.aws_caller_identity.current",
            "module.eks.module.self_managed_node_group.data.aws_iam_policy_document.assume_role_policy",
            "module.eks.module.self_managed_node_group.data.aws_partition.current"
          ],
          "create_before_destroy": true
        },
        {
          "index_key": "arn:aws:iam::aws:policy/AmazonEKS_CNI_Policy",
          "schema_version": 0,
          "attributes": {
            "id": "monitoring-node-group-20231028184838964600000007-2023102818484058180000000f",
            "policy_arn": "arn:aws:iam::aws:policy/AmazonEKS_CNI_Policy",
            "role": "monitoring-node-group-20231028184838964600000007"
          },
          "sensitive_attributes": [],
          "private": "bnVsbA==",
          "dependencies": [
            "data.aws_ami.eks_default",
            "module.eks.aws_cloudwatch_log_group.this",
            "module.eks.aws_eks_cluster.this",
            "module.eks.aws_iam_policy.cni_ipv6_policy",
            "module.eks.aws_iam_role.this",
            "module.eks.aws_iam_role_policy_attachment.this",
            "module.eks.aws_security_group.cluster",
            "module.eks.aws_security_group.node",
            "module.eks.aws_security_group_rule.cluster",
            "module.eks.aws_security_group_rule.node",
            "module.eks.data.aws_caller_identity.current",
            "module.eks.data.aws_iam_policy_document.assume_role_policy",
            "module.eks.data.aws_iam_policy_document.cni_ipv6_policy",
            "module.eks.data.aws_iam_session_context.current",
            "module.eks.data.aws_partition.current",
            "module.eks.module.kms.aws_kms_external_key.this",
            "module.eks.module.kms.aws_kms_key.this",
            "module.eks.module.kms.data.aws_caller_identity.current",
            "module.eks.module.kms.data.aws_iam_policy_document.this",
            "module.eks.module.kms.data.aws_partition.current",
            "module.eks.module.self_managed_node_group.aws_iam_role.this",
            "module.eks.module.self_managed_node_group.data.aws_caller_identity.current",
            "module.eks.module.self_managed_node_group.data.aws_iam_policy_document.assume_role_policy",
            "module.eks.module.self_managed_node_group.data.aws_partition.current"
          ],
          "create_before_destroy": true
        }
      ]
    },
    {
      "module": "module.eks.module.self_managed_node_group[\"two\"]",
      "mode": "managed",
      "type": "aws_launch_template",
      "name": "this",
      "provider": "provider[\"registry.terraform.io/hashicorp/aws\"]",
      "instances": [
        {
          "index_key": 0,
          "schema_version": 0,
          "attributes": {
            "arn": "arn:aws:ec2:sa-east-1:790817841652:launch-template/lt-0abdad685a248be30",
            "block_device_mappings": [
              {
                "device_name": "/dev/xvda",
                "ebs": [
                  {
                    "delete_on_termination": "true",
                    "encrypted": "false",
                    "iops": 3000,
                    "kms_key_id": "",
                    "snapshot_id": "",
                    "throughput": 150,
                    "volume_size": 100,
                    "volume_type": "gp3"
                  }
                ],
                "no_device": "",
                "virtual_name": ""
              }
            ],
            "capacity_reservation_specification": [],
            "cpu_options": [],
            "credit_specification": [],
            "default_version": 6,
            "description": "Self managed node group for monitoring nodes",
            "disable_api_stop": false,
            "disable_api_termination": false,
            "ebs_optimized": "true",
            "elastic_gpu_specifications": [],
            "elastic_inference_accelerator": [],
            "enclave_options": [],
            "hibernation_options": [],
            "iam_instance_profile": [
              {
                "arn": "arn:aws:iam::790817841652:instance-profile/monitoring-node-group-2023102818484022980000000a",
                "name": ""
              }
            ],
            "id": "lt-0abdad685a248be30",
            "image_id": "ami-04db11f9b6ad38349",
            "instance_initiated_shutdown_behavior": "",
            "instance_market_options": [],
            "instance_requirements": [],
            "instance_type": "m6i.large",
            "kernel_id": "",
            "key_name": "",
            "latest_version": 6,
            "license_specification": [],
            "maintenance_options": [],
            "metadata_options": [
              {
                "http_endpoint": "enabled",
                "http_protocol_ipv6": "",
                "http_put_response_hop_limit": 2,
                "http_tokens": "required",
                "instance_metadata_tags": "disabled"
              }
            ],
            "monitoring": [
              {
                "enabled": true
              }
            ],
            "name": "elven-cluster-monitoring",
            "name_prefix": "",
            "network_interfaces": [],
            "placement": [],
            "private_dns_name_options": [],
            "ram_disk_id": "",
            "security_group_names": [],
            "tag_specifications": [
              {
                "resource_type": "instance",
                "tags": {
                  "GithubOrg": "elvenproject-sre",
                  "GithubRepo": "github.com/jpedrobf/elvenworks-project",
                  "Name": "monitoring",
                  "Project": "elvenworks-project",
                  "application": "",
                  "bu": "tech_cross",
                  "cost_optimized": "true",
                  "environment": "dev",
                  "k8s.io/cluster-autoscaler/elven-cluster": "owned",
                  "k8s.io/cluster-autoscaler/enabled": "true",
                  "managed_by": "test-elvenwork-project",
                  "shared": "true",
                  "squad": "sre",
                  "terraform": "true",
                  "tribe": "tech_cross"
                }
              },
              {
                "resource_type": "network-interface",
                "tags": {
                  "GithubOrg": "elvenproject-sre",
                  "GithubRepo": "github.com/jpedrobf/elvenworks-project",
                  "Name": "monitoring",
                  "Project": "elvenworks-project",
                  "application": "",
                  "bu": "tech_cross",
                  "cost_optimized": "true",
                  "environment": "dev",
                  "k8s.io/cluster-autoscaler/elven-cluster": "owned",
                  "k8s.io/cluster-autoscaler/enabled": "true",
                  "managed_by": "test-elvenwork-project",
                  "shared": "true",
                  "squad": "sre",
                  "terraform": "true",
                  "tribe": "tech_cross"
                }
              },
              {
                "resource_type": "volume",
                "tags": {
                  "GithubOrg": "elvenproject-sre",
                  "GithubRepo": "github.com/jpedrobf/elvenworks-project",
                  "Name": "monitoring",
                  "Project": "elvenworks-project",
                  "application": "",
                  "bu": "tech_cross",
                  "cost_optimized": "true",
                  "environment": "dev",
                  "k8s.io/cluster-autoscaler/elven-cluster": "owned",
                  "k8s.io/cluster-autoscaler/enabled": "true",
                  "managed_by": "test-elvenwork-project",
                  "shared": "true",
                  "squad": "sre",
                  "terraform": "true",
                  "tribe": "tech_cross"
                }
              }
            ],
            "tags": {
              "GithubOrg": "elvenproject-sre",
              "GithubRepo": "github.com/jpedrobf/elvenworks-project",
              "Project": "elvenworks-project",
              "application": "",
              "bu": "tech_cross",
              "cost_optimized": "true",
              "environment": "dev",
              "k8s.io/cluster-autoscaler/elven-cluster": "owned",
              "k8s.io/cluster-autoscaler/enabled": "true",
              "managed_by": "test-elvenwork-project",
              "shared": "true",
              "squad": "sre",
              "terraform": "true",
              "tribe": "tech_cross"
            },
            "tags_all": {
              "GithubOrg": "elvenproject-sre",
              "GithubRepo": "github.com/jpedrobf/elvenworks-project",
              "Project": "elvenworks-project",
              "application": "",
              "bu": "tech_cross",
              "cost_optimized": "true",
              "environment": "dev",
              "k8s.io/cluster-autoscaler/elven-cluster": "owned",
              "k8s.io/cluster-autoscaler/enabled": "true",
              "managed_by": "test-elvenwork-project",
              "shared": "true",
              "squad": "sre",
              "terraform": "true",
              "tribe": "tech_cross"
            },
            "update_default_version": true,
            "user_data": "IyEvYmluL2Jhc2gKc2V0IC1lCmluc3RhbmNlX2lkPSQoY3VybCAtcyBodHRwOi8vMTY5LjI1NC4xNjkuMjU0L2xhdGVzdC9tZXRhLWRhdGEvaW5zdGFuY2UtaWQpCmluc3RhbmNlX2xpZmVfY3ljbGU9YGF3cyBlYzIgZGVzY3JpYmUtaW5zdGFuY2VzIC0tcmVnaW9uIHVzLWVhc3QtMiAtLWluc3RhbmNlLWlkcyAkaW5zdGFuY2VfaWQgLS1xdWVyeSAnUmVzZXJ2YXRpb25zWzBdLkluc3RhbmNlc1swXS5JbnN0YW5jZUxpZmVjeWNsZScgLS1vdXRwdXQgdGV4dGAKTk9ERV9MQUJFTFM9Ii0tbm9kZS1sYWJlbHM9aW5zdGFuY2U9JGluc3RhbmNlX2lkLGZhbWlseT1hLGs4cy12ZXJzaW9uPTEuMjEiICAKaWYgWyAiJGluc3RhbmNlX2xpZmVfY3ljbGUiID09ICJzcG90IiBdOyB0aGVuCiAgICBOT0RFX0xBQkVMUz0iJE5PREVfTEFCRUxTLGxpZmVjeWNsZT1FYzJTcG90IgplbHNlCiAgICBOT0RFX0xBQkVMUz0iJE5PREVfTEFCRUxTLGxpZmVjeWNsZT1PbkRlbWFuZCIKZmkKQjY0X0NMVVNURVJfQ0E9TFMwdExTMUNSVWRKVGlCRFJWSlVTVVpKUTBGVVJTMHRMUzB0Q2sxSlNVUkNWRU5EUVdVeVowRjNTVUpCWjBsSlJtcEdjRmRITkdkVVZqaDNSRkZaU2t0dldrbG9kbU5PUVZGRlRFSlJRWGRHVkVWVVRVSkZSMEV4VlVVS1FYaE5TMkV6Vm1sYVdFcDFXbGhTYkdONlFXVkdkekI1VFhwRmQwMXFaM2hQUkUwMVRsUkNZVVozTUhwTmVrVjNUV3BWZUU5RVVUQk9WRUpoVFVKVmVBcEZla0ZTUW1kT1ZrSkJUVlJEYlhReFdXMVdlV0p0VmpCYVdFMTNaMmRGYVUxQk1FZERVM0ZIVTBsaU0wUlJSVUpCVVZWQlFUUkpRa1IzUVhkblowVkxDa0Z2U1VKQlVVTXlZalY0UVROcVIxVktaRlZLY25rdlVFcFdNa1ZWVlhSWFZIQkJObnBWYTA4M2EyOUNOamw1VFVwVU5tODJkblZ4TDI0MVdFZDZOMmNLYXpsSGVERjZOMjlVTlc5U1JDOWxWbU13Y1VkdloxSkpaelo1S3pWNmNGQkNWalJvU0c5dVRXTlhjRWRXWlZGVkwxQmtLM0E1YW5CalZWaHRjVEpsZHdwNmRFVjBNamMxVURBNFFVRnBjRk5xVldka1ZYRXhTbFowYzBOSVIxWldjVXBNYlZNNVNHVlVlbU5OUTAxaldGcEdOM2hrVjNSVlIzTjBXRWhuTjBkaENuTlNjM0JvYUdkUk1XOVhWM3BzU1RCRlFqUkdWV3BTT1hZcldUaHNUSFZOY1VodVEwdE5Ra3hZV0N0RGIxQlhUbFpQV2pkQlRXUnFOVzVXYkZBeFNXMEtZVEJpVUhVNFdIZEdjM2t5TjBSTmNIRlNOMVJKVHpkSWMwVmhhME4zT1ZCSlpYTkRiRzlVWm1sWFRtVnZSbTgxUldFMVJ6SnNRM0V6UTFKWFZXdDBhd28wVUhGMVRHNUhabWxQZVZocVR6VnJSSE5sWWpsVlptTjNVRFpvUVdkTlFrRkJSMnBYVkVKWVRVRTBSMEV4VldSRWQwVkNMM2RSUlVGM1NVTndSRUZRQ2tKblRsWklVazFDUVdZNFJVSlVRVVJCVVVndlRVSXdSMEV4VldSRVoxRlhRa0pSU0dOc2MwRjBNbGhYT0VaS1ZERnlXVVpYTm1wdGRUQnVSR0pVUVZZS1FtZE9Wa2hTUlVWRWFrRk5aMmR3Y21SWFNteGpiVFZzWkVkV2VrMUJNRWREVTNGSFUwbGlNMFJSUlVKRGQxVkJRVFJKUWtGUlFtWkZVSEl4UTB4cmFRcHBaa05OZDNGSE9HbzFaekpPWW5sUmIwbDBVbFZUVUZZdk1ra3phekF6YWxsd0szRm5lRkYzVTFGblJ5OWhjVTAxVVROaVRXOTBjMVl4WjAxcFFYTkZDbE5LWWxkeWQwMU5WMWcwYWtwT2RsWnNaaXQwZVRKTGFsQTJORmhuYkZOVFZURnVZemRyUTBjM1RXOTFNbEZOVHpoRGIxTkhNWHA0ZDB0bE5Yb3pieThLVjJWd1pHSm9aMlZVYUhwVGVVNU5VbW8yY214Vk1VVkNla0YzVmtKcEwyNTFXVklyVjNrdk9USjVialZvVHpsa1ZFdFNiV1ZaSzBweE5qTnNTa280U0FvMGVWVnZjV1pUYUhNd1VHbElUWEpTVDBFdlYxTkVLM0ZtTjNOR2JrUjNLMkUyYTFsT1JrRnFkRWd5VGxCU1pVdEZiMlJyYXpkeVpFRkhlSFoxVm1sV0NtMUdNMFJvUW5VeVJGRkhZVEpGWVZFNFNXZHVTVkp5VUUxVGRWRnVRbkJ2T0ZCM2NVNVNVV1UwWVVGU2QxSm9UbFZYUVdwU01sbEtialo2TmxGdmVVUUtWR2R3TUhCVUwxWm1iVmRPQ2kwdExTMHRSVTVFSUVORlVsUkpSa2xEUVZSRkxTMHRMUzBLCkFQSV9TRVJWRVJfVVJMPWh0dHBzOi8vOUExRUE3OUNFQkY5MzRGMTY3REFCMTU3REU0MDkzNTMuc2sxLnNhLWVhc3QtMS5la3MuYW1hem9uYXdzLmNvbQovZXRjL2Vrcy9ib290c3RyYXAuc2ggZWx2ZW4tY2x1c3RlciAtLWt1YmVsZXQtZXh0cmEtYXJncyAnLS1ub2RlLWxhYmVscz13b3JrbG9hZD1tb25pdG9yaW5nJyAtLWI2NC1jbHVzdGVyLWNhICRCNjRfQ0xVU1RFUl9DQSAtLWFwaXNlcnZlci1lbmRwb2ludCAkQVBJX1NFUlZFUl9VUkwKY2QgL3RtcApzdWRvIHl1bSBpbnN0YWxsIC15IGh0dHBzOi8vczMuYW1hem9uYXdzLmNvbS9lYzItZG93bmxvYWRzLXdpbmRvd3MvU1NNQWdlbnQvbGF0ZXN0L2xpbnV4X2FtZDY0L2FtYXpvbi1zc20tYWdlbnQucnBtCnN1ZG8gc3lzdGVtY3RsIGVuYWJsZSBhbWF6b24tc3NtLWFnZW50CnN1ZG8gc3lzdGVtY3RsIHN0YXJ0IGFtYXpvbi1zc20tYWdlbnQK",
            "vpc_security_group_ids": [
              "sg-0fb33d24cd4657d6f"
            ]
          },
          "sensitive_attributes": [],
          "private": "bnVsbA==",
          "dependencies": [
            "data.aws_ami.eks_default",
            "module.eks.aws_cloudwatch_log_group.this",
            "module.eks.aws_eks_cluster.this",
            "module.eks.aws_iam_policy.cni_ipv6_policy",
            "module.eks.aws_iam_role.this",
            "module.eks.aws_iam_role_policy_attachment.this",
            "module.eks.aws_security_group.cluster",
            "module.eks.aws_security_group.node",
            "module.eks.aws_security_group_rule.cluster",
            "module.eks.aws_security_group_rule.node",
            "module.eks.data.aws_caller_identity.current",
            "module.eks.data.aws_iam_policy_document.assume_role_policy",
            "module.eks.data.aws_iam_policy_document.cni_ipv6_policy",
            "module.eks.data.aws_iam_session_context.current",
            "module.eks.data.aws_partition.current",
            "module.eks.module.kms.aws_kms_external_key.this",
            "module.eks.module.kms.aws_kms_key.this",
            "module.eks.module.kms.data.aws_caller_identity.current",
            "module.eks.module.kms.data.aws_iam_policy_document.this",
            "module.eks.module.kms.data.aws_partition.current",
            "module.eks.module.self_managed_node_group.aws_iam_instance_profile.this",
            "module.eks.module.self_managed_node_group.aws_iam_role.this",
            "module.eks.module.self_managed_node_group.aws_iam_role_policy_attachment.this",
            "module.eks.module.self_managed_node_group.data.aws_ami.eks_default",
            "module.eks.module.self_managed_node_group.data.aws_caller_identity.current",
            "module.eks.module.self_managed_node_group.data.aws_iam_policy_document.assume_role_policy",
            "module.eks.module.self_managed_node_group.data.aws_partition.current",
            "module.eks.module.self_managed_node_group.module.user_data.data.cloudinit_config.linux_eks_managed_node_group",
            "module.eks.time_sleep.this"
          ],
          "create_before_destroy": true
        }
      ]
    },
    {
      "module": "module.external_dns_irsa_role",
      "mode": "data",
      "type": "aws_caller_identity",
      "name": "current",
      "provider": "provider[\"registry.terraform.io/hashicorp/aws\"]",
      "instances": [
        {
          "schema_version": 0,
          "attributes": {
            "account_id": "790817841652",
            "arn": "arn:aws:iam::790817841652:user/jp",
            "id": "790817841652",
            "user_id": "AIDA3QIDKUH2DGQZNQGY4"
          },
          "sensitive_attributes": []
        }
      ]
    },
    {
      "module": "module.external_dns_irsa_role",
      "mode": "data",
      "type": "aws_iam_policy_document",
      "name": "external_dns",
      "provider": "provider[\"registry.terraform.io/hashicorp/aws\"]",
      "instances": [
        {
          "index_key": 0,
          "schema_version": 0,
          "attributes": {
            "id": "1951998512",
            "json": "{\n  \"Version\": \"2012-10-17\",\n  \"Statement\": [\n    {\n      \"Effect\": \"Allow\",\n      \"Action\": \"route53:ChangeResourceRecordSets\",\n      \"Resource\": \"arn:aws:route53:::hostedzone/IClearlyMadeThisUp\"\n    },\n    {\n      \"Effect\": \"Allow\",\n      \"Action\": [\n        \"route53:ListTagsForResource\",\n        \"route53:ListResourceRecordSets\",\n        \"route53:ListHostedZones\"\n      ],\n      \"Resource\": \"*\"\n    }\n  ]\n}",
            "override_policy_documents": null,
            "policy_id": null,
            "source_policy_documents": null,
            "statement": [
              {
                "actions": [
                  "route53:ChangeResourceRecordSets"
                ],
                "condition": [],
                "effect": "Allow",
                "not_actions": [],
                "not_principals": [],
                "not_resources": [],
                "principals": [],
                "resources": [
                  "arn:aws:route53:::hostedzone/IClearlyMadeThisUp"
                ],
                "sid": ""
              },
              {
                "actions": [
                  "route53:ListHostedZones",
                  "route53:ListResourceRecordSets",
                  "route53:ListTagsForResource"
                ],
                "condition": [],
                "effect": "Allow",
                "not_actions": [],
                "not_principals": [],
                "not_resources": [],
                "principals": [],
                "resources": [
                  "*"
                ],
                "sid": ""
              }
            ],
            "version": "2012-10-17"
          },
          "sensitive_attributes": []
        }
      ]
    },
    {
      "module": "module.external_dns_irsa_role",
      "mode": "data",
      "type": "aws_iam_policy_document",
      "name": "this",
      "provider": "provider[\"registry.terraform.io/hashicorp/aws\"]",
      "instances": [
        {
          "index_key": 0,
          "schema_version": 0,
          "attributes": {
            "id": "537942484",
            "json": "{\n  \"Version\": \"2012-10-17\",\n  \"Statement\": [\n    {\n      \"Effect\": \"Allow\",\n      \"Action\": \"sts:AssumeRoleWithWebIdentity\",\n      \"Principal\": {\n        \"Federated\": \"arn:aws:iam::790817841652:oidc-provider/oidc.eks.sa-east-1.amazonaws.com/id/9A1EA79CEBF934F167DAB157DE409353\"\n      },\n      \"Condition\": {\n        \"StringEquals\": {\n          \"oidc.eks.sa-east-1.amazonaws.com/id/9A1EA79CEBF934F167DAB157DE409353:aud\": \"sts.amazonaws.com\",\n          \"oidc.eks.sa-east-1.amazonaws.com/id/9A1EA79CEBF934F167DAB157DE409353:sub\": \"system:serviceaccount:kube-system:external-dns\"\n        }\n      }\n    }\n  ]\n}",
            "override_policy_documents": null,
            "policy_id": null,
            "source_policy_documents": null,
            "statement": [
              {
                "actions": [
                  "sts:AssumeRoleWithWebIdentity"
                ],
                "condition": [
                  {
                    "test": "StringEquals",
                    "values": [
                      "sts.amazonaws.com"
                    ],
                    "variable": "oidc.eks.sa-east-1.amazonaws.com/id/9A1EA79CEBF934F167DAB157DE409353:aud"
                  },
                  {
                    "test": "StringEquals",
                    "values": [
                      "system:serviceaccount:kube-system:external-dns"
                    ],
                    "variable": "oidc.eks.sa-east-1.amazonaws.com/id/9A1EA79CEBF934F167DAB157DE409353:sub"
                  }
                ],
                "effect": "Allow",
                "not_actions": [],
                "not_principals": [],
                "not_resources": [],
                "principals": [
                  {
                    "identifiers": [
                      "arn:aws:iam::790817841652:oidc-provider/oidc.eks.sa-east-1.amazonaws.com/id/9A1EA79CEBF934F167DAB157DE409353"
                    ],
                    "type": "Federated"
                  }
                ],
                "resources": [],
                "sid": ""
              }
            ],
            "version": "2012-10-17"
          },
          "sensitive_attributes": []
        }
      ]
    },
    {
      "module": "module.external_dns_irsa_role",
      "mode": "data",
      "type": "aws_partition",
      "name": "current",
      "provider": "provider[\"registry.terraform.io/hashicorp/aws\"]",
      "instances": [
        {
          "schema_version": 0,
          "attributes": {
            "dns_suffix": "amazonaws.com",
            "id": "aws",
            "partition": "aws",
            "reverse_dns_prefix": "com.amazonaws"
          },
          "sensitive_attributes": []
        }
      ]
    },
    {
      "module": "module.external_dns_irsa_role",
      "mode": "data",
      "type": "aws_region",
      "name": "current",
      "provider": "provider[\"registry.terraform.io/hashicorp/aws\"]",
      "instances": [
        {
          "schema_version": 0,
          "attributes": {
            "description": "South America (Sao Paulo)",
            "endpoint": "ec2.sa-east-1.amazonaws.com",
            "id": "sa-east-1",
            "name": "sa-east-1"
          },
          "sensitive_attributes": []
        }
      ]
    },
    {
      "module": "module.external_dns_irsa_role",
      "mode": "managed",
      "type": "aws_iam_policy",
      "name": "external_dns",
      "provider": "provider[\"registry.terraform.io/hashicorp/aws\"]",
      "instances": [
        {
          "index_key": 0,
          "schema_version": 0,
          "attributes": {
            "arn": "arn:aws:iam::790817841652:policy/AmazonEKS_External_DNS_Policy-20231028203502849000000002",
            "description": "External DNS policy to allow management of Route53 hosted zone records",
            "id": "arn:aws:iam::790817841652:policy/AmazonEKS_External_DNS_Policy-20231028203502849000000002",
            "name": "AmazonEKS_External_DNS_Policy-20231028203502849000000002",
            "name_prefix": "AmazonEKS_External_DNS_Policy-",
            "path": "/",
            "policy": "{\"Statement\":[{\"Action\":\"route53:ChangeResourceRecordSets\",\"Effect\":\"Allow\",\"Resource\":\"arn:aws:route53:::hostedzone/IClearlyMadeThisUp\"},{\"Action\":[\"route53:ListTagsForResource\",\"route53:ListResourceRecordSets\",\"route53:ListHostedZones\"],\"Effect\":\"Allow\",\"Resource\":\"*\"}],\"Version\":\"2012-10-17\"}",
            "policy_id": "ANPA3QIDKUH2NWNU7ST3V",
            "tags": {
              "GithubOrg": "elvenproject-sre",
              "GithubRepo": "github.com/jpedrobf/elvenworks-project",
              "Project": "elvenworks-project",
              "application": "",
              "bu": "tech_cross",
              "cost_optimized": "true",
              "environment": "dev",
              "managed_by": "test-elvenwork-project",
              "shared": "true",
              "squad": "sre",
              "terraform": "true",
              "tribe": "tech_cross"
            },
            "tags_all": {
              "GithubOrg": "elvenproject-sre",
              "GithubRepo": "github.com/jpedrobf/elvenworks-project",
              "Project": "elvenworks-project",
              "application": "",
              "bu": "tech_cross",
              "cost_optimized": "true",
              "environment": "dev",
              "managed_by": "test-elvenwork-project",
              "shared": "true",
              "squad": "sre",
              "terraform": "true",
              "tribe": "tech_cross"
            }
          },
          "sensitive_attributes": [],
          "private": "bnVsbA==",
          "dependencies": [
            "module.external_dns_irsa_role.data.aws_iam_policy_document.external_dns"
          ]
        }
      ]
    },
    {
      "module": "module.external_dns_irsa_role",
      "mode": "managed",
      "type": "aws_iam_role",
      "name": "this",
      "provider": "provider[\"registry.terraform.io/hashicorp/aws\"]",
      "instances": [
        {
          "index_key": 0,
          "schema_version": 0,
          "attributes": {
            "arn": "arn:aws:iam::790817841652:role/external-dns",
            "assume_role_policy": "{\"Statement\":[{\"Action\":\"sts:AssumeRoleWithWebIdentity\",\"Condition\":{\"StringEquals\":{\"oidc.eks.sa-east-1.amazonaws.com/id/9A1EA79CEBF934F167DAB157DE409353:aud\":\"sts.amazonaws.com\",\"oidc.eks.sa-east-1.amazonaws.com/id/9A1EA79CEBF934F167DAB157DE409353:sub\":\"system:serviceaccount:kube-system:external-dns\"}},\"Effect\":\"Allow\",\"Principal\":{\"Federated\":\"arn:aws:iam::790817841652:oidc-provider/oidc.eks.sa-east-1.amazonaws.com/id/9A1EA79CEBF934F167DAB157DE409353\"}}],\"Version\":\"2012-10-17\"}",
            "create_date": "2023-10-28T20:35:00Z",
            "description": "",
            "force_detach_policies": true,
            "id": "external-dns",
            "inline_policy": [],
            "managed_policy_arns": [
              "arn:aws:iam::790817841652:policy/AmazonEKS_External_DNS_Policy-20231028203502849000000002"
            ],
            "max_session_duration": 3600,
            "name": "external-dns",
            "name_prefix": "",
            "path": "/",
            "permissions_boundary": "",
            "tags": {
              "GithubOrg": "elvenproject-sre",
              "GithubRepo": "github.com/jpedrobf/elvenworks-project",
              "Project": "elvenworks-project",
              "application": "",
              "bu": "tech_cross",
              "cost_optimized": "true",
              "environment": "dev",
              "managed_by": "test-elvenwork-project",
              "shared": "true",
              "squad": "sre",
              "terraform": "true",
              "tribe": "tech_cross"
            },
            "tags_all": {
              "GithubOrg": "elvenproject-sre",
              "GithubRepo": "github.com/jpedrobf/elvenworks-project",
              "Project": "elvenworks-project",
              "application": "",
              "bu": "tech_cross",
              "cost_optimized": "true",
              "environment": "dev",
              "managed_by": "test-elvenwork-project",
              "shared": "true",
              "squad": "sre",
              "terraform": "true",
              "tribe": "tech_cross"
            },
            "unique_id": "AROA3QIDKUH2GQRDT3I3L"
          },
          "sensitive_attributes": [],
          "private": "bnVsbA==",
          "dependencies": [
            "module.eks.aws_cloudwatch_log_group.this",
            "module.eks.aws_eks_cluster.this",
            "module.eks.aws_iam_openid_connect_provider.oidc_provider",
            "module.eks.aws_iam_policy.cni_ipv6_policy",
            "module.eks.aws_iam_role.this",
            "module.eks.aws_iam_role_policy_attachment.this",
            "module.eks.aws_security_group.cluster",
            "module.eks.aws_security_group.node",
            "module.eks.aws_security_group_rule.cluster",
            "module.eks.aws_security_group_rule.node",
            "module.eks.data.aws_caller_identity.current",
            "module.eks.data.aws_iam_policy_document.assume_role_policy",
            "module.eks.data.aws_iam_policy_document.cni_ipv6_policy",
            "module.eks.data.aws_iam_session_context.current",
            "module.eks.data.aws_partition.current",
            "module.eks.data.tls_certificate.this",
            "module.eks.module.kms.aws_kms_external_key.this",
            "module.eks.module.kms.aws_kms_key.this",
            "module.eks.module.kms.data.aws_caller_identity.current",
            "module.eks.module.kms.data.aws_iam_policy_document.this",
            "module.eks.module.kms.data.aws_partition.current",
            "module.external_dns_irsa_role.data.aws_caller_identity.current",
            "module.external_dns_irsa_role.data.aws_iam_policy_document.this",
            "module.external_dns_irsa_role.data.aws_partition.current"
          ]
        }
      ]
    },
    {
      "module": "module.external_dns_irsa_role",
      "mode": "managed",
      "type": "aws_iam_role_policy_attachment",
      "name": "external_dns",
      "provider": "provider[\"registry.terraform.io/hashicorp/aws\"]",
      "instances": [
        {
          "index_key": 0,
          "schema_version": 0,
          "attributes": {
            "id": "external-dns-20231028203504508600000003",
            "policy_arn": "arn:aws:iam::790817841652:policy/AmazonEKS_External_DNS_Policy-20231028203502849000000002",
            "role": "external-dns"
          },
          "sensitive_attributes": [],
          "private": "bnVsbA==",
          "dependencies": [
            "module.eks.aws_cloudwatch_log_group.this",
            "module.eks.aws_eks_cluster.this",
            "module.eks.aws_iam_openid_connect_provider.oidc_provider",
            "module.eks.aws_iam_policy.cni_ipv6_policy",
            "module.eks.aws_iam_role.this",
            "module.eks.aws_iam_role_policy_attachment.this",
            "module.eks.aws_security_group.cluster",
            "module.eks.aws_security_group.node",
            "module.eks.aws_security_group_rule.cluster",
            "module.eks.aws_security_group_rule.node",
            "module.eks.data.aws_caller_identity.current",
            "module.eks.data.aws_iam_policy_document.assume_role_policy",
            "module.eks.data.aws_iam_policy_document.cni_ipv6_policy",
            "module.eks.data.aws_iam_session_context.current",
            "module.eks.data.aws_partition.current",
            "module.eks.data.tls_certificate.this",
            "module.eks.module.kms.aws_kms_external_key.this",
            "module.eks.module.kms.aws_kms_key.this",
            "module.eks.module.kms.data.aws_caller_identity.current",
            "module.eks.module.kms.data.aws_iam_policy_document.this",
            "module.eks.module.kms.data.aws_partition.current",
            "module.external_dns_irsa_role.aws_iam_policy.external_dns",
            "module.external_dns_irsa_role.aws_iam_role.this",
            "module.external_dns_irsa_role.data.aws_caller_identity.current",
            "module.external_dns_irsa_role.data.aws_iam_policy_document.external_dns",
            "module.external_dns_irsa_role.data.aws_iam_policy_document.this",
            "module.external_dns_irsa_role.data.aws_partition.current"
          ]
        }
      ]
    },
    {
      "module": "module.key_pair",
      "mode": "managed",
      "type": "aws_key_pair",
      "name": "this",
      "provider": "provider[\"registry.terraform.io/hashicorp/aws\"]",
      "instances": [
        {
          "index_key": 0,
          "schema_version": 1,
          "attributes": {
            "arn": "arn:aws:ec2:sa-east-1:790817841652:key-pair/elven-cluster20231028183806128500000004",
            "fingerprint": "58:13:d2:63:e3:67:b7:df:9d:5f:03:71:0d:a2:09:08",
            "id": "elven-cluster20231028183806128500000004",
            "key_name": "elven-cluster20231028183806128500000004",
            "key_name_prefix": "elven-cluster",
            "key_pair_id": "key-09d682ba4874825b9",
            "key_type": "rsa",
            "public_key": "ssh-rsa AAAAB3NzaC1yc2EAAAADAQABAAACAQCfeEjBdHsaY6+5ja5IS8jh7FDxUwZTmaLGdWP/c4kchDO6fzb2rL71arwWqiPoZfA/WfRSI1M5otrbO+mn7ZuFpBxlqcnLw8hLbeoLSdn5FzirqCyHHZvmEznjg3gQBDxOd6Fl2dRhSzvmtI4IA2TYwK0eyxpnbiRDC1QdN7srT+ThENJR5QoKKSiMKfscq7nZ/KCF8l+sF18gtD2UViNBBsO3JxHPD8YfSc52IxaZfSmyvf9gixTzr84QOpW6QhdEAC5qjPxmp7i1okvGRbCWS1b/hvky8xNBxln+m4O0VI2q7sZMdKztMOq8ZGQ+4ohoGE25eUu3BP47RnWQ3uG9m8ns82arYAIofdJKwPBCV666xdBtcUy9vQaM5T47hf8SQv8vq7nxOaGqpLki7E703u43qXlLHMzj4voIchjDj1nPNartiKTvZFA2sny7tcV+wPM7Rn8Otezu1GGADScGSZkWZsaYzBZ10+YsPxSg/qMCg34tTwQWA7genTSxcCIGE5RiOZ7wSHC+4rA+F0Ic8Qv5vSvNj162Ro3vUShsv5rfcMEitPNBR3nsnSgX0DSJuwMAdHIMU2rg2A/OqY36K9mKDWlgAasOSdxv9qt0vjYvrqi8ZM+5uviwldCYkVTnQ2RyEGAxAga0kpOxNpfO3tK24F3wLXgknEISL4pxsQ==",
            "tags": {},
            "tags_all": {}
          },
          "sensitive_attributes": [],
          "private": "eyJzY2hlbWFfdmVyc2lvbiI6IjEifQ==",
          "dependencies": [
            "module.key_pair.tls_private_key.this"
          ]
        }
      ]
    },
    {
      "module": "module.key_pair",
      "mode": "managed",
      "type": "tls_private_key",
      "name": "this",
      "provider": "provider[\"registry.terraform.io/hashicorp/tls\"]",
      "instances": [
        {
          "index_key": 0,
          "schema_version": 1,
          "attributes": {
            "algorithm": "RSA",
            "ecdsa_curve": "P224",
            "id": "86c84f0ee98bcf8587916fb20be1fe197888179a",
            "private_key_openssh": "-----BEGIN OPENSSH PRIVATE KEY-----\nb3BlbnNzaC1rZXktdjEAAAAABG5vbmUAAAAEbm9uZQAAAAAAAAABAAACFwAAAAdz\nc2gtcnNhAAAAAwEAAQAAAgEAn3hIwXR7GmOvuY2uSEvI4exQ8VMGU5mixnVj/3OJ\nHIQzun829qy+9Wq8Fqoj6GXwP1n0UiNTOaLa2zvpp+2bhaQcZanJy8PIS23qC0nZ\n+Rc4q6gshx2b5hM544N4EAQ8TnehZdnUYUs75rSOCANk2MCtHssaZ24kQwtUHTe7\nK0/k4RDSUeUKCikojCn7HKu52fyghfJfrBdfILQ9lFYjQQbDtycRzw/GH0nOdiMW\nmX0psr3/YIsU86/OEDqVukIXRAAuaoz8Zqe4taJLxkWwlktW/4b5MvMTQcZZ/puD\ntFSNqu7GTHSs7TDqvGRkPuKIaBhNuXlLtwT+O0Z1kN7hvZvJ7PNmq2ACKH3SSsDw\nQleuusXQbXFMvb0GjOU+O4X/EkL/L6u58TmhqqS5IuxO9N7uN6l5SxzM4+L6CHIY\nw49ZzzWq7Yik72RQNrJ8u7XFfsDzO0Z/DrXs7tRhgA0nBkmZFmbGmMwWddPmLD8U\noP6jAoN+LU8EFgO4Hp00sXAiBhOUYjme8EhwvuKwPhdCHPEL+b0rzY9etkaN71Eo\nbL+a33DBIrTzQUd57J0oF9A0ibsDAHRyDFNq4NgPzqmN+ivZig1pYAGrDkncb/ar\ndL42L66ovGTPubr4sJXQmJFU50NkchBgMQIGtJKTsTaXzt7StuBd8C14JJxCEi+K\ncbEAAAc42lf0FNpX9BQAAAAHc3NoLXJzYQAAAgEAn3hIwXR7GmOvuY2uSEvI4exQ\n8VMGU5mixnVj/3OJHIQzun829qy+9Wq8Fqoj6GXwP1n0UiNTOaLa2zvpp+2bhaQc\nZanJy8PIS23qC0nZ+Rc4q6gshx2b5hM544N4EAQ8TnehZdnUYUs75rSOCANk2MCt\nHssaZ24kQwtUHTe7K0/k4RDSUeUKCikojCn7HKu52fyghfJfrBdfILQ9lFYjQQbD\ntycRzw/GH0nOdiMWmX0psr3/YIsU86/OEDqVukIXRAAuaoz8Zqe4taJLxkWwlktW\n/4b5MvMTQcZZ/puDtFSNqu7GTHSs7TDqvGRkPuKIaBhNuXlLtwT+O0Z1kN7hvZvJ\n7PNmq2ACKH3SSsDwQleuusXQbXFMvb0GjOU+O4X/EkL/L6u58TmhqqS5IuxO9N7u\nN6l5SxzM4+L6CHIYw49ZzzWq7Yik72RQNrJ8u7XFfsDzO0Z/DrXs7tRhgA0nBkmZ\nFmbGmMwWddPmLD8UoP6jAoN+LU8EFgO4Hp00sXAiBhOUYjme8EhwvuKwPhdCHPEL\n+b0rzY9etkaN71EobL+a33DBIrTzQUd57J0oF9A0ibsDAHRyDFNq4NgPzqmN+ivZ\nig1pYAGrDkncb/ardL42L66ovGTPubr4sJXQmJFU50NkchBgMQIGtJKTsTaXzt7S\ntuBd8C14JJxCEi+KcbEAAAADAQABAAACAQCBr79zXDf0yRcSTo9qif8vBBD7gKqH\neE0xGiydhSb/QuASjfxz9R5C1W9q+yjCiYws6QnRdprrJ27Wlc26XHh64XCamM7c\nYDbWaOfKEGAsu17B8r1rkH/FRuNwC+2rENa+dXmTK+gUy6tGPpW3HJN51o+zmDa7\n4I2q3F6meDlFyu52vkhcg2h7xOcNveJSebFl/pXI+MgnWsZpAUuHA9odutOVcjeA\nbfKQZWR7HKP3ZRtxGiTCLbl3SATLm+lCFRd4nLEiw89L6KBFTlxTPT+Tqmdw3SJx\n9c42UonDjlM4Zv7jANXRPZ2YM4zicr43ieCmzwT+jg8uIuhh6jYX/7oSQNVDstR1\n5vMDCYQsNtLnZdwn2+5CYgD8KJ0DievbpkH4pGPkw99I+OSgpHHK6f9BSHf+H2lz\n7Q6ggU61YOZ9k8lc6wqFMvg94atQFf6UGyNvsM5eEPuAjagwd1YmK7jvz5XOyGs5\ns+YpNyEwGQDhj+vDe1B44BZ+1cH0P/cNux4E1B6dlfJEyZQfGM8UMuv2ms5Mlw9m\nMe/dEDQIdv60CVH4Lipa7HnMqESKN4cEuP8+gamQyrXkGFm2rLGC8eAU45VY+kbZ\nggq7oEhM91s4RLXw8O6F2MpH3sSsXYCQjmk+3KQJ4uQHc3uTLaMpO9bRgbHaNI0a\nGtQ3VTE5aH5QcQAAAQAb7JmHXjxXqg9rBrCberaiUxLxgccz5D7gXwiz/byvWUsa\nKfLcjSKGHE9KKNKWp8IRCbRBGbP3Fpvvfgmkh4f3Q1Cdz9dWCsXx9Jqhz1VoMl++\nDR46As2hitoWk0IHuUIPuMh82H49CofyaPk0HqNOoSVudUKHE6OrR1QW8PROInle\n6jwz2QXt15OVD5uutZSqow0p/GrVHFIc5al+zTb/3GhTf3JbHkr3p0gaoaWRDTsi\nDnDIQP8diWOTNrdU+xuTPMllNe/C9QqqzH9G6vhutessbcIyQqTbJtJrEFe6BSeb\nZh/X53zweL2OOP46FeLrGJR5SORS/BmNifuf4C/fAAABAQDTWMBgM5r8/AbLsKvO\ngY2dcNTIIFSYvNTU8uL34brb5C5zlya4sBDIQ8VfdGhXL69dYhFv3ezSpmzzJb1f\nZWllCGvzJpu369C12TS7GrR56Z631Br8T89rYugcJ8XnELly0coB1JcvXd/qMho8\nHAuMsUqWwCuS2Gjuhg2VojBq9yfbrvcRlm4LZAA+1CoB1JNWReqnHBiU3z5qaLJL\nF2gB7AuDTI8TqhouSb1LpAUmBKS82m6bHUtQPTH2Z9zi+E0RMaWwkgjvJXWLqjhR\nI68K22W8yc1FgRQOolgGAPWoXvv9VktaYRMS+UFs59XQBek1wR0tAJSHjDU/qWfs\ntVQtAAABAQDBKaLtWyr2GvkcReWAlbAxwRANhNZX55ypTVEU1S1hRlwniMS9Pd92\nTTnE91dy42+QmEPfqbHiIzXH3+d+VTwOm65t2ZJb/ewx2kcwiyEeuXSpgKg9a2ad\nYyIxG0MpqQSyNU5VcLnDpbysha3kKvGAMacjEAlBGDavi4DfyQqzSsWJ2PNhGMiU\nDUjCLVXa2yLUf/Z/GqqyqO9SYeGbkUjygmA+sgKWH9CsPBITZhvgnPXBtX2hck82\nTi6UTaFX022dt37EAbX4m2e0zl2h7VCz7Nuns4copOfsq3HjeY1FePwPx14fLw6G\n+aDZabY38b1s/hSTdboF7Yncnr4+ePIVAAAAAAEC\n-----END OPENSSH PRIVATE KEY-----\n",
            "private_key_pem": "-----BEGIN RSA PRIVATE KEY-----\nMIIJKQIBAAKCAgEAn3hIwXR7GmOvuY2uSEvI4exQ8VMGU5mixnVj/3OJHIQzun82\n9qy+9Wq8Fqoj6GXwP1n0UiNTOaLa2zvpp+2bhaQcZanJy8PIS23qC0nZ+Rc4q6gs\nhx2b5hM544N4EAQ8TnehZdnUYUs75rSOCANk2MCtHssaZ24kQwtUHTe7K0/k4RDS\nUeUKCikojCn7HKu52fyghfJfrBdfILQ9lFYjQQbDtycRzw/GH0nOdiMWmX0psr3/\nYIsU86/OEDqVukIXRAAuaoz8Zqe4taJLxkWwlktW/4b5MvMTQcZZ/puDtFSNqu7G\nTHSs7TDqvGRkPuKIaBhNuXlLtwT+O0Z1kN7hvZvJ7PNmq2ACKH3SSsDwQleuusXQ\nbXFMvb0GjOU+O4X/EkL/L6u58TmhqqS5IuxO9N7uN6l5SxzM4+L6CHIYw49ZzzWq\n7Yik72RQNrJ8u7XFfsDzO0Z/DrXs7tRhgA0nBkmZFmbGmMwWddPmLD8UoP6jAoN+\nLU8EFgO4Hp00sXAiBhOUYjme8EhwvuKwPhdCHPEL+b0rzY9etkaN71EobL+a33DB\nIrTzQUd57J0oF9A0ibsDAHRyDFNq4NgPzqmN+ivZig1pYAGrDkncb/ardL42L66o\nvGTPubr4sJXQmJFU50NkchBgMQIGtJKTsTaXzt7StuBd8C14JJxCEi+KcbECAwEA\nAQKCAgEAga+/c1w39MkXEk6Paon/LwQQ+4Cqh3hNMRosnYUm/0LgEo38c/UeQtVv\navsowomMLOkJ0Xaa6ydu1pXNulx4euFwmpjO3GA21mjnyhBgLLtewfK9a5B/xUbj\ncAvtqxDWvnV5kyvoFMurRj6VtxyTedaPs5g2u+CNqtxepng5Rcrudr5IXINoe8Tn\nDb3iUnmxZf6VyPjIJ1rGaQFLhwPaHbrTlXI3gG3ykGVkexyj92UbcRokwi25d0gE\ny5vpQhUXeJyxIsPPS+igRU5cUz0/k6pncN0icfXONlKJw45TOGb+4wDV0T2dmDOM\n4nK+N4ngps8E/o4PLiLoYeo2F/+6EkDVQ7LUdebzAwmELDbS52XcJ9vuQmIA/Cid\nA4nr26ZB+KRj5MPfSPjkoKRxyun/QUh3/h9pc+0OoIFOtWDmfZPJXOsKhTL4PeGr\nUBX+lBsjb7DOXhD7gI2oMHdWJiu478+VzshrObPmKTchMBkA4Y/rw3tQeOAWftXB\n9D/3DbseBNQenZXyRMmUHxjPFDLr9prOTJcPZjHv3RA0CHb+tAlR+C4qWux5zKhE\nijeHBLj/PoGpkMq15BhZtqyxgvHgFOOVWPpG2YIKu6BITPdbOES18PDuhdjKR97E\nrF2AkI5pPtykCeLkB3N7ky2jKTvW0YGx2jSNGhrUN1UxOWh+UHECggEBANNYwGAz\nmvz8Bsuwq86BjZ1w1MggVJi81NTy4vfhutvkLnOXJriwEMhDxV90aFcvr11iEW/d\n7NKmbPMlvV9laWUIa/Mmm7fr0LXZNLsatHnpnrfUGvxPz2ti6BwnxecQuXLRygHU\nly9d3+oyGjwcC4yxSpbAK5LYaO6GDZWiMGr3J9uu9xGWbgtkAD7UKgHUk1ZF6qcc\nGJTfPmposksXaAHsC4NMjxOqGi5JvUukBSYEpLzabpsdS1A9MfZn3OL4TRExpbCS\nCO8ldYuqOFEjrwrbZbzJzUWBFA6iWAYA9ahe+/1WS1phExL5QWzn1dAF6TXBHS0A\nlIeMNT+pZ+y1VC0CggEBAMEpou1bKvYa+RxF5YCVsDHBEA2E1lfnnKlNURTVLWFG\nXCeIxL0933ZNOcT3V3Ljb5CYQ9+pseIjNcff535VPA6brm3Zklv97DHaRzCLIR65\ndKmAqD1rZp1jIjEbQympBLI1TlVwucOlvKyFreQq8YAxpyMQCUEYNq+LgN/JCrNK\nxYnY82EYyJQNSMItVdrbItR/9n8aqrKo71Jh4ZuRSPKCYD6yApYf0Kw8EhNmG+Cc\n9cG1faFyTzZOLpRNoVfTbZ23fsQBtfibZ7TOXaHtULPs26ezhyik5+yrceN5jUV4\n/A/HXh8vDob5oNlptjfxvWz+FJN1ugXtidyevj548hUCggEBAMI3X+nH4piy/Ye3\nXdrSgRH6ev9BfpwxgyAB6ANFI5MouGsurr2vxmxSoxEaBzx/rJaTJVT4ysW1fI9g\n0grVRao7t//lLdoxUUWbSfLbEpip0Fo8B2Rv7ztO09/zyNCTNOhH02wlMZ2slbVA\nv40XdKGg1tt7008Jojv3YopsVjQl1jHyMkeuRogfKH6UN9ogwBja/Uz967T7Bf+B\nIL8Szlhd0yKgeybl/VMmHldhbf3G7KBD1rqii/A7nCtEvN6ysReo2QtO1/j0InXr\nQf+GXDgM8AwyInnJqWXdWCiEPzuvtb/TykFOzdl0xuPOlFSq6emlAiu1ychaVyCe\ni8shwy0CggEAZKWxQ0PRqtJ7IoQ5BTr5x7L1DlY86SjBtGWY7eX1802aDu9ws7pd\niWLLyxml8zMWmpz8ILpm+ZGnIDJGiMkYtfPge1R2soAoZgF6Po0AAOZZJ0jmYLpp\niXByDGxMHpT24XRtEI/f+1WMbchpxw2pMEau89ITQFvBgs6JpBE5BhrbuuvURK+J\nM7uIQcUlixfLmjXi1m+qqdTkfmSKDWkyPUo5o/FU76w8KsJSGNGHjQ277+cFQu4w\n3/b0xkl83CpKX3eREchibNtsugUdPJZPCrFL8qHUtxTV07exa/mV5rEXhZE4Nb9r\nLmE7so0maRgIv5XUWtFo0FXpE4+TSTHz0QKCAQAb7JmHXjxXqg9rBrCberaiUxLx\ngccz5D7gXwiz/byvWUsaKfLcjSKGHE9KKNKWp8IRCbRBGbP3Fpvvfgmkh4f3Q1Cd\nz9dWCsXx9Jqhz1VoMl++DR46As2hitoWk0IHuUIPuMh82H49CofyaPk0HqNOoSVu\ndUKHE6OrR1QW8PROInle6jwz2QXt15OVD5uutZSqow0p/GrVHFIc5al+zTb/3GhT\nf3JbHkr3p0gaoaWRDTsiDnDIQP8diWOTNrdU+xuTPMllNe/C9QqqzH9G6vhutess\nbcIyQqTbJtJrEFe6BSebZh/X53zweL2OOP46FeLrGJR5SORS/BmNifuf4C/f\n-----END RSA PRIVATE KEY-----\n",
            "private_key_pem_pkcs8": "-----BEGIN PRIVATE KEY-----\nMIIJQwIBADANBgkqhkiG9w0BAQEFAASCCS0wggkpAgEAAoICAQCfeEjBdHsaY6+5\nja5IS8jh7FDxUwZTmaLGdWP/c4kchDO6fzb2rL71arwWqiPoZfA/WfRSI1M5otrb\nO+mn7ZuFpBxlqcnLw8hLbeoLSdn5FzirqCyHHZvmEznjg3gQBDxOd6Fl2dRhSzvm\ntI4IA2TYwK0eyxpnbiRDC1QdN7srT+ThENJR5QoKKSiMKfscq7nZ/KCF8l+sF18g\ntD2UViNBBsO3JxHPD8YfSc52IxaZfSmyvf9gixTzr84QOpW6QhdEAC5qjPxmp7i1\nokvGRbCWS1b/hvky8xNBxln+m4O0VI2q7sZMdKztMOq8ZGQ+4ohoGE25eUu3BP47\nRnWQ3uG9m8ns82arYAIofdJKwPBCV666xdBtcUy9vQaM5T47hf8SQv8vq7nxOaGq\npLki7E703u43qXlLHMzj4voIchjDj1nPNartiKTvZFA2sny7tcV+wPM7Rn8Otezu\n1GGADScGSZkWZsaYzBZ10+YsPxSg/qMCg34tTwQWA7genTSxcCIGE5RiOZ7wSHC+\n4rA+F0Ic8Qv5vSvNj162Ro3vUShsv5rfcMEitPNBR3nsnSgX0DSJuwMAdHIMU2rg\n2A/OqY36K9mKDWlgAasOSdxv9qt0vjYvrqi8ZM+5uviwldCYkVTnQ2RyEGAxAga0\nkpOxNpfO3tK24F3wLXgknEISL4pxsQIDAQABAoICAQCBr79zXDf0yRcSTo9qif8v\nBBD7gKqHeE0xGiydhSb/QuASjfxz9R5C1W9q+yjCiYws6QnRdprrJ27Wlc26XHh6\n4XCamM7cYDbWaOfKEGAsu17B8r1rkH/FRuNwC+2rENa+dXmTK+gUy6tGPpW3HJN5\n1o+zmDa74I2q3F6meDlFyu52vkhcg2h7xOcNveJSebFl/pXI+MgnWsZpAUuHA9od\nutOVcjeAbfKQZWR7HKP3ZRtxGiTCLbl3SATLm+lCFRd4nLEiw89L6KBFTlxTPT+T\nqmdw3SJx9c42UonDjlM4Zv7jANXRPZ2YM4zicr43ieCmzwT+jg8uIuhh6jYX/7oS\nQNVDstR15vMDCYQsNtLnZdwn2+5CYgD8KJ0DievbpkH4pGPkw99I+OSgpHHK6f9B\nSHf+H2lz7Q6ggU61YOZ9k8lc6wqFMvg94atQFf6UGyNvsM5eEPuAjagwd1YmK7jv\nz5XOyGs5s+YpNyEwGQDhj+vDe1B44BZ+1cH0P/cNux4E1B6dlfJEyZQfGM8UMuv2\nms5Mlw9mMe/dEDQIdv60CVH4Lipa7HnMqESKN4cEuP8+gamQyrXkGFm2rLGC8eAU\n45VY+kbZggq7oEhM91s4RLXw8O6F2MpH3sSsXYCQjmk+3KQJ4uQHc3uTLaMpO9bR\ngbHaNI0aGtQ3VTE5aH5QcQKCAQEA01jAYDOa/PwGy7CrzoGNnXDUyCBUmLzU1PLi\n9+G62+Quc5cmuLAQyEPFX3RoVy+vXWIRb93s0qZs8yW9X2VpZQhr8yabt+vQtdk0\nuxq0eemet9Qa/E/Pa2LoHCfF5xC5ctHKAdSXL13f6jIaPBwLjLFKlsArktho7oYN\nlaIwavcn2673EZZuC2QAPtQqAdSTVkXqpxwYlN8+amiySxdoAewLg0yPE6oaLkm9\nS6QFJgSkvNpumx1LUD0x9mfc4vhNETGlsJII7yV1i6o4USOvCttlvMnNRYEUDqJY\nBgD1qF77/VZLWmETEvlBbOfV0AXpNcEdLQCUh4w1P6ln7LVULQKCAQEAwSmi7Vsq\n9hr5HEXlgJWwMcEQDYTWV+ecqU1RFNUtYUZcJ4jEvT3fdk05xPdXcuNvkJhD36mx\n4iM1x9/nflU8DpuubdmSW/3sMdpHMIshHrl0qYCoPWtmnWMiMRtDKakEsjVOVXC5\nw6W8rIWt5CrxgDGnIxAJQRg2r4uA38kKs0rFidjzYRjIlA1Iwi1V2tsi1H/2fxqq\nsqjvUmHhm5FI8oJgPrIClh/QrDwSE2Yb4Jz1wbV9oXJPNk4ulE2hV9Ntnbd+xAG1\n+JtntM5doe1Qs+zbp7OHKKTn7Ktx43mNRXj8D8deHy8Ohvmg2Wm2N/G9bP4Uk3W6\nBe2J3J6+PnjyFQKCAQEAwjdf6cfimLL9h7dd2tKBEfp6/0F+nDGDIAHoA0Ujkyi4\nay6uva/GbFKjERoHPH+slpMlVPjKxbV8j2DSCtVFqju3/+Ut2jFRRZtJ8tsSmKnQ\nWjwHZG/vO07T3/PI0JM06EfTbCUxnayVtUC/jRd0oaDW23vTTwmiO/diimxWNCXW\nMfIyR65GiB8ofpQ32iDAGNr9TP3rtPsF/4EgvxLOWF3TIqB7JuX9UyYeV2Ft/cbs\noEPWuqKL8DucK0S83rKxF6jZC07X+PQidetB/4ZcOAzwDDIiecmpZd1YKIQ/O6+1\nv9PKQU7N2XTG486UVKrp6aUCK7XJyFpXIJ6LyyHDLQKCAQBkpbFDQ9Gq0nsihDkF\nOvnHsvUOVjzpKMG0ZZjt5fXzTZoO73Czul2JYsvLGaXzMxaanPwgumb5kacgMkaI\nyRi18+B7VHaygChmAXo+jQAA5lknSOZgummJcHIMbEwelPbhdG0Qj9/7VYxtyGnH\nDakwRq7z0hNAW8GCzomkETkGGtu669REr4kzu4hBxSWLF8uaNeLWb6qp1OR+ZIoN\naTI9Sjmj8VTvrDwqwlIY0YeNDbvv5wVC7jDf9vTGSXzcKkpfd5ERyGJs22y6BR08\nlk8KsUvyodS3FNXTt7Fr+ZXmsReFkTg1v2suYTuyjSZpGAi/ldRa0WjQVekTj5NJ\nMfPRAoIBABvsmYdePFeqD2sGsJt6tqJTEvGBxzPkPuBfCLP9vK9ZSxop8tyNIoYc\nT0oo0panwhEJtEEZs/cWm+9+CaSHh/dDUJ3P11YKxfH0mqHPVWgyX74NHjoCzaGK\n2haTQge5Qg+4yHzYfj0Kh/Jo+TQeo06hJW51QocTo6tHVBbw9E4ieV7qPDPZBe3X\nk5UPm661lKqjDSn8atUcUhzlqX7NNv/caFN/clseSvenSBqhpZENOyIOcMhA/x2J\nY5M2t1T7G5M8yWU178L1CqrMf0bq+G616yxtwjJCpNsm0msQV7oFJ5tmH9fnfPB4\nvY44/joV4usYlHlI5FL8GY2J+5/gL98=\n-----END PRIVATE KEY-----\n",
            "public_key_fingerprint_md5": "08:03:79:1e:f0:91:90:68:05:40:86:de:04:e0:f5:4e",
            "public_key_fingerprint_sha256": "SHA256:GrpMdZrOzvTutuW4gzuFWtQaY+tOO5YpVTlE8IL1of0",
            "public_key_openssh": "ssh-rsa AAAAB3NzaC1yc2EAAAADAQABAAACAQCfeEjBdHsaY6+5ja5IS8jh7FDxUwZTmaLGdWP/c4kchDO6fzb2rL71arwWqiPoZfA/WfRSI1M5otrbO+mn7ZuFpBxlqcnLw8hLbeoLSdn5FzirqCyHHZvmEznjg3gQBDxOd6Fl2dRhSzvmtI4IA2TYwK0eyxpnbiRDC1QdN7srT+ThENJR5QoKKSiMKfscq7nZ/KCF8l+sF18gtD2UViNBBsO3JxHPD8YfSc52IxaZfSmyvf9gixTzr84QOpW6QhdEAC5qjPxmp7i1okvGRbCWS1b/hvky8xNBxln+m4O0VI2q7sZMdKztMOq8ZGQ+4ohoGE25eUu3BP47RnWQ3uG9m8ns82arYAIofdJKwPBCV666xdBtcUy9vQaM5T47hf8SQv8vq7nxOaGqpLki7E703u43qXlLHMzj4voIchjDj1nPNartiKTvZFA2sny7tcV+wPM7Rn8Otezu1GGADScGSZkWZsaYzBZ10+YsPxSg/qMCg34tTwQWA7genTSxcCIGE5RiOZ7wSHC+4rA+F0Ic8Qv5vSvNj162Ro3vUShsv5rfcMEitPNBR3nsnSgX0DSJuwMAdHIMU2rg2A/OqY36K9mKDWlgAasOSdxv9qt0vjYvrqi8ZM+5uviwldCYkVTnQ2RyEGAxAga0kpOxNpfO3tK24F3wLXgknEISL4pxsQ==\n",
            "public_key_pem": "-----BEGIN PUBLIC KEY-----\nMIICIjANBgkqhkiG9w0BAQEFAAOCAg8AMIICCgKCAgEAn3hIwXR7GmOvuY2uSEvI\n4exQ8VMGU5mixnVj/3OJHIQzun829qy+9Wq8Fqoj6GXwP1n0UiNTOaLa2zvpp+2b\nhaQcZanJy8PIS23qC0nZ+Rc4q6gshx2b5hM544N4EAQ8TnehZdnUYUs75rSOCANk\n2MCtHssaZ24kQwtUHTe7K0/k4RDSUeUKCikojCn7HKu52fyghfJfrBdfILQ9lFYj\nQQbDtycRzw/GH0nOdiMWmX0psr3/YIsU86/OEDqVukIXRAAuaoz8Zqe4taJLxkWw\nlktW/4b5MvMTQcZZ/puDtFSNqu7GTHSs7TDqvGRkPuKIaBhNuXlLtwT+O0Z1kN7h\nvZvJ7PNmq2ACKH3SSsDwQleuusXQbXFMvb0GjOU+O4X/EkL/L6u58TmhqqS5IuxO\n9N7uN6l5SxzM4+L6CHIYw49ZzzWq7Yik72RQNrJ8u7XFfsDzO0Z/DrXs7tRhgA0n\nBkmZFmbGmMwWddPmLD8UoP6jAoN+LU8EFgO4Hp00sXAiBhOUYjme8EhwvuKwPhdC\nHPEL+b0rzY9etkaN71EobL+a33DBIrTzQUd57J0oF9A0ibsDAHRyDFNq4NgPzqmN\n+ivZig1pYAGrDkncb/ardL42L66ovGTPubr4sJXQmJFU50NkchBgMQIGtJKTsTaX\nzt7StuBd8C14JJxCEi+KcbECAwEAAQ==\n-----END PUBLIC KEY-----\n",
            "rsa_bits": 4096
          },
          "sensitive_attributes": []
        }
      ]
    },
    {
      "module": "module.tags",
      "mode": "data",
      "type": "aws_region",
      "name": "current",
      "provider": "provider[\"registry.terraform.io/hashicorp/aws\"]",
      "instances": [
        {
          "schema_version": 0,
          "attributes": {
            "description": "South America (Sao Paulo)",
            "endpoint": "ec2.sa-east-1.amazonaws.com",
            "id": "sa-east-1",
            "name": "sa-east-1"
          },
          "sensitive_attributes": []
        }
      ]
    }
  ],
  "check_results": null
}
